
Microsoft Visual Studio Solution File, Format Version 12.00
# Visual Studio Version 16
VisualStudioVersion = 16.0.30104.148
MinimumVisualStudioVersion = 10.0.40219.1
Project("{8BC9CEB8-8B4A-11D0-8D11-00A0C91BC942}") = "Day006", "Day006\Day006.vcxproj", "{24837A21-C4E2-4126-8AB0-4153B9278087}"
EndProject
Project("{8BC9CEB8-8B4A-11D0-8D11-00A0C91BC942}") = "struct_1", "struct_1.c\struct_1.c.vcxproj", "{4C285DD9-AA29-4FEC-9E83-C5C215BBF1B2}"
EndProject
Project("{8BC9CEB8-8B4A-11D0-8D11-00A0C91BC942}") = "struct_2", "struct_2\struct_2.vcxproj", "{8930BB34-0CCE-4A71-BA9B-787C4C2113DF}"
EndProject
Project("{8BC9CEB8-8B4A-11D0-8D11-00A0C91BC942}") = "struct_3", "struct_3\struct_3.vcxproj", "{1FE6008A-F282-4FAF-B03C-5F53DBBE6728}"
EndProject
Project("{8BC9CEB8-8B4A-11D0-8D11-00A0C91BC942}") = "Score", "Score\Score.vcxproj", "{738FAFB0-CF7C-4AC0-A2C3-53729C06FA42}"
EndProject
Project("{8BC9CEB8-8B4A-11D0-8D11-00A0C91BC942}") = "struct_4", "struct_4\struct_4.vcxproj", "{A1BED1F7-DEDE-46F3-A0A9-EEF629819298}"
EndProject
Project("{8BC9CEB8-8B4A-11D0-8D11-00A0C91BC942}") = "struct_5", "struct_5\struct_5.vcxproj", "{FBB532D6-7EDD-4AAC-A07C-F30BB44438F0}"
EndProject
Project("{8BC9CEB8-8B4A-11D0-8D11-00A0C91BC942}") = "struct_6", "struct_6\struct_6.vcxproj", "{8DED22F2-53EC-4EE3-80E5-6D90199E8E95}"
EndProject
Project("{8BC9CEB8-8B4A-11D0-8D11-00A0C91BC942}") = "Banking System", "Banking System\Banking System.vcxproj", "{E5EBD71E-6627-4B83-8AEF-DAB984B7C225}"
EndProject
Project("{8BC9CEB8-8B4A-11D0-8D11-00A0C91BC942}") = "struct_7", "struct_7\struct_7.vcxproj", "{B5DF5484-1D1C-41AD-9F65-1A877AE12957}"
EndProject
Project("{8BC9CEB8-8B4A-11D0-8D11-00A0C91BC942}") = "Project1", "Project1\Project1.vcxproj", "{96D70082-1F2D-4667-9A41-27B95BC13D99}"
EndProject
Project("{8BC9CEB8-8B4A-11D0-8D11-00A0C91BC942}") = "Project2", "Project2\Project2.vcxproj", "{8FB573BE-7BB6-441B-BB6E-6F267FCCFD92}"
EndProject
Project("{8BC9CEB8-8B4A-11D0-8D11-00A0C91BC942}") = "Project3", "Project3\Project3.vcxproj", "{A64D903A-DF70-4492-B6B1-2D0F2BD27847}"
EndProject
Project("{8BC9CEB8-8B4A-11D0-8D11-00A0C91BC942}") = "Project4", "Project4\Project4.vcxproj", "{AD52761C-E09C-46FE-BFA8-9016BD162A87}"
EndProject
Project("{8BC9CEB8-8B4A-11D0-8D11-00A0C91BC942}") = "Project5", "Project5\Project5.vcxproj", "{CD094ABF-C168-4C4D-8EEA-C374CB09CA6A}"
EndProject
Project("{8BC9CEB8-8B4A-11D0-8D11-00A0C91BC942}") = "Project6", "Project6\Project6.vcxproj", "{16BE58AF-01DE-4604-93B2-50B4F94F3C05}"
EndProject
Project("{8BC9CEB8-8B4A-11D0-8D11-00A0C91BC942}") = "Project7", "Project7\Project7.vcxproj", "{4B891AA8-F9E7-453B-BD48-F87B681598C4}"
EndProject
Project("{8BC9CEB8-8B4A-11D0-8D11-00A0C91BC942}") = "Project8", "Project8\Project8.vcxproj", "{F3E4E46C-B5E0-408D-A095-2364734B9FF0}"
EndProject
Project("{8BC9CEB8-8B4A-11D0-8D11-00A0C91BC942}") = "Project9", "Project9\Project9.vcxproj", "{F11D4578-3DC3-4DF7-886C-BF83BE64CD7C}"
EndProject
Project("{8BC9CEB8-8B4A-11D0-8D11-00A0C91BC942}") = "Employee", "Employee\Employee.vcxproj", "{20976764-44D1-4C24-9536-6FDC43F92256}"
EndProject
Project("{8BC9CEB8-8B4A-11D0-8D11-00A0C91BC942}") = "File_1", "File_1\File_1.vcxproj", "{44F5C8F1-BCCE-4D2D-835C-EF5AA0EC8604}"
EndProject
Project("{8BC9CEB8-8B4A-11D0-8D11-00A0C91BC942}") = "File_2", "File_2\File_2.vcxproj", "{5748369F-C5F9-44F7-A175-534FC5D93EFD}"
EndProject
Project("{8BC9CEB8-8B4A-11D0-8D11-00A0C91BC942}") = "File_3", "File_3\File_3.vcxproj", "{B432384B-B992-4DE3-B7F3-AF93ED6E725B}"
EndProject
Project("{8BC9CEB8-8B4A-11D0-8D11-00A0C91BC942}") = "File_4", "File_4\File_4.vcxproj", "{063D564D-6621-4E26-A250-A0D828AFB8F5}"
EndProject
Project("{8BC9CEB8-8B4A-11D0-8D11-00A0C91BC942}") = "File_5", "File_5\File_5.vcxproj", "{754DF14F-FBB4-4DFE-8745-6E5BE7A6F297}"
EndProject
Project("{8BC9CEB8-8B4A-11D0-8D11-00A0C91BC942}") = "File_6", "File_6\File_6.vcxproj", "{6FE7BF23-A798-48EB-B753-412D6CFB6E35}"
EndProject
Global
	GlobalSection(SolutionConfigurationPlatforms) = preSolution
		Debug|x64 = Debug|x64
		Debug|x86 = Debug|x86
		Release|x64 = Release|x64
		Release|x86 = Release|x86
	EndGlobalSection
	GlobalSection(ProjectConfigurationPlatforms) = postSolution
		{24837A21-C4E2-4126-8AB0-4153B9278087}.Debug|x64.ActiveCfg = Debug|x64
		{24837A21-C4E2-4126-8AB0-4153B9278087}.Debug|x64.Build.0 = Debug|x64
		{24837A21-C4E2-4126-8AB0-4153B9278087}.Debug|x86.ActiveCfg = Debug|Win32
		{24837A21-C4E2-4126-8AB0-4153B9278087}.Debug|x86.Build.0 = Debug|Win32
		{24837A21-C4E2-4126-8AB0-4153B9278087}.Release|x64.ActiveCfg = Release|x64
		{24837A21-C4E2-4126-8AB0-4153B9278087}.Release|x64.Build.0 = Release|x64
		{24837A21-C4E2-4126-8AB0-4153B9278087}.Release|x86.ActiveCfg = Release|Win32
		{24837A21-C4E2-4126-8AB0-4153B9278087}.Release|x86.Build.0 = Release|Win32
		{4C285DD9-AA29-4FEC-9E83-C5C215BBF1B2}.Debug|x64.ActiveCfg = Debug|x64
		{4C285DD9-AA29-4FEC-9E83-C5C215BBF1B2}.Debug|x64.Build.0 = Debug|x64
		{4C285DD9-AA29-4FEC-9E83-C5C215BBF1B2}.Debug|x86.ActiveCfg = Debug|Win32
		{4C285DD9-AA29-4FEC-9E83-C5C215BBF1B2}.Debug|x86.Build.0 = Debug|Win32
		{4C285DD9-AA29-4FEC-9E83-C5C215BBF1B2}.Release|x64.ActiveCfg = Release|x64
		{4C285DD9-AA29-4FEC-9E83-C5C215BBF1B2}.Release|x64.Build.0 = Release|x64
		{4C285DD9-AA29-4FEC-9E83-C5C215BBF1B2}.Release|x86.ActiveCfg = Release|Win32
		{4C285DD9-AA29-4FEC-9E83-C5C215BBF1B2}.Release|x86.Build.0 = Release|Win32
		{8930BB34-0CCE-4A71-BA9B-787C4C2113DF}.Debug|x64.ActiveCfg = Debug|x64
		{8930BB34-0CCE-4A71-BA9B-787C4C2113DF}.Debug|x64.Build.0 = Debug|x64
		{8930BB34-0CCE-4A71-BA9B-787C4C2113DF}.Debug|x86.ActiveCfg = Debug|Win32
		{8930BB34-0CCE-4A71-BA9B-787C4C2113DF}.Debug|x86.Build.0 = Debug|Win32
		{8930BB34-0CCE-4A71-BA9B-787C4C2113DF}.Release|x64.ActiveCfg = Release|x64
		{8930BB34-0CCE-4A71-BA9B-787C4C2113DF}.Release|x64.Build.0 = Release|x64
		{8930BB34-0CCE-4A71-BA9B-787C4C2113DF}.Release|x86.ActiveCfg = Release|Win32
		{8930BB34-0CCE-4A71-BA9B-787C4C2113DF}.Release|x86.Build.0 = Release|Win32
		{1FE6008A-F282-4FAF-B03C-5F53DBBE6728}.Debug|x64.ActiveCfg = Debug|x64
		{1FE6008A-F282-4FAF-B03C-5F53DBBE6728}.Debug|x64.Build.0 = Debug|x64
		{1FE6008A-F282-4FAF-B03C-5F53DBBE6728}.Debug|x86.ActiveCfg = Debug|Win32
		{1FE6008A-F282-4FAF-B03C-5F53DBBE6728}.Debug|x86.Build.0 = Debug|Win32
		{1FE6008A-F282-4FAF-B03C-5F53DBBE6728}.Release|x64.ActiveCfg = Release|x64
		{1FE6008A-F282-4FAF-B03C-5F53DBBE6728}.Release|x64.Build.0 = Release|x64
		{1FE6008A-F282-4FAF-B03C-5F53DBBE6728}.Release|x86.ActiveCfg = Release|Win32
		{1FE6008A-F282-4FAF-B03C-5F53DBBE6728}.Release|x86.Build.0 = Release|Win32
		{738FAFB0-CF7C-4AC0-A2C3-53729C06FA42}.Debug|x64.ActiveCfg = Debug|x64
		{738FAFB0-CF7C-4AC0-A2C3-53729C06FA42}.Debug|x64.Build.0 = Debug|x64
		{738FAFB0-CF7C-4AC0-A2C3-53729C06FA42}.Debug|x86.ActiveCfg = Debug|Win32
		{738FAFB0-CF7C-4AC0-A2C3-53729C06FA42}.Debug|x86.Build.0 = Debug|Win32
		{738FAFB0-CF7C-4AC0-A2C3-53729C06FA42}.Release|x64.ActiveCfg = Release|x64
		{738FAFB0-CF7C-4AC0-A2C3-53729C06FA42}.Release|x64.Build.0 = Release|x64
		{738FAFB0-CF7C-4AC0-A2C3-53729C06FA42}.Release|x86.ActiveCfg = Release|Win32
		{738FAFB0-CF7C-4AC0-A2C3-53729C06FA42}.Release|x86.Build.0 = Release|Win32
		{A1BED1F7-DEDE-46F3-A0A9-EEF629819298}.Debug|x64.ActiveCfg = Debug|x64
		{A1BED1F7-DEDE-46F3-A0A9-EEF629819298}.Debug|x64.Build.0 = Debug|x64
		{A1BED1F7-DEDE-46F3-A0A9-EEF629819298}.Debug|x86.ActiveCfg = Debug|Win32
		{A1BED1F7-DEDE-46F3-A0A9-EEF629819298}.Debug|x86.Build.0 = Debug|Win32
		{A1BED1F7-DEDE-46F3-A0A9-EEF629819298}.Release|x64.ActiveCfg = Release|x64
		{A1BED1F7-DEDE-46F3-A0A9-EEF629819298}.Release|x64.Build.0 = Release|x64
		{A1BED1F7-DEDE-46F3-A0A9-EEF629819298}.Release|x86.ActiveCfg = Release|Win32
		{A1BED1F7-DEDE-46F3-A0A9-EEF629819298}.Release|x86.Build.0 = Release|Win32
		{FBB532D6-7EDD-4AAC-A07C-F30BB44438F0}.Debug|x64.ActiveCfg = Debug|x64
		{FBB532D6-7EDD-4AAC-A07C-F30BB44438F0}.Debug|x64.Build.0 = Debug|x64
		{FBB532D6-7EDD-4AAC-A07C-F30BB44438F0}.Debug|x86.ActiveCfg = Debug|Win32
		{FBB532D6-7EDD-4AAC-A07C-F30BB44438F0}.Debug|x86.Build.0 = Debug|Win32
		{FBB532D6-7EDD-4AAC-A07C-F30BB44438F0}.Release|x64.ActiveCfg = Release|x64
		{FBB532D6-7EDD-4AAC-A07C-F30BB44438F0}.Release|x64.Build.0 = Release|x64
		{FBB532D6-7EDD-4AAC-A07C-F30BB44438F0}.Release|x86.ActiveCfg = Release|Win32
		{FBB532D6-7EDD-4AAC-A07C-F30BB44438F0}.Release|x86.Build.0 = Release|Win32
		{8DED22F2-53EC-4EE3-80E5-6D90199E8E95}.Debug|x64.ActiveCfg = Debug|x64
		{8DED22F2-53EC-4EE3-80E5-6D90199E8E95}.Debug|x64.Build.0 = Debug|x64
		{8DED22F2-53EC-4EE3-80E5-6D90199E8E95}.Debug|x86.ActiveCfg = Debug|Win32
		{8DED22F2-53EC-4EE3-80E5-6D90199E8E95}.Debug|x86.Build.0 = Debug|Win32
		{8DED22F2-53EC-4EE3-80E5-6D90199E8E95}.Release|x64.ActiveCfg = Release|x64
		{8DED22F2-53EC-4EE3-80E5-6D90199E8E95}.Release|x64.Build.0 = Release|x64
		{8DED22F2-53EC-4EE3-80E5-6D90199E8E95}.Release|x86.ActiveCfg = Release|Win32
		{8DED22F2-53EC-4EE3-80E5-6D90199E8E95}.Release|x86.Build.0 = Release|Win32
		{E5EBD71E-6627-4B83-8AEF-DAB984B7C225}.Debug|x64.ActiveCfg = Debug|x64
		{E5EBD71E-6627-4B83-8AEF-DAB984B7C225}.Debug|x64.Build.0 = Debug|x64
		{E5EBD71E-6627-4B83-8AEF-DAB984B7C225}.Debug|x86.ActiveCfg = Debug|Win32
		{E5EBD71E-6627-4B83-8AEF-DAB984B7C225}.Debug|x86.Build.0 = Debug|Win32
		{E5EBD71E-6627-4B83-8AEF-DAB984B7C225}.Release|x64.ActiveCfg = Release|x64
		{E5EBD71E-6627-4B83-8AEF-DAB984B7C225}.Release|x64.Build.0 = Release|x64
		{E5EBD71E-6627-4B83-8AEF-DAB984B7C225}.Release|x86.ActiveCfg = Release|Win32
		{E5EBD71E-6627-4B83-8AEF-DAB984B7C225}.Release|x86.Build.0 = Release|Win32
		{B5DF5484-1D1C-41AD-9F65-1A877AE12957}.Debug|x64.ActiveCfg = Debug|x64
		{B5DF5484-1D1C-41AD-9F65-1A877AE12957}.Debug|x64.Build.0 = Debug|x64
		{B5DF5484-1D1C-41AD-9F65-1A877AE12957}.Debug|x86.ActiveCfg = Debug|Win32
		{B5DF5484-1D1C-41AD-9F65-1A877AE12957}.Debug|x86.Build.0 = Debug|Win32
		{B5DF5484-1D1C-41AD-9F65-1A877AE12957}.Release|x64.ActiveCfg = Release|x64
		{B5DF5484-1D1C-41AD-9F65-1A877AE12957}.Release|x64.Build.0 = Release|x64
		{B5DF5484-1D1C-41AD-9F65-1A877AE12957}.Release|x86.ActiveCfg = Release|Win32
		{B5DF5484-1D1C-41AD-9F65-1A877AE12957}.Release|x86.Build.0 = Release|Win32
		{96D70082-1F2D-4667-9A41-27B95BC13D99}.Debug|x64.ActiveCfg = Debug|x64
		{96D70082-1F2D-4667-9A41-27B95BC13D99}.Debug|x64.Build.0 = Debug|x64
		{96D70082-1F2D-4667-9A41-27B95BC13D99}.Debug|x86.ActiveCfg = Debug|Win32
		{96D70082-1F2D-4667-9A41-27B95BC13D99}.Debug|x86.Build.0 = Debug|Win32
		{96D70082-1F2D-4667-9A41-27B95BC13D99}.Release|x64.ActiveCfg = Release|x64
		{96D70082-1F2D-4667-9A41-27B95BC13D99}.Release|x64.Build.0 = Release|x64
		{96D70082-1F2D-4667-9A41-27B95BC13D99}.Release|x86.ActiveCfg = Release|Win32
		{96D70082-1F2D-4667-9A41-27B95BC13D99}.Release|x86.Build.0 = Release|Win32
		{8FB573BE-7BB6-441B-BB6E-6F267FCCFD92}.Debug|x64.ActiveCfg = Debug|x64
		{8FB573BE-7BB6-441B-BB6E-6F267FCCFD92}.Debug|x64.Build.0 = Debug|x64
		{8FB573BE-7BB6-441B-BB6E-6F267FCCFD92}.Debug|x86.ActiveCfg = Debug|Win32
		{8FB573BE-7BB6-441B-BB6E-6F267FCCFD92}.Debug|x86.Build.0 = Debug|Win32
		{8FB573BE-7BB6-441B-BB6E-6F267FCCFD92}.Release|x64.ActiveCfg = Release|x64
		{8FB573BE-7BB6-441B-BB6E-6F267FCCFD92}.Release|x64.Build.0 = Release|x64
		{8FB573BE-7BB6-441B-BB6E-6F267FCCFD92}.Release|x86.ActiveCfg = Release|Win32
		{8FB573BE-7BB6-441B-BB6E-6F267FCCFD92}.Release|x86.Build.0 = Release|Win32
		{A64D903A-DF70-4492-B6B1-2D0F2BD27847}.Debug|x64.ActiveCfg = Debug|x64
		{A64D903A-DF70-4492-B6B1-2D0F2BD27847}.Debug|x64.Build.0 = Debug|x64
		{A64D903A-DF70-4492-B6B1-2D0F2BD27847}.Debug|x86.ActiveCfg = Debug|Win32
		{A64D903A-DF70-4492-B6B1-2D0F2BD27847}.Debug|x86.Build.0 = Debug|Win32
		{A64D903A-DF70-4492-B6B1-2D0F2BD27847}.Release|x64.ActiveCfg = Release|x64
		{A64D903A-DF70-4492-B6B1-2D0F2BD27847}.Release|x64.Build.0 = Release|x64
		{A64D903A-DF70-4492-B6B1-2D0F2BD27847}.Release|x86.ActiveCfg = Release|Win32
		{A64D903A-DF70-4492-B6B1-2D0F2BD27847}.Release|x86.Build.0 = Release|Win32
		{AD52761C-E09C-46FE-BFA8-9016BD162A87}.Debug|x64.ActiveCfg = Debug|x64
		{AD52761C-E09C-46FE-BFA8-9016BD162A87}.Debug|x64.Build.0 = Debug|x64
		{AD52761C-E09C-46FE-BFA8-9016BD162A87}.Debug|x86.ActiveCfg = Debug|Win32
		{AD52761C-E09C-46FE-BFA8-9016BD162A87}.Debug|x86.Build.0 = Debug|Win32
		{AD52761C-E09C-46FE-BFA8-9016BD162A87}.Release|x64.ActiveCfg = Release|x64
		{AD52761C-E09C-46FE-BFA8-9016BD162A87}.Release|x64.Build.0 = Release|x64
		{AD52761C-E09C-46FE-BFA8-9016BD162A87}.Release|x86.ActiveCfg = Release|Win32
		{AD52761C-E09C-46FE-BFA8-9016BD162A87}.Release|x86.Build.0 = Release|Win32
		{CD094ABF-C168-4C4D-8EEA-C374CB09CA6A}.Debug|x64.ActiveCfg = Debug|x64
		{CD094ABF-C168-4C4D-8EEA-C374CB09CA6A}.Debug|x64.Build.0 = Debug|x64
		{CD094ABF-C168-4C4D-8EEA-C374CB09CA6A}.Debug|x86.ActiveCfg = Debug|Win32
		{CD094ABF-C168-4C4D-8EEA-C374CB09CA6A}.Debug|x86.Build.0 = Debug|Win32
		{CD094ABF-C168-4C4D-8EEA-C374CB09CA6A}.Release|x64.ActiveCfg = Release|x64
		{CD094ABF-C168-4C4D-8EEA-C374CB09CA6A}.Release|x64.Build.0 = Release|x64
		{CD094ABF-C168-4C4D-8EEA-C374CB09CA6A}.Release|x86.ActiveCfg = Release|Win32
		{CD094ABF-C168-4C4D-8EEA-C374CB09CA6A}.Release|x86.Build.0 = Release|Win32
		{16BE58AF-01DE-4604-93B2-50B4F94F3C05}.Debug|x64.ActiveCfg = Debug|x64
		{16BE58AF-01DE-4604-93B2-50B4F94F3C05}.Debug|x64.Build.0 = Debug|x64
		{16BE58AF-01DE-4604-93B2-50B4F94F3C05}.Debug|x86.ActiveCfg = Debug|Win32
		{16BE58AF-01DE-4604-93B2-50B4F94F3C05}.Debug|x86.Build.0 = Debug|Win32
		{16BE58AF-01DE-4604-93B2-50B4F94F3C05}.Release|x64.ActiveCfg = Release|x64
		{16BE58AF-01DE-4604-93B2-50B4F94F3C05}.Release|x64.Build.0 = Release|x64
		{16BE58AF-01DE-4604-93B2-50B4F94F3C05}.Release|x86.ActiveCfg = Release|Win32
		{16BE58AF-01DE-4604-93B2-50B4F94F3C05}.Release|x86.Build.0 = Release|Win32
		{4B891AA8-F9E7-453B-BD48-F87B681598C4}.Debug|x64.ActiveCfg = Debug|x64
		{4B891AA8-F9E7-453B-BD48-F87B681598C4}.Debug|x64.Build.0 = Debug|x64
		{4B891AA8-F9E7-453B-BD48-F87B681598C4}.Debug|x86.ActiveCfg = Debug|Win32
		{4B891AA8-F9E7-453B-BD48-F87B681598C4}.Debug|x86.Build.0 = Debug|Win32
		{4B891AA8-F9E7-453B-BD48-F87B681598C4}.Release|x64.ActiveCfg = Release|x64
		{4B891AA8-F9E7-453B-BD48-F87B681598C4}.Release|x64.Build.0 = Release|x64
		{4B891AA8-F9E7-453B-BD48-F87B681598C4}.Release|x86.ActiveCfg = Release|Win32
		{4B891AA8-F9E7-453B-BD48-F87B681598C4}.Release|x86.Build.0 = Release|Win32
		{F3E4E46C-B5E0-408D-A095-2364734B9FF0}.Debug|x64.ActiveCfg = Debug|x64
		{F3E4E46C-B5E0-408D-A095-2364734B9FF0}.Debug|x64.Build.0 = Debug|x64
		{F3E4E46C-B5E0-408D-A095-2364734B9FF0}.Debug|x86.ActiveCfg = Debug|Win32
		{F3E4E46C-B5E0-408D-A095-2364734B9FF0}.Debug|x86.Build.0 = Debug|Win32
		{F3E4E46C-B5E0-408D-A095-2364734B9FF0}.Release|x64.ActiveCfg = Release|x64
		{F3E4E46C-B5E0-408D-A095-2364734B9FF0}.Release|x64.Build.0 = Release|x64
		{F3E4E46C-B5E0-408D-A095-2364734B9FF0}.Release|x86.ActiveCfg = Release|Win32
		{F3E4E46C-B5E0-408D-A095-2364734B9FF0}.Release|x86.Build.0 = Release|Win32
		{F11D4578-3DC3-4DF7-886C-BF83BE64CD7C}.Debug|x64.ActiveCfg = Debug|x64
		{F11D4578-3DC3-4DF7-886C-BF83BE64CD7C}.Debug|x64.Build.0 = Debug|x64
		{F11D4578-3DC3-4DF7-886C-BF83BE64CD7C}.Debug|x86.ActiveCfg = Debug|Win32
		{F11D4578-3DC3-4DF7-886C-BF83BE64CD7C}.Debug|x86.Build.0 = Debug|Win32
		{F11D4578-3DC3-4DF7-886C-BF83BE64CD7C}.Release|x64.ActiveCfg = Release|x64
		{F11D4578-3DC3-4DF7-886C-BF83BE64CD7C}.Release|x64.Build.0 = Release|x64
		{F11D4578-3DC3-4DF7-886C-BF83BE64CD7C}.Release|x86.ActiveCfg = Release|Win32
		{F11D4578-3DC3-4DF7-886C-BF83BE64CD7C}.Release|x86.Build.0 = Release|Win32
		{20976764-44D1-4C24-9536-6FDC43F92256}.Debug|x64.ActiveCfg = Debug|x64
		{20976764-44D1-4C24-9536-6FDC43F92256}.Debug|x64.Build.0 = Debug|x64
		{20976764-44D1-4C24-9536-6FDC43F92256}.Debug|x86.ActiveCfg = Debug|Win32
		{20976764-44D1-4C24-9536-6FDC43F92256}.Debug|x86.Build.0 = Debug|Win32
		{20976764-44D1-4C24-9536-6FDC43F92256}.Release|x64.ActiveCfg = Release|x64
		{20976764-44D1-4C24-9536-6FDC43F92256}.Release|x64.Build.0 = Release|x64
		{20976764-44D1-4C24-9536-6FDC43F92256}.Release|x86.ActiveCfg = Release|Win32
		{20976764-44D1-4C24-9536-6FDC43F92256}.Release|x86.Build.0 = Release|Win32
		{44F5C8F1-BCCE-4D2D-835C-EF5AA0EC8604}.Debug|x64.ActiveCfg = Debug|x64
		{44F5C8F1-BCCE-4D2D-835C-EF5AA0EC8604}.Debug|x64.Build.0 = Debug|x64
		{44F5C8F1-BCCE-4D2D-835C-EF5AA0EC8604}.Debug|x86.ActiveCfg = Debug|Win32
		{44F5C8F1-BCCE-4D2D-835C-EF5AA0EC8604}.Debug|x86.Build.0 = Debug|Win32
		{44F5C8F1-BCCE-4D2D-835C-EF5AA0EC8604}.Release|x64.ActiveCfg = Release|x64
		{44F5C8F1-BCCE-4D2D-835C-EF5AA0EC8604}.Release|x64.Build.0 = Release|x64
		{44F5C8F1-BCCE-4D2D-835C-EF5AA0EC8604}.Release|x86.ActiveCfg = Release|Win32
		{44F5C8F1-BCCE-4D2D-835C-EF5AA0EC8604}.Release|x86.Build.0 = Release|Win32
		{5748369F-C5F9-44F7-A175-534FC5D93EFD}.Debug|x64.ActiveCfg = Debug|x64
		{5748369F-C5F9-44F7-A175-534FC5D93EFD}.Debug|x64.Build.0 = Debug|x64
		{5748369F-C5F9-44F7-A175-534FC5D93EFD}.Debug|x86.ActiveCfg = Debug|Win32
		{5748369F-C5F9-44F7-A175-534FC5D93EFD}.Debug|x86.Build.0 = Debug|Win32
		{5748369F-C5F9-44F7-A175-534FC5D93EFD}.Release|x64.ActiveCfg = Release|x64
		{5748369F-C5F9-44F7-A175-534FC5D93EFD}.Release|x64.Build.0 = Release|x64
		{5748369F-C5F9-44F7-A175-534FC5D93EFD}.Release|x86.ActiveCfg = Release|Win32
		{5748369F-C5F9-44F7-A175-534FC5D93EFD}.Release|x86.Build.0 = Release|Win32
		{B432384B-B992-4DE3-B7F3-AF93ED6E725B}.Debug|x64.ActiveCfg = Debug|x64
		{B432384B-B992-4DE3-B7F3-AF93ED6E725B}.Debug|x64.Build.0 = Debug|x64
		{B432384B-B992-4DE3-B7F3-AF93ED6E725B}.Debug|x86.ActiveCfg = Debug|Win32
		{B432384B-B992-4DE3-B7F3-AF93ED6E725B}.Debug|x86.Build.0 = Debug|Win32
		{B432384B-B992-4DE3-B7F3-AF93ED6E725B}.Release|x64.ActiveCfg = Release|x64
		{B432384B-B992-4DE3-B7F3-AF93ED6E725B}.Release|x64.Build.0 = Release|x64
		{B432384B-B992-4DE3-B7F3-AF93ED6E725B}.Release|x86.ActiveCfg = Release|Win32
		{B432384B-B992-4DE3-B7F3-AF93ED6E725B}.Release|x86.Build.0 = Release|Win32
		{063D564D-6621-4E26-A250-A0D828AFB8F5}.Debug|x64.ActiveCfg = Debug|x64
		{063D564D-6621-4E26-A250-A0D828AFB8F5}.Debug|x64.Build.0 = Debug|x64
		{063D564D-6621-4E26-A250-A0D828AFB8F5}.Debug|x86.ActiveCfg = Debug|Win32
		{063D564D-6621-4E26-A250-A0D828AFB8F5}.Debug|x86.Build.0 = Debug|Win32
		{063D564D-6621-4E26-A250-A0D828AFB8F5}.Release|x64.ActiveCfg = Release|x64
		{063D564D-6621-4E26-A250-A0D828AFB8F5}.Release|x64.Build.0 = Release|x64
		{063D564D-6621-4E26-A250-A0D828AFB8F5}.Release|x86.ActiveCfg = Release|Win32
		{063D564D-6621-4E26-A250-A0D828AFB8F5}.Release|x86.Build.0 = Release|Win32
		{754DF14F-FBB4-4DFE-8745-6E5BE7A6F297}.Debug|x64.ActiveCfg = Debug|x64
		{754DF14F-FBB4-4DFE-8745-6E5BE7A6F297}.Debug|x64.Build.0 = Debug|x64
		{754DF14F-FBB4-4DFE-8745-6E5BE7A6F297}.Debug|x86.ActiveCfg = Debug|Win32
		{754DF14F-FBB4-4DFE-8745-6E5BE7A6F297}.Debug|x86.Build.0 = Debug|Win32
		{754DF14F-FBB4-4DFE-8745-6E5BE7A6F297}.Release|x64.ActiveCfg = Release|x64
		{754DF14F-FBB4-4DFE-8745-6E5BE7A6F297}.Release|x64.Build.0 = Release|x64
		{754DF14F-FBB4-4DFE-8745-6E5BE7A6F297}.Release|x86.ActiveCfg = Release|Win32
		{754DF14F-FBB4-4DFE-8745-6E5BE7A6F297}.Release|x86.Build.0 = Release|Win32
		{6FE7BF23-A798-48EB-B753-412D6CFB6E35}.Debug|x64.ActiveCfg = Debug|x64
		{6FE7BF23-A798-48EB-B753-412D6CFB6E35}.Debug|x64.Build.0 = Debug|x64
		{6FE7BF23-A798-48EB-B753-412D6CFB6E35}.Debug|x86.ActiveCfg = Debug|Win32
		{6FE7BF23-A798-48EB-B753-412D6CFB6E35}.Debug|x86.Build.0 = Debug|Win32
		{6FE7BF23-A798-48EB-B753-412D6CFB6E35}.Release|x64.ActiveCfg = Release|x64
		{6FE7BF23-A798-48EB-B753-412D6CFB6E35}.Release|x64.Build.0 = Release|x64
		{6FE7BF23-A798-48EB-B753-412D6CFB6E35}.Release|x86.ActiveCfg = Release|Win32
		{6FE7BF23-A798-48EB-B753-412D6CFB6E35}.Release|x86.Build.0 = Release|Win32
	EndGlobalSection
	GlobalSection(SolutionProperties) = preSolution
		HideSolutionNode = FALSE
	EndGlobalSection
	GlobalSection(ExtensibilityGlobals) = postSolution
		SolutionGuid = {9164D8D6-CC7A-42F8-881E-9FCA9DDEC2C9}
	EndGlobalSection
EndGlobal
