
Microsoft Visual Studio Solution File, Format Version 12.00
# Visual Studio Version 16
VisualStudioVersion = 16.0.30104.148
MinimumVisualStudioVersion = 10.0.40219.1
Project("{8BC9CEB8-8B4A-11D0-8D11-00A0C91BC942}") = "Day004", "Day004\Day004.vcxproj", "{37FFDE65-FFB7-423B-8AF0-9A7007AEDD36}"
EndProject
Project("{8BC9CEB8-8B4A-11D0-8D11-00A0C91BC942}") = "Character_1", "Character_1\Character_1.vcxproj", "{BB07A832-BE2B-433C-928A-E3BA2A588BD3}"
EndProject
Project("{8BC9CEB8-8B4A-11D0-8D11-00A0C91BC942}") = "Character_2", "Character_2\Character_2.vcxproj", "{52CA890B-C218-424B-BB6F-5ED8B89BAF1B}"
EndProject
Project("{8BC9CEB8-8B4A-11D0-8D11-00A0C91BC942}") = "Character_3", "Character_3\Character_3.vcxproj", "{90E05959-2C73-4C4C-9895-8D53A621DC87}"
EndProject
Project("{8BC9CEB8-8B4A-11D0-8D11-00A0C91BC942}") = "Character_4", "Character_4\Character_4.vcxproj", "{72C4435B-0E04-44FD-909A-BB192D07BB74}"
EndProject
Project("{8BC9CEB8-8B4A-11D0-8D11-00A0C91BC942}") = "Character_5", "Character_5\Character_5.vcxproj", "{C267D950-A9C4-42FD-A804-5B4EDF058480}"
EndProject
Project("{8BC9CEB8-8B4A-11D0-8D11-00A0C91BC942}") = "Function_1", "Function_1\Function_1.vcxproj", "{8DA404D3-AC42-4751-A123-4CADEE6C1DF0}"
EndProject
Project("{8BC9CEB8-8B4A-11D0-8D11-00A0C91BC942}") = "Function_2", "Function_2\Function_2.vcxproj", "{31076628-0448-4C0F-B2A9-7B8DB105342A}"
EndProject
Project("{8BC9CEB8-8B4A-11D0-8D11-00A0C91BC942}") = "Array_1", "Array_1\Array_1.vcxproj", "{8D5A1754-D2E8-46D4-A2F2-208082EF1CDE}"
EndProject
Project("{8BC9CEB8-8B4A-11D0-8D11-00A0C91BC942}") = "Array_101", "Array_101\Array_101.vcxproj", "{412C887B-BD81-41B3-8051-B3A7E6C85F89}"
EndProject
Project("{8BC9CEB8-8B4A-11D0-8D11-00A0C91BC942}") = "Array_2", "Array_2\Array_2.vcxproj", "{22748F2C-BB36-4906-82A7-AF8C0B2994AB}"
EndProject
Project("{8BC9CEB8-8B4A-11D0-8D11-00A0C91BC942}") = "Array_3", "Array_3\Array_3.vcxproj", "{883D75A5-50D7-43F9-AF5B-9111C6D20F62}"
EndProject
Project("{8BC9CEB8-8B4A-11D0-8D11-00A0C91BC942}") = "Array_4", "Array_4\Array_4.vcxproj", "{4FAE3A89-864E-4A51-9A0A-21A4596AC887}"
EndProject
Project("{8BC9CEB8-8B4A-11D0-8D11-00A0C91BC942}") = "Array_5", "Array_5\Array_5.vcxproj", "{B2CCDA4F-A88B-47A3-87A2-5ED197B4FD5E}"
EndProject
Project("{8BC9CEB8-8B4A-11D0-8D11-00A0C91BC942}") = "Array_6", "Array_6\Array_6.vcxproj", "{46E1E8FC-5FD6-4AA1-B60E-AC95ABBEF730}"
EndProject
Project("{8BC9CEB8-8B4A-11D0-8D11-00A0C91BC942}") = "Pointer_1", "Pointer_1\Pointer_1.vcxproj", "{35593405-1F44-4B0F-9D46-613BD7234B02}"
EndProject
Project("{8BC9CEB8-8B4A-11D0-8D11-00A0C91BC942}") = "Pointer_2", "Pointer_2\Pointer_2.vcxproj", "{FAF29ED5-CFCB-491D-BD0C-45DC2D6D66D3}"
EndProject
Project("{8BC9CEB8-8B4A-11D0-8D11-00A0C91BC942}") = "prime", "prime\prime.vcxproj", "{BF382297-795A-44BA-B8F9-AA1C91C7DC00}"
EndProject
Project("{8BC9CEB8-8B4A-11D0-8D11-00A0C91BC942}") = "score", "score\score.vcxproj", "{B1EDA775-D092-4A87-BD9D-413BD3696CC0}"
EndProject
Project("{8BC9CEB8-8B4A-11D0-8D11-00A0C91BC942}") = "Pointer_3", "Pointer_3\Pointer_3.vcxproj", "{F151F84B-B7A7-453D-B672-D42F17AED97B}"
EndProject
Project("{8BC9CEB8-8B4A-11D0-8D11-00A0C91BC942}") = "Pointer_4", "Pointer_4\Pointer_4.vcxproj", "{A2E62ABE-BB98-4FB0-B207-D06838C96892}"
EndProject
Project("{8BC9CEB8-8B4A-11D0-8D11-00A0C91BC942}") = "string_1", "string_1\string_1.vcxproj", "{2580D4AC-05BF-4498-9462-D29DF864580E}"
EndProject
Project("{8BC9CEB8-8B4A-11D0-8D11-00A0C91BC942}") = "Pointer_5", "Pointer_5\Pointer_5.vcxproj", "{C33869C1-78BC-44A8-8A43-E235FAAF84E2}"
EndProject
Project("{8BC9CEB8-8B4A-11D0-8D11-00A0C91BC942}") = "new", "new\new.vcxproj", "{BFF7D1F0-3E39-4927-A459-B11DC815B44D}"
EndProject
Project("{8BC9CEB8-8B4A-11D0-8D11-00A0C91BC942}") = "Multi", "Multi\Multi.vcxproj", "{8248274B-1819-4848-8AFF-0861121BEBF5}"
EndProject
Project("{8BC9CEB8-8B4A-11D0-8D11-00A0C91BC942}") = "HW_machine", "HW_machine\HW_machine.vcxproj", "{F01A7586-A74E-466A-8100-5D52BEE888E5}"
EndProject
Global
	GlobalSection(SolutionConfigurationPlatforms) = preSolution
		Debug|x64 = Debug|x64
		Debug|x86 = Debug|x86
		Release|x64 = Release|x64
		Release|x86 = Release|x86
	EndGlobalSection
	GlobalSection(ProjectConfigurationPlatforms) = postSolution
		{37FFDE65-FFB7-423B-8AF0-9A7007AEDD36}.Debug|x64.ActiveCfg = Debug|x64
		{37FFDE65-FFB7-423B-8AF0-9A7007AEDD36}.Debug|x64.Build.0 = Debug|x64
		{37FFDE65-FFB7-423B-8AF0-9A7007AEDD36}.Debug|x86.ActiveCfg = Debug|Win32
		{37FFDE65-FFB7-423B-8AF0-9A7007AEDD36}.Debug|x86.Build.0 = Debug|Win32
		{37FFDE65-FFB7-423B-8AF0-9A7007AEDD36}.Release|x64.ActiveCfg = Release|x64
		{37FFDE65-FFB7-423B-8AF0-9A7007AEDD36}.Release|x64.Build.0 = Release|x64
		{37FFDE65-FFB7-423B-8AF0-9A7007AEDD36}.Release|x86.ActiveCfg = Release|Win32
		{37FFDE65-FFB7-423B-8AF0-9A7007AEDD36}.Release|x86.Build.0 = Release|Win32
		{BB07A832-BE2B-433C-928A-E3BA2A588BD3}.Debug|x64.ActiveCfg = Debug|x64
		{BB07A832-BE2B-433C-928A-E3BA2A588BD3}.Debug|x64.Build.0 = Debug|x64
		{BB07A832-BE2B-433C-928A-E3BA2A588BD3}.Debug|x86.ActiveCfg = Debug|Win32
		{BB07A832-BE2B-433C-928A-E3BA2A588BD3}.Debug|x86.Build.0 = Debug|Win32
		{BB07A832-BE2B-433C-928A-E3BA2A588BD3}.Release|x64.ActiveCfg = Release|x64
		{BB07A832-BE2B-433C-928A-E3BA2A588BD3}.Release|x64.Build.0 = Release|x64
		{BB07A832-BE2B-433C-928A-E3BA2A588BD3}.Release|x86.ActiveCfg = Release|Win32
		{BB07A832-BE2B-433C-928A-E3BA2A588BD3}.Release|x86.Build.0 = Release|Win32
		{52CA890B-C218-424B-BB6F-5ED8B89BAF1B}.Debug|x64.ActiveCfg = Debug|x64
		{52CA890B-C218-424B-BB6F-5ED8B89BAF1B}.Debug|x64.Build.0 = Debug|x64
		{52CA890B-C218-424B-BB6F-5ED8B89BAF1B}.Debug|x86.ActiveCfg = Debug|Win32
		{52CA890B-C218-424B-BB6F-5ED8B89BAF1B}.Debug|x86.Build.0 = Debug|Win32
		{52CA890B-C218-424B-BB6F-5ED8B89BAF1B}.Release|x64.ActiveCfg = Release|x64
		{52CA890B-C218-424B-BB6F-5ED8B89BAF1B}.Release|x64.Build.0 = Release|x64
		{52CA890B-C218-424B-BB6F-5ED8B89BAF1B}.Release|x86.ActiveCfg = Release|Win32
		{52CA890B-C218-424B-BB6F-5ED8B89BAF1B}.Release|x86.Build.0 = Release|Win32
		{90E05959-2C73-4C4C-9895-8D53A621DC87}.Debug|x64.ActiveCfg = Debug|x64
		{90E05959-2C73-4C4C-9895-8D53A621DC87}.Debug|x64.Build.0 = Debug|x64
		{90E05959-2C73-4C4C-9895-8D53A621DC87}.Debug|x86.ActiveCfg = Debug|Win32
		{90E05959-2C73-4C4C-9895-8D53A621DC87}.Debug|x86.Build.0 = Debug|Win32
		{90E05959-2C73-4C4C-9895-8D53A621DC87}.Release|x64.ActiveCfg = Release|x64
		{90E05959-2C73-4C4C-9895-8D53A621DC87}.Release|x64.Build.0 = Release|x64
		{90E05959-2C73-4C4C-9895-8D53A621DC87}.Release|x86.ActiveCfg = Release|Win32
		{90E05959-2C73-4C4C-9895-8D53A621DC87}.Release|x86.Build.0 = Release|Win32
		{72C4435B-0E04-44FD-909A-BB192D07BB74}.Debug|x64.ActiveCfg = Debug|x64
		{72C4435B-0E04-44FD-909A-BB192D07BB74}.Debug|x64.Build.0 = Debug|x64
		{72C4435B-0E04-44FD-909A-BB192D07BB74}.Debug|x86.ActiveCfg = Debug|Win32
		{72C4435B-0E04-44FD-909A-BB192D07BB74}.Debug|x86.Build.0 = Debug|Win32
		{72C4435B-0E04-44FD-909A-BB192D07BB74}.Release|x64.ActiveCfg = Release|x64
		{72C4435B-0E04-44FD-909A-BB192D07BB74}.Release|x64.Build.0 = Release|x64
		{72C4435B-0E04-44FD-909A-BB192D07BB74}.Release|x86.ActiveCfg = Release|Win32
		{72C4435B-0E04-44FD-909A-BB192D07BB74}.Release|x86.Build.0 = Release|Win32
		{C267D950-A9C4-42FD-A804-5B4EDF058480}.Debug|x64.ActiveCfg = Debug|x64
		{C267D950-A9C4-42FD-A804-5B4EDF058480}.Debug|x64.Build.0 = Debug|x64
		{C267D950-A9C4-42FD-A804-5B4EDF058480}.Debug|x86.ActiveCfg = Debug|Win32
		{C267D950-A9C4-42FD-A804-5B4EDF058480}.Debug|x86.Build.0 = Debug|Win32
		{C267D950-A9C4-42FD-A804-5B4EDF058480}.Release|x64.ActiveCfg = Release|x64
		{C267D950-A9C4-42FD-A804-5B4EDF058480}.Release|x64.Build.0 = Release|x64
		{C267D950-A9C4-42FD-A804-5B4EDF058480}.Release|x86.ActiveCfg = Release|Win32
		{C267D950-A9C4-42FD-A804-5B4EDF058480}.Release|x86.Build.0 = Release|Win32
		{8DA404D3-AC42-4751-A123-4CADEE6C1DF0}.Debug|x64.ActiveCfg = Debug|x64
		{8DA404D3-AC42-4751-A123-4CADEE6C1DF0}.Debug|x64.Build.0 = Debug|x64
		{8DA404D3-AC42-4751-A123-4CADEE6C1DF0}.Debug|x86.ActiveCfg = Debug|Win32
		{8DA404D3-AC42-4751-A123-4CADEE6C1DF0}.Debug|x86.Build.0 = Debug|Win32
		{8DA404D3-AC42-4751-A123-4CADEE6C1DF0}.Release|x64.ActiveCfg = Release|x64
		{8DA404D3-AC42-4751-A123-4CADEE6C1DF0}.Release|x64.Build.0 = Release|x64
		{8DA404D3-AC42-4751-A123-4CADEE6C1DF0}.Release|x86.ActiveCfg = Release|Win32
		{8DA404D3-AC42-4751-A123-4CADEE6C1DF0}.Release|x86.Build.0 = Release|Win32
		{31076628-0448-4C0F-B2A9-7B8DB105342A}.Debug|x64.ActiveCfg = Debug|x64
		{31076628-0448-4C0F-B2A9-7B8DB105342A}.Debug|x64.Build.0 = Debug|x64
		{31076628-0448-4C0F-B2A9-7B8DB105342A}.Debug|x86.ActiveCfg = Debug|Win32
		{31076628-0448-4C0F-B2A9-7B8DB105342A}.Debug|x86.Build.0 = Debug|Win32
		{31076628-0448-4C0F-B2A9-7B8DB105342A}.Release|x64.ActiveCfg = Release|x64
		{31076628-0448-4C0F-B2A9-7B8DB105342A}.Release|x64.Build.0 = Release|x64
		{31076628-0448-4C0F-B2A9-7B8DB105342A}.Release|x86.ActiveCfg = Release|Win32
		{31076628-0448-4C0F-B2A9-7B8DB105342A}.Release|x86.Build.0 = Release|Win32
		{8D5A1754-D2E8-46D4-A2F2-208082EF1CDE}.Debug|x64.ActiveCfg = Debug|x64
		{8D5A1754-D2E8-46D4-A2F2-208082EF1CDE}.Debug|x64.Build.0 = Debug|x64
		{8D5A1754-D2E8-46D4-A2F2-208082EF1CDE}.Debug|x86.ActiveCfg = Debug|Win32
		{8D5A1754-D2E8-46D4-A2F2-208082EF1CDE}.Debug|x86.Build.0 = Debug|Win32
		{8D5A1754-D2E8-46D4-A2F2-208082EF1CDE}.Release|x64.ActiveCfg = Release|x64
		{8D5A1754-D2E8-46D4-A2F2-208082EF1CDE}.Release|x64.Build.0 = Release|x64
		{8D5A1754-D2E8-46D4-A2F2-208082EF1CDE}.Release|x86.ActiveCfg = Release|Win32
		{8D5A1754-D2E8-46D4-A2F2-208082EF1CDE}.Release|x86.Build.0 = Release|Win32
		{412C887B-BD81-41B3-8051-B3A7E6C85F89}.Debug|x64.ActiveCfg = Debug|x64
		{412C887B-BD81-41B3-8051-B3A7E6C85F89}.Debug|x64.Build.0 = Debug|x64
		{412C887B-BD81-41B3-8051-B3A7E6C85F89}.Debug|x86.ActiveCfg = Debug|Win32
		{412C887B-BD81-41B3-8051-B3A7E6C85F89}.Debug|x86.Build.0 = Debug|Win32
		{412C887B-BD81-41B3-8051-B3A7E6C85F89}.Release|x64.ActiveCfg = Release|x64
		{412C887B-BD81-41B3-8051-B3A7E6C85F89}.Release|x64.Build.0 = Release|x64
		{412C887B-BD81-41B3-8051-B3A7E6C85F89}.Release|x86.ActiveCfg = Release|Win32
		{412C887B-BD81-41B3-8051-B3A7E6C85F89}.Release|x86.Build.0 = Release|Win32
		{22748F2C-BB36-4906-82A7-AF8C0B2994AB}.Debug|x64.ActiveCfg = Debug|x64
		{22748F2C-BB36-4906-82A7-AF8C0B2994AB}.Debug|x64.Build.0 = Debug|x64
		{22748F2C-BB36-4906-82A7-AF8C0B2994AB}.Debug|x86.ActiveCfg = Debug|Win32
		{22748F2C-BB36-4906-82A7-AF8C0B2994AB}.Debug|x86.Build.0 = Debug|Win32
		{22748F2C-BB36-4906-82A7-AF8C0B2994AB}.Release|x64.ActiveCfg = Release|x64
		{22748F2C-BB36-4906-82A7-AF8C0B2994AB}.Release|x64.Build.0 = Release|x64
		{22748F2C-BB36-4906-82A7-AF8C0B2994AB}.Release|x86.ActiveCfg = Release|Win32
		{22748F2C-BB36-4906-82A7-AF8C0B2994AB}.Release|x86.Build.0 = Release|Win32
		{883D75A5-50D7-43F9-AF5B-9111C6D20F62}.Debug|x64.ActiveCfg = Debug|x64
		{883D75A5-50D7-43F9-AF5B-9111C6D20F62}.Debug|x64.Build.0 = Debug|x64
		{883D75A5-50D7-43F9-AF5B-9111C6D20F62}.Debug|x86.ActiveCfg = Debug|Win32
		{883D75A5-50D7-43F9-AF5B-9111C6D20F62}.Debug|x86.Build.0 = Debug|Win32
		{883D75A5-50D7-43F9-AF5B-9111C6D20F62}.Release|x64.ActiveCfg = Release|x64
		{883D75A5-50D7-43F9-AF5B-9111C6D20F62}.Release|x64.Build.0 = Release|x64
		{883D75A5-50D7-43F9-AF5B-9111C6D20F62}.Release|x86.ActiveCfg = Release|Win32
		{883D75A5-50D7-43F9-AF5B-9111C6D20F62}.Release|x86.Build.0 = Release|Win32
		{4FAE3A89-864E-4A51-9A0A-21A4596AC887}.Debug|x64.ActiveCfg = Debug|x64
		{4FAE3A89-864E-4A51-9A0A-21A4596AC887}.Debug|x64.Build.0 = Debug|x64
		{4FAE3A89-864E-4A51-9A0A-21A4596AC887}.Debug|x86.ActiveCfg = Debug|Win32
		{4FAE3A89-864E-4A51-9A0A-21A4596AC887}.Debug|x86.Build.0 = Debug|Win32
		{4FAE3A89-864E-4A51-9A0A-21A4596AC887}.Release|x64.ActiveCfg = Release|x64
		{4FAE3A89-864E-4A51-9A0A-21A4596AC887}.Release|x64.Build.0 = Release|x64
		{4FAE3A89-864E-4A51-9A0A-21A4596AC887}.Release|x86.ActiveCfg = Release|Win32
		{4FAE3A89-864E-4A51-9A0A-21A4596AC887}.Release|x86.Build.0 = Release|Win32
		{B2CCDA4F-A88B-47A3-87A2-5ED197B4FD5E}.Debug|x64.ActiveCfg = Debug|x64
		{B2CCDA4F-A88B-47A3-87A2-5ED197B4FD5E}.Debug|x64.Build.0 = Debug|x64
		{B2CCDA4F-A88B-47A3-87A2-5ED197B4FD5E}.Debug|x86.ActiveCfg = Debug|Win32
		{B2CCDA4F-A88B-47A3-87A2-5ED197B4FD5E}.Debug|x86.Build.0 = Debug|Win32
		{B2CCDA4F-A88B-47A3-87A2-5ED197B4FD5E}.Release|x64.ActiveCfg = Release|x64
		{B2CCDA4F-A88B-47A3-87A2-5ED197B4FD5E}.Release|x64.Build.0 = Release|x64
		{B2CCDA4F-A88B-47A3-87A2-5ED197B4FD5E}.Release|x86.ActiveCfg = Release|Win32
		{B2CCDA4F-A88B-47A3-87A2-5ED197B4FD5E}.Release|x86.Build.0 = Release|Win32
		{46E1E8FC-5FD6-4AA1-B60E-AC95ABBEF730}.Debug|x64.ActiveCfg = Debug|x64
		{46E1E8FC-5FD6-4AA1-B60E-AC95ABBEF730}.Debug|x64.Build.0 = Debug|x64
		{46E1E8FC-5FD6-4AA1-B60E-AC95ABBEF730}.Debug|x86.ActiveCfg = Debug|Win32
		{46E1E8FC-5FD6-4AA1-B60E-AC95ABBEF730}.Debug|x86.Build.0 = Debug|Win32
		{46E1E8FC-5FD6-4AA1-B60E-AC95ABBEF730}.Release|x64.ActiveCfg = Release|x64
		{46E1E8FC-5FD6-4AA1-B60E-AC95ABBEF730}.Release|x64.Build.0 = Release|x64
		{46E1E8FC-5FD6-4AA1-B60E-AC95ABBEF730}.Release|x86.ActiveCfg = Release|Win32
		{46E1E8FC-5FD6-4AA1-B60E-AC95ABBEF730}.Release|x86.Build.0 = Release|Win32
		{35593405-1F44-4B0F-9D46-613BD7234B02}.Debug|x64.ActiveCfg = Debug|x64
		{35593405-1F44-4B0F-9D46-613BD7234B02}.Debug|x64.Build.0 = Debug|x64
		{35593405-1F44-4B0F-9D46-613BD7234B02}.Debug|x86.ActiveCfg = Debug|Win32
		{35593405-1F44-4B0F-9D46-613BD7234B02}.Debug|x86.Build.0 = Debug|Win32
		{35593405-1F44-4B0F-9D46-613BD7234B02}.Release|x64.ActiveCfg = Release|x64
		{35593405-1F44-4B0F-9D46-613BD7234B02}.Release|x64.Build.0 = Release|x64
		{35593405-1F44-4B0F-9D46-613BD7234B02}.Release|x86.ActiveCfg = Release|Win32
		{35593405-1F44-4B0F-9D46-613BD7234B02}.Release|x86.Build.0 = Release|Win32
		{FAF29ED5-CFCB-491D-BD0C-45DC2D6D66D3}.Debug|x64.ActiveCfg = Debug|x64
		{FAF29ED5-CFCB-491D-BD0C-45DC2D6D66D3}.Debug|x64.Build.0 = Debug|x64
		{FAF29ED5-CFCB-491D-BD0C-45DC2D6D66D3}.Debug|x86.ActiveCfg = Debug|Win32
		{FAF29ED5-CFCB-491D-BD0C-45DC2D6D66D3}.Debug|x86.Build.0 = Debug|Win32
		{FAF29ED5-CFCB-491D-BD0C-45DC2D6D66D3}.Release|x64.ActiveCfg = Release|x64
		{FAF29ED5-CFCB-491D-BD0C-45DC2D6D66D3}.Release|x64.Build.0 = Release|x64
		{FAF29ED5-CFCB-491D-BD0C-45DC2D6D66D3}.Release|x86.ActiveCfg = Release|Win32
		{FAF29ED5-CFCB-491D-BD0C-45DC2D6D66D3}.Release|x86.Build.0 = Release|Win32
		{BF382297-795A-44BA-B8F9-AA1C91C7DC00}.Debug|x64.ActiveCfg = Debug|x64
		{BF382297-795A-44BA-B8F9-AA1C91C7DC00}.Debug|x64.Build.0 = Debug|x64
		{BF382297-795A-44BA-B8F9-AA1C91C7DC00}.Debug|x86.ActiveCfg = Debug|Win32
		{BF382297-795A-44BA-B8F9-AA1C91C7DC00}.Debug|x86.Build.0 = Debug|Win32
		{BF382297-795A-44BA-B8F9-AA1C91C7DC00}.Release|x64.ActiveCfg = Release|x64
		{BF382297-795A-44BA-B8F9-AA1C91C7DC00}.Release|x64.Build.0 = Release|x64
		{BF382297-795A-44BA-B8F9-AA1C91C7DC00}.Release|x86.ActiveCfg = Release|Win32
		{BF382297-795A-44BA-B8F9-AA1C91C7DC00}.Release|x86.Build.0 = Release|Win32
		{B1EDA775-D092-4A87-BD9D-413BD3696CC0}.Debug|x64.ActiveCfg = Debug|x64
		{B1EDA775-D092-4A87-BD9D-413BD3696CC0}.Debug|x64.Build.0 = Debug|x64
		{B1EDA775-D092-4A87-BD9D-413BD3696CC0}.Debug|x86.ActiveCfg = Debug|Win32
		{B1EDA775-D092-4A87-BD9D-413BD3696CC0}.Debug|x86.Build.0 = Debug|Win32
		{B1EDA775-D092-4A87-BD9D-413BD3696CC0}.Release|x64.ActiveCfg = Release|x64
		{B1EDA775-D092-4A87-BD9D-413BD3696CC0}.Release|x64.Build.0 = Release|x64
		{B1EDA775-D092-4A87-BD9D-413BD3696CC0}.Release|x86.ActiveCfg = Release|Win32
		{B1EDA775-D092-4A87-BD9D-413BD3696CC0}.Release|x86.Build.0 = Release|Win32
		{F151F84B-B7A7-453D-B672-D42F17AED97B}.Debug|x64.ActiveCfg = Debug|x64
		{F151F84B-B7A7-453D-B672-D42F17AED97B}.Debug|x64.Build.0 = Debug|x64
		{F151F84B-B7A7-453D-B672-D42F17AED97B}.Debug|x86.ActiveCfg = Debug|Win32
		{F151F84B-B7A7-453D-B672-D42F17AED97B}.Debug|x86.Build.0 = Debug|Win32
		{F151F84B-B7A7-453D-B672-D42F17AED97B}.Release|x64.ActiveCfg = Release|x64
		{F151F84B-B7A7-453D-B672-D42F17AED97B}.Release|x64.Build.0 = Release|x64
		{F151F84B-B7A7-453D-B672-D42F17AED97B}.Release|x86.ActiveCfg = Release|Win32
		{F151F84B-B7A7-453D-B672-D42F17AED97B}.Release|x86.Build.0 = Release|Win32
		{A2E62ABE-BB98-4FB0-B207-D06838C96892}.Debug|x64.ActiveCfg = Debug|x64
		{A2E62ABE-BB98-4FB0-B207-D06838C96892}.Debug|x64.Build.0 = Debug|x64
		{A2E62ABE-BB98-4FB0-B207-D06838C96892}.Debug|x86.ActiveCfg = Debug|Win32
		{A2E62ABE-BB98-4FB0-B207-D06838C96892}.Debug|x86.Build.0 = Debug|Win32
		{A2E62ABE-BB98-4FB0-B207-D06838C96892}.Release|x64.ActiveCfg = Release|x64
		{A2E62ABE-BB98-4FB0-B207-D06838C96892}.Release|x64.Build.0 = Release|x64
		{A2E62ABE-BB98-4FB0-B207-D06838C96892}.Release|x86.ActiveCfg = Release|Win32
		{A2E62ABE-BB98-4FB0-B207-D06838C96892}.Release|x86.Build.0 = Release|Win32
		{2580D4AC-05BF-4498-9462-D29DF864580E}.Debug|x64.ActiveCfg = Debug|x64
		{2580D4AC-05BF-4498-9462-D29DF864580E}.Debug|x64.Build.0 = Debug|x64
		{2580D4AC-05BF-4498-9462-D29DF864580E}.Debug|x86.ActiveCfg = Debug|Win32
		{2580D4AC-05BF-4498-9462-D29DF864580E}.Debug|x86.Build.0 = Debug|Win32
		{2580D4AC-05BF-4498-9462-D29DF864580E}.Release|x64.ActiveCfg = Release|x64
		{2580D4AC-05BF-4498-9462-D29DF864580E}.Release|x64.Build.0 = Release|x64
		{2580D4AC-05BF-4498-9462-D29DF864580E}.Release|x86.ActiveCfg = Release|Win32
		{2580D4AC-05BF-4498-9462-D29DF864580E}.Release|x86.Build.0 = Release|Win32
		{C33869C1-78BC-44A8-8A43-E235FAAF84E2}.Debug|x64.ActiveCfg = Debug|x64
		{C33869C1-78BC-44A8-8A43-E235FAAF84E2}.Debug|x64.Build.0 = Debug|x64
		{C33869C1-78BC-44A8-8A43-E235FAAF84E2}.Debug|x86.ActiveCfg = Debug|Win32
		{C33869C1-78BC-44A8-8A43-E235FAAF84E2}.Debug|x86.Build.0 = Debug|Win32
		{C33869C1-78BC-44A8-8A43-E235FAAF84E2}.Release|x64.ActiveCfg = Release|x64
		{C33869C1-78BC-44A8-8A43-E235FAAF84E2}.Release|x64.Build.0 = Release|x64
		{C33869C1-78BC-44A8-8A43-E235FAAF84E2}.Release|x86.ActiveCfg = Release|Win32
		{C33869C1-78BC-44A8-8A43-E235FAAF84E2}.Release|x86.Build.0 = Release|Win32
		{BFF7D1F0-3E39-4927-A459-B11DC815B44D}.Debug|x64.ActiveCfg = Debug|x64
		{BFF7D1F0-3E39-4927-A459-B11DC815B44D}.Debug|x64.Build.0 = Debug|x64
		{BFF7D1F0-3E39-4927-A459-B11DC815B44D}.Debug|x86.ActiveCfg = Debug|Win32
		{BFF7D1F0-3E39-4927-A459-B11DC815B44D}.Debug|x86.Build.0 = Debug|Win32
		{BFF7D1F0-3E39-4927-A459-B11DC815B44D}.Release|x64.ActiveCfg = Release|x64
		{BFF7D1F0-3E39-4927-A459-B11DC815B44D}.Release|x64.Build.0 = Release|x64
		{BFF7D1F0-3E39-4927-A459-B11DC815B44D}.Release|x86.ActiveCfg = Release|Win32
		{BFF7D1F0-3E39-4927-A459-B11DC815B44D}.Release|x86.Build.0 = Release|Win32
		{8248274B-1819-4848-8AFF-0861121BEBF5}.Debug|x64.ActiveCfg = Debug|x64
		{8248274B-1819-4848-8AFF-0861121BEBF5}.Debug|x64.Build.0 = Debug|x64
		{8248274B-1819-4848-8AFF-0861121BEBF5}.Debug|x86.ActiveCfg = Debug|Win32
		{8248274B-1819-4848-8AFF-0861121BEBF5}.Debug|x86.Build.0 = Debug|Win32
		{8248274B-1819-4848-8AFF-0861121BEBF5}.Release|x64.ActiveCfg = Release|x64
		{8248274B-1819-4848-8AFF-0861121BEBF5}.Release|x64.Build.0 = Release|x64
		{8248274B-1819-4848-8AFF-0861121BEBF5}.Release|x86.ActiveCfg = Release|Win32
		{8248274B-1819-4848-8AFF-0861121BEBF5}.Release|x86.Build.0 = Release|Win32
		{F01A7586-A74E-466A-8100-5D52BEE888E5}.Debug|x64.ActiveCfg = Debug|x64
		{F01A7586-A74E-466A-8100-5D52BEE888E5}.Debug|x64.Build.0 = Debug|x64
		{F01A7586-A74E-466A-8100-5D52BEE888E5}.Debug|x86.ActiveCfg = Debug|Win32
		{F01A7586-A74E-466A-8100-5D52BEE888E5}.Debug|x86.Build.0 = Debug|Win32
		{F01A7586-A74E-466A-8100-5D52BEE888E5}.Release|x64.ActiveCfg = Release|x64
		{F01A7586-A74E-466A-8100-5D52BEE888E5}.Release|x64.Build.0 = Release|x64
		{F01A7586-A74E-466A-8100-5D52BEE888E5}.Release|x86.ActiveCfg = Release|Win32
		{F01A7586-A74E-466A-8100-5D52BEE888E5}.Release|x86.Build.0 = Release|Win32
	EndGlobalSection
	GlobalSection(SolutionProperties) = preSolution
		HideSolutionNode = FALSE
	EndGlobalSection
	GlobalSection(ExtensibilityGlobals) = postSolution
		SolutionGuid = {7E102CC8-771F-4DF6-BA89-EA0627515550}
	EndGlobalSection
EndGlobal
