
Microsoft Visual Studio Solution File, Format Version 12.00
# Visual Studio Version 16
VisualStudioVersion = 16.0.30104.148
MinimumVisualStudioVersion = 10.0.40219.1
Project("{8BC9CEB8-8B4A-11D0-8D11-00A0C91BC942}") = "Day009", "Day009\Day009.vcxproj", "{154519CB-20D1-4E3F-8260-0A42B9418857}"
EndProject
Project("{8BC9CEB8-8B4A-11D0-8D11-00A0C91BC942}") = "Project1", "Project1\Project1.vcxproj", "{3A575500-DE9B-4F85-AB83-DBE48822A105}"
EndProject
Project("{8BC9CEB8-8B4A-11D0-8D11-00A0C91BC942}") = "Project2", "Project2\Project2.vcxproj", "{886C1C58-920B-451D-842C-24BA7DAC432B}"
EndProject
Project("{8BC9CEB8-8B4A-11D0-8D11-00A0C91BC942}") = "Project3", "Project3\Project3.vcxproj", "{CBC289B9-81E5-4B99-B6B1-B6E7776057F9}"
EndProject
Project("{8BC9CEB8-8B4A-11D0-8D11-00A0C91BC942}") = "Project4", "Project4\Project4.vcxproj", "{CB237D5E-EDE7-494C-B253-0C066F1A6CC1}"
EndProject
Project("{8BC9CEB8-8B4A-11D0-8D11-00A0C91BC942}") = "Banking System", "Banking System\Banking System.vcxproj", "{8396FC4A-5D9A-4391-A1E2-04AEDB6EFD7D}"
EndProject
Project("{8BC9CEB8-8B4A-11D0-8D11-00A0C91BC942}") = "Error_exam", "Error_exam\Error_exam.vcxproj", "{A892830B-97E4-4C81-AD00-DFADFA4452B7}"
EndProject
Project("{8BC9CEB8-8B4A-11D0-8D11-00A0C91BC942}") = "Project5", "Project5\Project5.vcxproj", "{21F71A0A-A8C5-42C0-BDB3-E7AE4EA73FDB}"
EndProject
Project("{8BC9CEB8-8B4A-11D0-8D11-00A0C91BC942}") = "Project6", "Project6\Project6.vcxproj", "{454C7DA3-E362-44DD-9223-CA4A34623409}"
EndProject
Project("{8BC9CEB8-8B4A-11D0-8D11-00A0C91BC942}") = "Bank_new", "Bank_new\Bank_new.vcxproj", "{B6F8F9FA-80CA-4890-9241-7A2E45A581A2}"
EndProject
Project("{8BC9CEB8-8B4A-11D0-8D11-00A0C91BC942}") = "Matrix", "Matrix\Matrix.vcxproj", "{EC26C405-A5B7-4C44-97E9-2717A1B23309}"
EndProject
Global
	GlobalSection(SolutionConfigurationPlatforms) = preSolution
		Debug|x64 = Debug|x64
		Debug|x86 = Debug|x86
		Release|x64 = Release|x64
		Release|x86 = Release|x86
	EndGlobalSection
	GlobalSection(ProjectConfigurationPlatforms) = postSolution
		{154519CB-20D1-4E3F-8260-0A42B9418857}.Debug|x64.ActiveCfg = Debug|x64
		{154519CB-20D1-4E3F-8260-0A42B9418857}.Debug|x64.Build.0 = Debug|x64
		{154519CB-20D1-4E3F-8260-0A42B9418857}.Debug|x86.ActiveCfg = Debug|Win32
		{154519CB-20D1-4E3F-8260-0A42B9418857}.Debug|x86.Build.0 = Debug|Win32
		{154519CB-20D1-4E3F-8260-0A42B9418857}.Release|x64.ActiveCfg = Release|x64
		{154519CB-20D1-4E3F-8260-0A42B9418857}.Release|x64.Build.0 = Release|x64
		{154519CB-20D1-4E3F-8260-0A42B9418857}.Release|x86.ActiveCfg = Release|Win32
		{154519CB-20D1-4E3F-8260-0A42B9418857}.Release|x86.Build.0 = Release|Win32
		{3A575500-DE9B-4F85-AB83-DBE48822A105}.Debug|x64.ActiveCfg = Debug|x64
		{3A575500-DE9B-4F85-AB83-DBE48822A105}.Debug|x64.Build.0 = Debug|x64
		{3A575500-DE9B-4F85-AB83-DBE48822A105}.Debug|x86.ActiveCfg = Debug|Win32
		{3A575500-DE9B-4F85-AB83-DBE48822A105}.Debug|x86.Build.0 = Debug|Win32
		{3A575500-DE9B-4F85-AB83-DBE48822A105}.Release|x64.ActiveCfg = Release|x64
		{3A575500-DE9B-4F85-AB83-DBE48822A105}.Release|x64.Build.0 = Release|x64
		{3A575500-DE9B-4F85-AB83-DBE48822A105}.Release|x86.ActiveCfg = Release|Win32
		{3A575500-DE9B-4F85-AB83-DBE48822A105}.Release|x86.Build.0 = Release|Win32
		{886C1C58-920B-451D-842C-24BA7DAC432B}.Debug|x64.ActiveCfg = Debug|x64
		{886C1C58-920B-451D-842C-24BA7DAC432B}.Debug|x64.Build.0 = Debug|x64
		{886C1C58-920B-451D-842C-24BA7DAC432B}.Debug|x86.ActiveCfg = Debug|Win32
		{886C1C58-920B-451D-842C-24BA7DAC432B}.Debug|x86.Build.0 = Debug|Win32
		{886C1C58-920B-451D-842C-24BA7DAC432B}.Release|x64.ActiveCfg = Release|x64
		{886C1C58-920B-451D-842C-24BA7DAC432B}.Release|x64.Build.0 = Release|x64
		{886C1C58-920B-451D-842C-24BA7DAC432B}.Release|x86.ActiveCfg = Release|Win32
		{886C1C58-920B-451D-842C-24BA7DAC432B}.Release|x86.Build.0 = Release|Win32
		{CBC289B9-81E5-4B99-B6B1-B6E7776057F9}.Debug|x64.ActiveCfg = Debug|x64
		{CBC289B9-81E5-4B99-B6B1-B6E7776057F9}.Debug|x64.Build.0 = Debug|x64
		{CBC289B9-81E5-4B99-B6B1-B6E7776057F9}.Debug|x86.ActiveCfg = Debug|Win32
		{CBC289B9-81E5-4B99-B6B1-B6E7776057F9}.Debug|x86.Build.0 = Debug|Win32
		{CBC289B9-81E5-4B99-B6B1-B6E7776057F9}.Release|x64.ActiveCfg = Release|x64
		{CBC289B9-81E5-4B99-B6B1-B6E7776057F9}.Release|x64.Build.0 = Release|x64
		{CBC289B9-81E5-4B99-B6B1-B6E7776057F9}.Release|x86.ActiveCfg = Release|Win32
		{CBC289B9-81E5-4B99-B6B1-B6E7776057F9}.Release|x86.Build.0 = Release|Win32
		{CB237D5E-EDE7-494C-B253-0C066F1A6CC1}.Debug|x64.ActiveCfg = Debug|x64
		{CB237D5E-EDE7-494C-B253-0C066F1A6CC1}.Debug|x64.Build.0 = Debug|x64
		{CB237D5E-EDE7-494C-B253-0C066F1A6CC1}.Debug|x86.ActiveCfg = Debug|Win32
		{CB237D5E-EDE7-494C-B253-0C066F1A6CC1}.Debug|x86.Build.0 = Debug|Win32
		{CB237D5E-EDE7-494C-B253-0C066F1A6CC1}.Release|x64.ActiveCfg = Release|x64
		{CB237D5E-EDE7-494C-B253-0C066F1A6CC1}.Release|x64.Build.0 = Release|x64
		{CB237D5E-EDE7-494C-B253-0C066F1A6CC1}.Release|x86.ActiveCfg = Release|Win32
		{CB237D5E-EDE7-494C-B253-0C066F1A6CC1}.Release|x86.Build.0 = Release|Win32
		{8396FC4A-5D9A-4391-A1E2-04AEDB6EFD7D}.Debug|x64.ActiveCfg = Debug|x64
		{8396FC4A-5D9A-4391-A1E2-04AEDB6EFD7D}.Debug|x64.Build.0 = Debug|x64
		{8396FC4A-5D9A-4391-A1E2-04AEDB6EFD7D}.Debug|x86.ActiveCfg = Debug|Win32
		{8396FC4A-5D9A-4391-A1E2-04AEDB6EFD7D}.Debug|x86.Build.0 = Debug|Win32
		{8396FC4A-5D9A-4391-A1E2-04AEDB6EFD7D}.Release|x64.ActiveCfg = Release|x64
		{8396FC4A-5D9A-4391-A1E2-04AEDB6EFD7D}.Release|x64.Build.0 = Release|x64
		{8396FC4A-5D9A-4391-A1E2-04AEDB6EFD7D}.Release|x86.ActiveCfg = Release|Win32
		{8396FC4A-5D9A-4391-A1E2-04AEDB6EFD7D}.Release|x86.Build.0 = Release|Win32
		{A892830B-97E4-4C81-AD00-DFADFA4452B7}.Debug|x64.ActiveCfg = Debug|x64
		{A892830B-97E4-4C81-AD00-DFADFA4452B7}.Debug|x64.Build.0 = Debug|x64
		{A892830B-97E4-4C81-AD00-DFADFA4452B7}.Debug|x86.ActiveCfg = Debug|Win32
		{A892830B-97E4-4C81-AD00-DFADFA4452B7}.Debug|x86.Build.0 = Debug|Win32
		{A892830B-97E4-4C81-AD00-DFADFA4452B7}.Release|x64.ActiveCfg = Release|x64
		{A892830B-97E4-4C81-AD00-DFADFA4452B7}.Release|x64.Build.0 = Release|x64
		{A892830B-97E4-4C81-AD00-DFADFA4452B7}.Release|x86.ActiveCfg = Release|Win32
		{A892830B-97E4-4C81-AD00-DFADFA4452B7}.Release|x86.Build.0 = Release|Win32
		{21F71A0A-A8C5-42C0-BDB3-E7AE4EA73FDB}.Debug|x64.ActiveCfg = Debug|x64
		{21F71A0A-A8C5-42C0-BDB3-E7AE4EA73FDB}.Debug|x64.Build.0 = Debug|x64
		{21F71A0A-A8C5-42C0-BDB3-E7AE4EA73FDB}.Debug|x86.ActiveCfg = Debug|Win32
		{21F71A0A-A8C5-42C0-BDB3-E7AE4EA73FDB}.Debug|x86.Build.0 = Debug|Win32
		{21F71A0A-A8C5-42C0-BDB3-E7AE4EA73FDB}.Release|x64.ActiveCfg = Release|x64
		{21F71A0A-A8C5-42C0-BDB3-E7AE4EA73FDB}.Release|x64.Build.0 = Release|x64
		{21F71A0A-A8C5-42C0-BDB3-E7AE4EA73FDB}.Release|x86.ActiveCfg = Release|Win32
		{21F71A0A-A8C5-42C0-BDB3-E7AE4EA73FDB}.Release|x86.Build.0 = Release|Win32
		{454C7DA3-E362-44DD-9223-CA4A34623409}.Debug|x64.ActiveCfg = Debug|x64
		{454C7DA3-E362-44DD-9223-CA4A34623409}.Debug|x64.Build.0 = Debug|x64
		{454C7DA3-E362-44DD-9223-CA4A34623409}.Debug|x86.ActiveCfg = Debug|Win32
		{454C7DA3-E362-44DD-9223-CA4A34623409}.Debug|x86.Build.0 = Debug|Win32
		{454C7DA3-E362-44DD-9223-CA4A34623409}.Release|x64.ActiveCfg = Release|x64
		{454C7DA3-E362-44DD-9223-CA4A34623409}.Release|x64.Build.0 = Release|x64
		{454C7DA3-E362-44DD-9223-CA4A34623409}.Release|x86.ActiveCfg = Release|Win32
		{454C7DA3-E362-44DD-9223-CA4A34623409}.Release|x86.Build.0 = Release|Win32
		{B6F8F9FA-80CA-4890-9241-7A2E45A581A2}.Debug|x64.ActiveCfg = Debug|x64
		{B6F8F9FA-80CA-4890-9241-7A2E45A581A2}.Debug|x64.Build.0 = Debug|x64
		{B6F8F9FA-80CA-4890-9241-7A2E45A581A2}.Debug|x86.ActiveCfg = Debug|Win32
		{B6F8F9FA-80CA-4890-9241-7A2E45A581A2}.Debug|x86.Build.0 = Debug|Win32
		{B6F8F9FA-80CA-4890-9241-7A2E45A581A2}.Release|x64.ActiveCfg = Release|x64
		{B6F8F9FA-80CA-4890-9241-7A2E45A581A2}.Release|x64.Build.0 = Release|x64
		{B6F8F9FA-80CA-4890-9241-7A2E45A581A2}.Release|x86.ActiveCfg = Release|Win32
		{B6F8F9FA-80CA-4890-9241-7A2E45A581A2}.Release|x86.Build.0 = Release|Win32
		{EC26C405-A5B7-4C44-97E9-2717A1B23309}.Debug|x64.ActiveCfg = Debug|x64
		{EC26C405-A5B7-4C44-97E9-2717A1B23309}.Debug|x64.Build.0 = Debug|x64
		{EC26C405-A5B7-4C44-97E9-2717A1B23309}.Debug|x86.ActiveCfg = Debug|Win32
		{EC26C405-A5B7-4C44-97E9-2717A1B23309}.Debug|x86.Build.0 = Debug|Win32
		{EC26C405-A5B7-4C44-97E9-2717A1B23309}.Release|x64.ActiveCfg = Release|x64
		{EC26C405-A5B7-4C44-97E9-2717A1B23309}.Release|x64.Build.0 = Release|x64
		{EC26C405-A5B7-4C44-97E9-2717A1B23309}.Release|x86.ActiveCfg = Release|Win32
		{EC26C405-A5B7-4C44-97E9-2717A1B23309}.Release|x86.Build.0 = Release|Win32
	EndGlobalSection
	GlobalSection(SolutionProperties) = preSolution
		HideSolutionNode = FALSE
	EndGlobalSection
	GlobalSection(ExtensibilityGlobals) = postSolution
		SolutionGuid = {5B651D1F-D82F-44EB-9C31-99E421927CDB}
	EndGlobalSection
EndGlobal
