
Microsoft Visual Studio Solution File, Format Version 12.00
# Visual Studio Version 16
VisualStudioVersion = 16.0.30104.148
MinimumVisualStudioVersion = 10.0.40219.1
Project("{8BC9CEB8-8B4A-11D0-8D11-00A0C91BC942}") = "Day003", "Day003\Day003.vcxproj", "{F6C41596-B017-478D-B6BE-E54F98D11159}"
EndProject
Project("{8BC9CEB8-8B4A-11D0-8D11-00A0C91BC942}") = "Exam_01", "Exam_01\Exam_01.vcxproj", "{AD93145D-892E-49F5-8319-2CBF9CF6606E}"
EndProject
Project("{8BC9CEB8-8B4A-11D0-8D11-00A0C91BC942}") = "Exam_02", "Exam_02\Exam_02.vcxproj", "{FE200C21-3A6D-47B3-9111-E6F3072401F4}"
EndProject
Project("{8BC9CEB8-8B4A-11D0-8D11-00A0C91BC942}") = "Exam_03", "Exam_03\Exam_03.vcxproj", "{88CDF9F9-0823-43C9-8D94-C7626B731F61}"
EndProject
Project("{8BC9CEB8-8B4A-11D0-8D11-00A0C91BC942}") = "Exam_04", "Exam_04\Exam_04.vcxproj", "{68C77B43-74FA-47FD-8E54-581799DA6F0D}"
EndProject
Project("{8BC9CEB8-8B4A-11D0-8D11-00A0C91BC942}") = "Exam_05", "Exam_05\Exam_05.vcxproj", "{227F6A58-2E0F-4461-A073-A2DE2622337C}"
EndProject
Project("{8BC9CEB8-8B4A-11D0-8D11-00A0C91BC942}") = "Exam_06", "Exam_06\Exam_06.vcxproj", "{CDD6F36B-63F1-47C6-85E9-A6A25CB02A55}"
EndProject
Project("{8BC9CEB8-8B4A-11D0-8D11-00A0C91BC942}") = "Exam_07", "Exam_07\Exam_07.vcxproj", "{56BFD78B-A242-45D9-AEAF-044BA66FD51C}"
EndProject
Project("{8BC9CEB8-8B4A-11D0-8D11-00A0C91BC942}") = "Exam_08", "Exam_08\Exam_08.vcxproj", "{226DD667-3AD1-4E02-A92E-3FDDD369CAB1}"
EndProject
Project("{8BC9CEB8-8B4A-11D0-8D11-00A0C91BC942}") = "Exam_09", "Exam_09\Exam_09.vcxproj", "{0DB2DC4E-BDBE-4CF6-875A-8FE5956BDF1D}"
EndProject
Project("{8BC9CEB8-8B4A-11D0-8D11-00A0C91BC942}") = "Exam_10", "Exam_10\Exam_10.vcxproj", "{A5D641B6-6834-494B-BDA6-6FBB4AA7643A}"
EndProject
Project("{8BC9CEB8-8B4A-11D0-8D11-00A0C91BC942}") = "Exam_11", "Exam_11\Exam_11.vcxproj", "{3A2E5856-26CC-47CC-9C17-F1E3ED7CF306}"
EndProject
Project("{8BC9CEB8-8B4A-11D0-8D11-00A0C91BC942}") = "Exam_12", "Exam_12\Exam_12.vcxproj", "{07B4B647-59B2-41C6-81FD-2A74AFBC45ED}"
EndProject
Project("{8BC9CEB8-8B4A-11D0-8D11-00A0C91BC942}") = "Exam_13", "Exam_13\Exam_13.vcxproj", "{00CC3806-4427-4318-909B-8BB487198608}"
EndProject
Project("{8BC9CEB8-8B4A-11D0-8D11-00A0C91BC942}") = "Exam_14", "Exam_14\Exam_14.vcxproj", "{0CE3D2E6-77A8-47FC-ADD5-0A67E90B23AF}"
EndProject
Project("{8BC9CEB8-8B4A-11D0-8D11-00A0C91BC942}") = "Exam_15", "Exam_15\Exam_15.vcxproj", "{94424A63-52F4-4A27-99A2-7826561AD8E3}"
EndProject
Project("{8BC9CEB8-8B4A-11D0-8D11-00A0C91BC942}") = "Exam_16", "Exam_16\Exam_16.vcxproj", "{70C6399D-C304-4077-BF01-DF563C301F40}"
EndProject
Project("{8BC9CEB8-8B4A-11D0-8D11-00A0C91BC942}") = "Exam_17", "Exam_17\Exam_17.vcxproj", "{5E628E25-4F64-4815-85DD-364D5015568D}"
EndProject
Project("{8BC9CEB8-8B4A-11D0-8D11-00A0C91BC942}") = "Function_01", "Function_01\Function_01.vcxproj", "{1633AFE2-386F-4D06-A80E-EDACB94BDC41}"
EndProject
Project("{8BC9CEB8-8B4A-11D0-8D11-00A0C91BC942}") = "Function_02", "Function_02\Function_02.vcxproj", "{F34FD688-D8CF-4F2D-9B60-E8A40C0B1CC0}"
EndProject
Project("{8BC9CEB8-8B4A-11D0-8D11-00A0C91BC942}") = "Function_03", "Function_03\Function_03.vcxproj", "{27A27AAC-A7B9-4319-AF66-4E417B541500}"
EndProject
Project("{8BC9CEB8-8B4A-11D0-8D11-00A0C91BC942}") = "Array_01", "Array_01\Array_01.vcxproj", "{BEA08174-604D-4998-8A9F-009D2130116D}"
EndProject
Project("{8BC9CEB8-8B4A-11D0-8D11-00A0C91BC942}") = "Array_02", "Array_02\Array_02.vcxproj", "{641D1AF9-7B0C-454F-AAA9-221696E0BF68}"
EndProject
Project("{8BC9CEB8-8B4A-11D0-8D11-00A0C91BC942}") = "Array_03", "Array_03\Array_03.vcxproj", "{5C4A5AB4-25B0-4C8E-B055-7EA3B4C3E54B}"
EndProject
Project("{8BC9CEB8-8B4A-11D0-8D11-00A0C91BC942}") = "Array_04", "Array_04\Array_04.vcxproj", "{6F1FE43F-D09C-4B46-9B52-06B727FBCBE6}"
EndProject
Project("{8BC9CEB8-8B4A-11D0-8D11-00A0C91BC942}") = "Score", "Score\Score.vcxproj", "{DEE0E02F-289B-4CE4-A769-12F4CF896B19}"
EndProject
Project("{8BC9CEB8-8B4A-11D0-8D11-00A0C91BC942}") = "HW", "HW\HW.vcxproj", "{C05A6E52-9D71-4B36-AD4E-B817E52CA96D}"
EndProject
Global
	GlobalSection(SolutionConfigurationPlatforms) = preSolution
		Debug|x64 = Debug|x64
		Debug|x86 = Debug|x86
		Release|x64 = Release|x64
		Release|x86 = Release|x86
	EndGlobalSection
	GlobalSection(ProjectConfigurationPlatforms) = postSolution
		{F6C41596-B017-478D-B6BE-E54F98D11159}.Debug|x64.ActiveCfg = Debug|x64
		{F6C41596-B017-478D-B6BE-E54F98D11159}.Debug|x64.Build.0 = Debug|x64
		{F6C41596-B017-478D-B6BE-E54F98D11159}.Debug|x86.ActiveCfg = Debug|Win32
		{F6C41596-B017-478D-B6BE-E54F98D11159}.Debug|x86.Build.0 = Debug|Win32
		{F6C41596-B017-478D-B6BE-E54F98D11159}.Release|x64.ActiveCfg = Release|x64
		{F6C41596-B017-478D-B6BE-E54F98D11159}.Release|x64.Build.0 = Release|x64
		{F6C41596-B017-478D-B6BE-E54F98D11159}.Release|x86.ActiveCfg = Release|Win32
		{F6C41596-B017-478D-B6BE-E54F98D11159}.Release|x86.Build.0 = Release|Win32
		{AD93145D-892E-49F5-8319-2CBF9CF6606E}.Debug|x64.ActiveCfg = Debug|x64
		{AD93145D-892E-49F5-8319-2CBF9CF6606E}.Debug|x64.Build.0 = Debug|x64
		{AD93145D-892E-49F5-8319-2CBF9CF6606E}.Debug|x86.ActiveCfg = Debug|Win32
		{AD93145D-892E-49F5-8319-2CBF9CF6606E}.Debug|x86.Build.0 = Debug|Win32
		{AD93145D-892E-49F5-8319-2CBF9CF6606E}.Release|x64.ActiveCfg = Release|x64
		{AD93145D-892E-49F5-8319-2CBF9CF6606E}.Release|x64.Build.0 = Release|x64
		{AD93145D-892E-49F5-8319-2CBF9CF6606E}.Release|x86.ActiveCfg = Release|Win32
		{AD93145D-892E-49F5-8319-2CBF9CF6606E}.Release|x86.Build.0 = Release|Win32
		{FE200C21-3A6D-47B3-9111-E6F3072401F4}.Debug|x64.ActiveCfg = Debug|x64
		{FE200C21-3A6D-47B3-9111-E6F3072401F4}.Debug|x64.Build.0 = Debug|x64
		{FE200C21-3A6D-47B3-9111-E6F3072401F4}.Debug|x86.ActiveCfg = Debug|Win32
		{FE200C21-3A6D-47B3-9111-E6F3072401F4}.Debug|x86.Build.0 = Debug|Win32
		{FE200C21-3A6D-47B3-9111-E6F3072401F4}.Release|x64.ActiveCfg = Release|x64
		{FE200C21-3A6D-47B3-9111-E6F3072401F4}.Release|x64.Build.0 = Release|x64
		{FE200C21-3A6D-47B3-9111-E6F3072401F4}.Release|x86.ActiveCfg = Release|Win32
		{FE200C21-3A6D-47B3-9111-E6F3072401F4}.Release|x86.Build.0 = Release|Win32
		{88CDF9F9-0823-43C9-8D94-C7626B731F61}.Debug|x64.ActiveCfg = Debug|x64
		{88CDF9F9-0823-43C9-8D94-C7626B731F61}.Debug|x64.Build.0 = Debug|x64
		{88CDF9F9-0823-43C9-8D94-C7626B731F61}.Debug|x86.ActiveCfg = Debug|Win32
		{88CDF9F9-0823-43C9-8D94-C7626B731F61}.Debug|x86.Build.0 = Debug|Win32
		{88CDF9F9-0823-43C9-8D94-C7626B731F61}.Release|x64.ActiveCfg = Release|x64
		{88CDF9F9-0823-43C9-8D94-C7626B731F61}.Release|x64.Build.0 = Release|x64
		{88CDF9F9-0823-43C9-8D94-C7626B731F61}.Release|x86.ActiveCfg = Release|Win32
		{88CDF9F9-0823-43C9-8D94-C7626B731F61}.Release|x86.Build.0 = Release|Win32
		{68C77B43-74FA-47FD-8E54-581799DA6F0D}.Debug|x64.ActiveCfg = Debug|x64
		{68C77B43-74FA-47FD-8E54-581799DA6F0D}.Debug|x64.Build.0 = Debug|x64
		{68C77B43-74FA-47FD-8E54-581799DA6F0D}.Debug|x86.ActiveCfg = Debug|Win32
		{68C77B43-74FA-47FD-8E54-581799DA6F0D}.Debug|x86.Build.0 = Debug|Win32
		{68C77B43-74FA-47FD-8E54-581799DA6F0D}.Release|x64.ActiveCfg = Release|x64
		{68C77B43-74FA-47FD-8E54-581799DA6F0D}.Release|x64.Build.0 = Release|x64
		{68C77B43-74FA-47FD-8E54-581799DA6F0D}.Release|x86.ActiveCfg = Release|Win32
		{68C77B43-74FA-47FD-8E54-581799DA6F0D}.Release|x86.Build.0 = Release|Win32
		{227F6A58-2E0F-4461-A073-A2DE2622337C}.Debug|x64.ActiveCfg = Debug|x64
		{227F6A58-2E0F-4461-A073-A2DE2622337C}.Debug|x64.Build.0 = Debug|x64
		{227F6A58-2E0F-4461-A073-A2DE2622337C}.Debug|x86.ActiveCfg = Debug|Win32
		{227F6A58-2E0F-4461-A073-A2DE2622337C}.Debug|x86.Build.0 = Debug|Win32
		{227F6A58-2E0F-4461-A073-A2DE2622337C}.Release|x64.ActiveCfg = Release|x64
		{227F6A58-2E0F-4461-A073-A2DE2622337C}.Release|x64.Build.0 = Release|x64
		{227F6A58-2E0F-4461-A073-A2DE2622337C}.Release|x86.ActiveCfg = Release|Win32
		{227F6A58-2E0F-4461-A073-A2DE2622337C}.Release|x86.Build.0 = Release|Win32
		{CDD6F36B-63F1-47C6-85E9-A6A25CB02A55}.Debug|x64.ActiveCfg = Debug|x64
		{CDD6F36B-63F1-47C6-85E9-A6A25CB02A55}.Debug|x64.Build.0 = Debug|x64
		{CDD6F36B-63F1-47C6-85E9-A6A25CB02A55}.Debug|x86.ActiveCfg = Debug|Win32
		{CDD6F36B-63F1-47C6-85E9-A6A25CB02A55}.Debug|x86.Build.0 = Debug|Win32
		{CDD6F36B-63F1-47C6-85E9-A6A25CB02A55}.Release|x64.ActiveCfg = Release|x64
		{CDD6F36B-63F1-47C6-85E9-A6A25CB02A55}.Release|x64.Build.0 = Release|x64
		{CDD6F36B-63F1-47C6-85E9-A6A25CB02A55}.Release|x86.ActiveCfg = Release|Win32
		{CDD6F36B-63F1-47C6-85E9-A6A25CB02A55}.Release|x86.Build.0 = Release|Win32
		{56BFD78B-A242-45D9-AEAF-044BA66FD51C}.Debug|x64.ActiveCfg = Debug|x64
		{56BFD78B-A242-45D9-AEAF-044BA66FD51C}.Debug|x64.Build.0 = Debug|x64
		{56BFD78B-A242-45D9-AEAF-044BA66FD51C}.Debug|x86.ActiveCfg = Debug|Win32
		{56BFD78B-A242-45D9-AEAF-044BA66FD51C}.Debug|x86.Build.0 = Debug|Win32
		{56BFD78B-A242-45D9-AEAF-044BA66FD51C}.Release|x64.ActiveCfg = Release|x64
		{56BFD78B-A242-45D9-AEAF-044BA66FD51C}.Release|x64.Build.0 = Release|x64
		{56BFD78B-A242-45D9-AEAF-044BA66FD51C}.Release|x86.ActiveCfg = Release|Win32
		{56BFD78B-A242-45D9-AEAF-044BA66FD51C}.Release|x86.Build.0 = Release|Win32
		{226DD667-3AD1-4E02-A92E-3FDDD369CAB1}.Debug|x64.ActiveCfg = Debug|x64
		{226DD667-3AD1-4E02-A92E-3FDDD369CAB1}.Debug|x64.Build.0 = Debug|x64
		{226DD667-3AD1-4E02-A92E-3FDDD369CAB1}.Debug|x86.ActiveCfg = Debug|Win32
		{226DD667-3AD1-4E02-A92E-3FDDD369CAB1}.Debug|x86.Build.0 = Debug|Win32
		{226DD667-3AD1-4E02-A92E-3FDDD369CAB1}.Release|x64.ActiveCfg = Release|x64
		{226DD667-3AD1-4E02-A92E-3FDDD369CAB1}.Release|x64.Build.0 = Release|x64
		{226DD667-3AD1-4E02-A92E-3FDDD369CAB1}.Release|x86.ActiveCfg = Release|Win32
		{226DD667-3AD1-4E02-A92E-3FDDD369CAB1}.Release|x86.Build.0 = Release|Win32
		{0DB2DC4E-BDBE-4CF6-875A-8FE5956BDF1D}.Debug|x64.ActiveCfg = Debug|x64
		{0DB2DC4E-BDBE-4CF6-875A-8FE5956BDF1D}.Debug|x64.Build.0 = Debug|x64
		{0DB2DC4E-BDBE-4CF6-875A-8FE5956BDF1D}.Debug|x86.ActiveCfg = Debug|Win32
		{0DB2DC4E-BDBE-4CF6-875A-8FE5956BDF1D}.Debug|x86.Build.0 = Debug|Win32
		{0DB2DC4E-BDBE-4CF6-875A-8FE5956BDF1D}.Release|x64.ActiveCfg = Release|x64
		{0DB2DC4E-BDBE-4CF6-875A-8FE5956BDF1D}.Release|x64.Build.0 = Release|x64
		{0DB2DC4E-BDBE-4CF6-875A-8FE5956BDF1D}.Release|x86.ActiveCfg = Release|Win32
		{0DB2DC4E-BDBE-4CF6-875A-8FE5956BDF1D}.Release|x86.Build.0 = Release|Win32
		{A5D641B6-6834-494B-BDA6-6FBB4AA7643A}.Debug|x64.ActiveCfg = Debug|x64
		{A5D641B6-6834-494B-BDA6-6FBB4AA7643A}.Debug|x64.Build.0 = Debug|x64
		{A5D641B6-6834-494B-BDA6-6FBB4AA7643A}.Debug|x86.ActiveCfg = Debug|Win32
		{A5D641B6-6834-494B-BDA6-6FBB4AA7643A}.Debug|x86.Build.0 = Debug|Win32
		{A5D641B6-6834-494B-BDA6-6FBB4AA7643A}.Release|x64.ActiveCfg = Release|x64
		{A5D641B6-6834-494B-BDA6-6FBB4AA7643A}.Release|x64.Build.0 = Release|x64
		{A5D641B6-6834-494B-BDA6-6FBB4AA7643A}.Release|x86.ActiveCfg = Release|Win32
		{A5D641B6-6834-494B-BDA6-6FBB4AA7643A}.Release|x86.Build.0 = Release|Win32
		{3A2E5856-26CC-47CC-9C17-F1E3ED7CF306}.Debug|x64.ActiveCfg = Debug|x64
		{3A2E5856-26CC-47CC-9C17-F1E3ED7CF306}.Debug|x64.Build.0 = Debug|x64
		{3A2E5856-26CC-47CC-9C17-F1E3ED7CF306}.Debug|x86.ActiveCfg = Debug|Win32
		{3A2E5856-26CC-47CC-9C17-F1E3ED7CF306}.Debug|x86.Build.0 = Debug|Win32
		{3A2E5856-26CC-47CC-9C17-F1E3ED7CF306}.Release|x64.ActiveCfg = Release|x64
		{3A2E5856-26CC-47CC-9C17-F1E3ED7CF306}.Release|x64.Build.0 = Release|x64
		{3A2E5856-26CC-47CC-9C17-F1E3ED7CF306}.Release|x86.ActiveCfg = Release|Win32
		{3A2E5856-26CC-47CC-9C17-F1E3ED7CF306}.Release|x86.Build.0 = Release|Win32
		{07B4B647-59B2-41C6-81FD-2A74AFBC45ED}.Debug|x64.ActiveCfg = Debug|x64
		{07B4B647-59B2-41C6-81FD-2A74AFBC45ED}.Debug|x64.Build.0 = Debug|x64
		{07B4B647-59B2-41C6-81FD-2A74AFBC45ED}.Debug|x86.ActiveCfg = Debug|Win32
		{07B4B647-59B2-41C6-81FD-2A74AFBC45ED}.Debug|x86.Build.0 = Debug|Win32
		{07B4B647-59B2-41C6-81FD-2A74AFBC45ED}.Release|x64.ActiveCfg = Release|x64
		{07B4B647-59B2-41C6-81FD-2A74AFBC45ED}.Release|x64.Build.0 = Release|x64
		{07B4B647-59B2-41C6-81FD-2A74AFBC45ED}.Release|x86.ActiveCfg = Release|Win32
		{07B4B647-59B2-41C6-81FD-2A74AFBC45ED}.Release|x86.Build.0 = Release|Win32
		{00CC3806-4427-4318-909B-8BB487198608}.Debug|x64.ActiveCfg = Debug|x64
		{00CC3806-4427-4318-909B-8BB487198608}.Debug|x64.Build.0 = Debug|x64
		{00CC3806-4427-4318-909B-8BB487198608}.Debug|x86.ActiveCfg = Debug|Win32
		{00CC3806-4427-4318-909B-8BB487198608}.Debug|x86.Build.0 = Debug|Win32
		{00CC3806-4427-4318-909B-8BB487198608}.Release|x64.ActiveCfg = Release|x64
		{00CC3806-4427-4318-909B-8BB487198608}.Release|x64.Build.0 = Release|x64
		{00CC3806-4427-4318-909B-8BB487198608}.Release|x86.ActiveCfg = Release|Win32
		{00CC3806-4427-4318-909B-8BB487198608}.Release|x86.Build.0 = Release|Win32
		{0CE3D2E6-77A8-47FC-ADD5-0A67E90B23AF}.Debug|x64.ActiveCfg = Debug|x64
		{0CE3D2E6-77A8-47FC-ADD5-0A67E90B23AF}.Debug|x64.Build.0 = Debug|x64
		{0CE3D2E6-77A8-47FC-ADD5-0A67E90B23AF}.Debug|x86.ActiveCfg = Debug|Win32
		{0CE3D2E6-77A8-47FC-ADD5-0A67E90B23AF}.Debug|x86.Build.0 = Debug|Win32
		{0CE3D2E6-77A8-47FC-ADD5-0A67E90B23AF}.Release|x64.ActiveCfg = Release|x64
		{0CE3D2E6-77A8-47FC-ADD5-0A67E90B23AF}.Release|x64.Build.0 = Release|x64
		{0CE3D2E6-77A8-47FC-ADD5-0A67E90B23AF}.Release|x86.ActiveCfg = Release|Win32
		{0CE3D2E6-77A8-47FC-ADD5-0A67E90B23AF}.Release|x86.Build.0 = Release|Win32
		{94424A63-52F4-4A27-99A2-7826561AD8E3}.Debug|x64.ActiveCfg = Debug|x64
		{94424A63-52F4-4A27-99A2-7826561AD8E3}.Debug|x64.Build.0 = Debug|x64
		{94424A63-52F4-4A27-99A2-7826561AD8E3}.Debug|x86.ActiveCfg = Debug|Win32
		{94424A63-52F4-4A27-99A2-7826561AD8E3}.Debug|x86.Build.0 = Debug|Win32
		{94424A63-52F4-4A27-99A2-7826561AD8E3}.Release|x64.ActiveCfg = Release|x64
		{94424A63-52F4-4A27-99A2-7826561AD8E3}.Release|x64.Build.0 = Release|x64
		{94424A63-52F4-4A27-99A2-7826561AD8E3}.Release|x86.ActiveCfg = Release|Win32
		{94424A63-52F4-4A27-99A2-7826561AD8E3}.Release|x86.Build.0 = Release|Win32
		{70C6399D-C304-4077-BF01-DF563C301F40}.Debug|x64.ActiveCfg = Debug|x64
		{70C6399D-C304-4077-BF01-DF563C301F40}.Debug|x64.Build.0 = Debug|x64
		{70C6399D-C304-4077-BF01-DF563C301F40}.Debug|x86.ActiveCfg = Debug|Win32
		{70C6399D-C304-4077-BF01-DF563C301F40}.Debug|x86.Build.0 = Debug|Win32
		{70C6399D-C304-4077-BF01-DF563C301F40}.Release|x64.ActiveCfg = Release|x64
		{70C6399D-C304-4077-BF01-DF563C301F40}.Release|x64.Build.0 = Release|x64
		{70C6399D-C304-4077-BF01-DF563C301F40}.Release|x86.ActiveCfg = Release|Win32
		{70C6399D-C304-4077-BF01-DF563C301F40}.Release|x86.Build.0 = Release|Win32
		{5E628E25-4F64-4815-85DD-364D5015568D}.Debug|x64.ActiveCfg = Debug|x64
		{5E628E25-4F64-4815-85DD-364D5015568D}.Debug|x64.Build.0 = Debug|x64
		{5E628E25-4F64-4815-85DD-364D5015568D}.Debug|x86.ActiveCfg = Debug|Win32
		{5E628E25-4F64-4815-85DD-364D5015568D}.Debug|x86.Build.0 = Debug|Win32
		{5E628E25-4F64-4815-85DD-364D5015568D}.Release|x64.ActiveCfg = Release|x64
		{5E628E25-4F64-4815-85DD-364D5015568D}.Release|x64.Build.0 = Release|x64
		{5E628E25-4F64-4815-85DD-364D5015568D}.Release|x86.ActiveCfg = Release|Win32
		{5E628E25-4F64-4815-85DD-364D5015568D}.Release|x86.Build.0 = Release|Win32
		{1633AFE2-386F-4D06-A80E-EDACB94BDC41}.Debug|x64.ActiveCfg = Debug|x64
		{1633AFE2-386F-4D06-A80E-EDACB94BDC41}.Debug|x64.Build.0 = Debug|x64
		{1633AFE2-386F-4D06-A80E-EDACB94BDC41}.Debug|x86.ActiveCfg = Debug|Win32
		{1633AFE2-386F-4D06-A80E-EDACB94BDC41}.Debug|x86.Build.0 = Debug|Win32
		{1633AFE2-386F-4D06-A80E-EDACB94BDC41}.Release|x64.ActiveCfg = Release|x64
		{1633AFE2-386F-4D06-A80E-EDACB94BDC41}.Release|x64.Build.0 = Release|x64
		{1633AFE2-386F-4D06-A80E-EDACB94BDC41}.Release|x86.ActiveCfg = Release|Win32
		{1633AFE2-386F-4D06-A80E-EDACB94BDC41}.Release|x86.Build.0 = Release|Win32
		{F34FD688-D8CF-4F2D-9B60-E8A40C0B1CC0}.Debug|x64.ActiveCfg = Debug|x64
		{F34FD688-D8CF-4F2D-9B60-E8A40C0B1CC0}.Debug|x64.Build.0 = Debug|x64
		{F34FD688-D8CF-4F2D-9B60-E8A40C0B1CC0}.Debug|x86.ActiveCfg = Debug|Win32
		{F34FD688-D8CF-4F2D-9B60-E8A40C0B1CC0}.Debug|x86.Build.0 = Debug|Win32
		{F34FD688-D8CF-4F2D-9B60-E8A40C0B1CC0}.Release|x64.ActiveCfg = Release|x64
		{F34FD688-D8CF-4F2D-9B60-E8A40C0B1CC0}.Release|x64.Build.0 = Release|x64
		{F34FD688-D8CF-4F2D-9B60-E8A40C0B1CC0}.Release|x86.ActiveCfg = Release|Win32
		{F34FD688-D8CF-4F2D-9B60-E8A40C0B1CC0}.Release|x86.Build.0 = Release|Win32
		{27A27AAC-A7B9-4319-AF66-4E417B541500}.Debug|x64.ActiveCfg = Debug|x64
		{27A27AAC-A7B9-4319-AF66-4E417B541500}.Debug|x64.Build.0 = Debug|x64
		{27A27AAC-A7B9-4319-AF66-4E417B541500}.Debug|x86.ActiveCfg = Debug|Win32
		{27A27AAC-A7B9-4319-AF66-4E417B541500}.Debug|x86.Build.0 = Debug|Win32
		{27A27AAC-A7B9-4319-AF66-4E417B541500}.Release|x64.ActiveCfg = Release|x64
		{27A27AAC-A7B9-4319-AF66-4E417B541500}.Release|x64.Build.0 = Release|x64
		{27A27AAC-A7B9-4319-AF66-4E417B541500}.Release|x86.ActiveCfg = Release|Win32
		{27A27AAC-A7B9-4319-AF66-4E417B541500}.Release|x86.Build.0 = Release|Win32
		{BEA08174-604D-4998-8A9F-009D2130116D}.Debug|x64.ActiveCfg = Debug|x64
		{BEA08174-604D-4998-8A9F-009D2130116D}.Debug|x64.Build.0 = Debug|x64
		{BEA08174-604D-4998-8A9F-009D2130116D}.Debug|x86.ActiveCfg = Debug|Win32
		{BEA08174-604D-4998-8A9F-009D2130116D}.Debug|x86.Build.0 = Debug|Win32
		{BEA08174-604D-4998-8A9F-009D2130116D}.Release|x64.ActiveCfg = Release|x64
		{BEA08174-604D-4998-8A9F-009D2130116D}.Release|x64.Build.0 = Release|x64
		{BEA08174-604D-4998-8A9F-009D2130116D}.Release|x86.ActiveCfg = Release|Win32
		{BEA08174-604D-4998-8A9F-009D2130116D}.Release|x86.Build.0 = Release|Win32
		{641D1AF9-7B0C-454F-AAA9-221696E0BF68}.Debug|x64.ActiveCfg = Debug|x64
		{641D1AF9-7B0C-454F-AAA9-221696E0BF68}.Debug|x64.Build.0 = Debug|x64
		{641D1AF9-7B0C-454F-AAA9-221696E0BF68}.Debug|x86.ActiveCfg = Debug|Win32
		{641D1AF9-7B0C-454F-AAA9-221696E0BF68}.Debug|x86.Build.0 = Debug|Win32
		{641D1AF9-7B0C-454F-AAA9-221696E0BF68}.Release|x64.ActiveCfg = Release|x64
		{641D1AF9-7B0C-454F-AAA9-221696E0BF68}.Release|x64.Build.0 = Release|x64
		{641D1AF9-7B0C-454F-AAA9-221696E0BF68}.Release|x86.ActiveCfg = Release|Win32
		{641D1AF9-7B0C-454F-AAA9-221696E0BF68}.Release|x86.Build.0 = Release|Win32
		{5C4A5AB4-25B0-4C8E-B055-7EA3B4C3E54B}.Debug|x64.ActiveCfg = Debug|x64
		{5C4A5AB4-25B0-4C8E-B055-7EA3B4C3E54B}.Debug|x64.Build.0 = Debug|x64
		{5C4A5AB4-25B0-4C8E-B055-7EA3B4C3E54B}.Debug|x86.ActiveCfg = Debug|Win32
		{5C4A5AB4-25B0-4C8E-B055-7EA3B4C3E54B}.Debug|x86.Build.0 = Debug|Win32
		{5C4A5AB4-25B0-4C8E-B055-7EA3B4C3E54B}.Release|x64.ActiveCfg = Release|x64
		{5C4A5AB4-25B0-4C8E-B055-7EA3B4C3E54B}.Release|x64.Build.0 = Release|x64
		{5C4A5AB4-25B0-4C8E-B055-7EA3B4C3E54B}.Release|x86.ActiveCfg = Release|Win32
		{5C4A5AB4-25B0-4C8E-B055-7EA3B4C3E54B}.Release|x86.Build.0 = Release|Win32
		{6F1FE43F-D09C-4B46-9B52-06B727FBCBE6}.Debug|x64.ActiveCfg = Debug|x64
		{6F1FE43F-D09C-4B46-9B52-06B727FBCBE6}.Debug|x64.Build.0 = Debug|x64
		{6F1FE43F-D09C-4B46-9B52-06B727FBCBE6}.Debug|x86.ActiveCfg = Debug|Win32
		{6F1FE43F-D09C-4B46-9B52-06B727FBCBE6}.Debug|x86.Build.0 = Debug|Win32
		{6F1FE43F-D09C-4B46-9B52-06B727FBCBE6}.Release|x64.ActiveCfg = Release|x64
		{6F1FE43F-D09C-4B46-9B52-06B727FBCBE6}.Release|x64.Build.0 = Release|x64
		{6F1FE43F-D09C-4B46-9B52-06B727FBCBE6}.Release|x86.ActiveCfg = Release|Win32
		{6F1FE43F-D09C-4B46-9B52-06B727FBCBE6}.Release|x86.Build.0 = Release|Win32
		{DEE0E02F-289B-4CE4-A769-12F4CF896B19}.Debug|x64.ActiveCfg = Debug|x64
		{DEE0E02F-289B-4CE4-A769-12F4CF896B19}.Debug|x64.Build.0 = Debug|x64
		{DEE0E02F-289B-4CE4-A769-12F4CF896B19}.Debug|x86.ActiveCfg = Debug|Win32
		{DEE0E02F-289B-4CE4-A769-12F4CF896B19}.Debug|x86.Build.0 = Debug|Win32
		{DEE0E02F-289B-4CE4-A769-12F4CF896B19}.Release|x64.ActiveCfg = Release|x64
		{DEE0E02F-289B-4CE4-A769-12F4CF896B19}.Release|x64.Build.0 = Release|x64
		{DEE0E02F-289B-4CE4-A769-12F4CF896B19}.Release|x86.ActiveCfg = Release|Win32
		{DEE0E02F-289B-4CE4-A769-12F4CF896B19}.Release|x86.Build.0 = Release|Win32
		{C05A6E52-9D71-4B36-AD4E-B817E52CA96D}.Debug|x64.ActiveCfg = Debug|x64
		{C05A6E52-9D71-4B36-AD4E-B817E52CA96D}.Debug|x64.Build.0 = Debug|x64
		{C05A6E52-9D71-4B36-AD4E-B817E52CA96D}.Debug|x86.ActiveCfg = Debug|Win32
		{C05A6E52-9D71-4B36-AD4E-B817E52CA96D}.Debug|x86.Build.0 = Debug|Win32
		{C05A6E52-9D71-4B36-AD4E-B817E52CA96D}.Release|x64.ActiveCfg = Release|x64
		{C05A6E52-9D71-4B36-AD4E-B817E52CA96D}.Release|x64.Build.0 = Release|x64
		{C05A6E52-9D71-4B36-AD4E-B817E52CA96D}.Release|x86.ActiveCfg = Release|Win32
		{C05A6E52-9D71-4B36-AD4E-B817E52CA96D}.Release|x86.Build.0 = Release|Win32
	EndGlobalSection
	GlobalSection(SolutionProperties) = preSolution
		HideSolutionNode = FALSE
	EndGlobalSection
	GlobalSection(ExtensibilityGlobals) = postSolution
		SolutionGuid = {CB48EB78-CFEA-44B3-A5A4-A1FB1986766D}
	EndGlobalSection
EndGlobal
