
Microsoft Visual Studio Solution File, Format Version 12.00
# Visual Studio Version 16
VisualStudioVersion = 16.0.30104.148
MinimumVisualStudioVersion = 10.0.40219.1
Project("{8BC9CEB8-8B4A-11D0-8D11-00A0C91BC942}") = "Day008", "Day008\Day008.vcxproj", "{CFA823C5-2D48-48AA-B937-C93DB82A08D9}"
EndProject
Project("{8BC9CEB8-8B4A-11D0-8D11-00A0C91BC942}") = "Project1", "Project1\Project1.vcxproj", "{AEF8BB35-D829-4B02-9647-84DA31C888B5}"
EndProject
Project("{8BC9CEB8-8B4A-11D0-8D11-00A0C91BC942}") = "Project2", "Project2\Project2.vcxproj", "{CE994600-8151-4835-86EB-3757C8D2B6E1}"
EndProject
Project("{8BC9CEB8-8B4A-11D0-8D11-00A0C91BC942}") = "Project3", "Project3\Project3.vcxproj", "{4A6BD93C-FD93-4AB1-9F52-7C2005D00139}"
EndProject
Project("{8BC9CEB8-8B4A-11D0-8D11-00A0C91BC942}") = "Project4", "Project4\Project4.vcxproj", "{79378108-584D-40E1-BD52-BE10A463286B}"
EndProject
Project("{8BC9CEB8-8B4A-11D0-8D11-00A0C91BC942}") = "Project5", "Project5\Project5.vcxproj", "{B93F210D-F537-401B-893D-2269C196EE64}"
EndProject
Project("{8BC9CEB8-8B4A-11D0-8D11-00A0C91BC942}") = "Project6", "Project6\Project6.vcxproj", "{9001A5DC-BF59-4AA0-980D-B4ED67678850}"
EndProject
Project("{8BC9CEB8-8B4A-11D0-8D11-00A0C91BC942}") = "Project7", "Project7\Project7.vcxproj", "{2CFA2D96-A854-4991-BB3C-9899D271B353}"
EndProject
Project("{8BC9CEB8-8B4A-11D0-8D11-00A0C91BC942}") = "Project8", "Project8\Project8.vcxproj", "{4D1C212A-9445-4ABE-8019-FE4CF87DC013}"
EndProject
Project("{8BC9CEB8-8B4A-11D0-8D11-00A0C91BC942}") = "Project9", "Project9\Project9.vcxproj", "{C23D7DB8-59F1-4B6F-95CC-3DA08E0EBA8A}"
EndProject
Project("{8BC9CEB8-8B4A-11D0-8D11-00A0C91BC942}") = "Project11", "Project11\Project11.vcxproj", "{B2B45C83-1E8E-42A9-A562-8D18F28F30EA}"
EndProject
Project("{8BC9CEB8-8B4A-11D0-8D11-00A0C91BC942}") = "Score_1", "Score_1\Score_1.vcxproj", "{2D2BF28C-8D81-4BDC-8BA1-E93C85A88C91}"
EndProject
Project("{8BC9CEB8-8B4A-11D0-8D11-00A0C91BC942}") = "Project12", "Project12\Project12.vcxproj", "{FFCDFADC-E8D0-4A6D-8069-09D6ECB79161}"
EndProject
Project("{8BC9CEB8-8B4A-11D0-8D11-00A0C91BC942}") = "Project13", "Project13\Project13.vcxproj", "{BB3F2365-8538-49FA-BB23-8FF724CF8FF9}"
EndProject
Project("{8BC9CEB8-8B4A-11D0-8D11-00A0C91BC942}") = "Project14", "Project14\Project14.vcxproj", "{E09BB9FB-E972-451E-8A2D-30D9BCA6C5F6}"
EndProject
Project("{8BC9CEB8-8B4A-11D0-8D11-00A0C91BC942}") = "Project15", "Project15\Project15.vcxproj", "{0410FFFC-0C48-401B-BC29-050DEEEAEF4C}"
EndProject
Project("{8BC9CEB8-8B4A-11D0-8D11-00A0C91BC942}") = "Project16", "Project16\Project16.vcxproj", "{098C52A2-C194-40FD-B99C-2198F1F40ABE}"
EndProject
Project("{8BC9CEB8-8B4A-11D0-8D11-00A0C91BC942}") = "Project 17", "Project 17\Project 17.vcxproj", "{101F3029-5D39-4FCF-9A6B-4345282D0854}"
EndProject
Project("{8BC9CEB8-8B4A-11D0-8D11-00A0C91BC942}") = "Project18", "Project18\Project18.vcxproj", "{AE3D89DA-6CDE-4BEF-8EDA-8ADAC65C8E83}"
EndProject
Project("{8BC9CEB8-8B4A-11D0-8D11-00A0C91BC942}") = "Project19", "Project19\Project19.vcxproj", "{0C937D9E-7F81-49EC-A9CC-CF0BD6D13203}"
EndProject
Project("{8BC9CEB8-8B4A-11D0-8D11-00A0C91BC942}") = "Project20", "Project20\Project20.vcxproj", "{284E8F6A-6834-4927-B29B-1B2A1CF2827F}"
EndProject
Project("{8BC9CEB8-8B4A-11D0-8D11-00A0C91BC942}") = "Project21", "Project21\Project21.vcxproj", "{694533D1-0F9A-48D5-88F4-FF0148984C9A}"
EndProject
Project("{8BC9CEB8-8B4A-11D0-8D11-00A0C91BC942}") = "Afternoon_1", "Afternoon_1\Afternoon_1.vcxproj", "{848625B7-A93F-4A0D-A5F7-AEA51AB44E6E}"
EndProject
Project("{8BC9CEB8-8B4A-11D0-8D11-00A0C91BC942}") = "Afternoon_2", "Afternoon_2\Afternoon_2.vcxproj", "{BAB40432-7897-4858-BED8-8B35ACA73FB3}"
EndProject
Project("{8BC9CEB8-8B4A-11D0-8D11-00A0C91BC942}") = "Afternoon_3", "Afternoon_3\Afternoon_3.vcxproj", "{CFDF339F-C870-434B-8D5E-9A49D4232267}"
EndProject
Project("{8BC9CEB8-8B4A-11D0-8D11-00A0C91BC942}") = "Afternoon_4", "Afternoon_4\Afternoon_4.vcxproj", "{5678FB8C-28C6-400B-91BB-86EF2F6CDC3A}"
EndProject
Project("{8BC9CEB8-8B4A-11D0-8D11-00A0C91BC942}") = "Afternoon_5", "Afternoon_5\Afternoon_5.vcxproj", "{35EC911A-DEA3-4C80-BC5E-5D92942C46B2}"
EndProject
Global
	GlobalSection(SolutionConfigurationPlatforms) = preSolution
		Debug|x64 = Debug|x64
		Debug|x86 = Debug|x86
		Release|x64 = Release|x64
		Release|x86 = Release|x86
	EndGlobalSection
	GlobalSection(ProjectConfigurationPlatforms) = postSolution
		{CFA823C5-2D48-48AA-B937-C93DB82A08D9}.Debug|x64.ActiveCfg = Debug|x64
		{CFA823C5-2D48-48AA-B937-C93DB82A08D9}.Debug|x64.Build.0 = Debug|x64
		{CFA823C5-2D48-48AA-B937-C93DB82A08D9}.Debug|x86.ActiveCfg = Debug|Win32
		{CFA823C5-2D48-48AA-B937-C93DB82A08D9}.Debug|x86.Build.0 = Debug|Win32
		{CFA823C5-2D48-48AA-B937-C93DB82A08D9}.Release|x64.ActiveCfg = Release|x64
		{CFA823C5-2D48-48AA-B937-C93DB82A08D9}.Release|x64.Build.0 = Release|x64
		{CFA823C5-2D48-48AA-B937-C93DB82A08D9}.Release|x86.ActiveCfg = Release|Win32
		{CFA823C5-2D48-48AA-B937-C93DB82A08D9}.Release|x86.Build.0 = Release|Win32
		{AEF8BB35-D829-4B02-9647-84DA31C888B5}.Debug|x64.ActiveCfg = Debug|x64
		{AEF8BB35-D829-4B02-9647-84DA31C888B5}.Debug|x64.Build.0 = Debug|x64
		{AEF8BB35-D829-4B02-9647-84DA31C888B5}.Debug|x86.ActiveCfg = Debug|Win32
		{AEF8BB35-D829-4B02-9647-84DA31C888B5}.Debug|x86.Build.0 = Debug|Win32
		{AEF8BB35-D829-4B02-9647-84DA31C888B5}.Release|x64.ActiveCfg = Release|x64
		{AEF8BB35-D829-4B02-9647-84DA31C888B5}.Release|x64.Build.0 = Release|x64
		{AEF8BB35-D829-4B02-9647-84DA31C888B5}.Release|x86.ActiveCfg = Release|Win32
		{AEF8BB35-D829-4B02-9647-84DA31C888B5}.Release|x86.Build.0 = Release|Win32
		{CE994600-8151-4835-86EB-3757C8D2B6E1}.Debug|x64.ActiveCfg = Debug|x64
		{CE994600-8151-4835-86EB-3757C8D2B6E1}.Debug|x64.Build.0 = Debug|x64
		{CE994600-8151-4835-86EB-3757C8D2B6E1}.Debug|x86.ActiveCfg = Debug|Win32
		{CE994600-8151-4835-86EB-3757C8D2B6E1}.Debug|x86.Build.0 = Debug|Win32
		{CE994600-8151-4835-86EB-3757C8D2B6E1}.Release|x64.ActiveCfg = Release|x64
		{CE994600-8151-4835-86EB-3757C8D2B6E1}.Release|x64.Build.0 = Release|x64
		{CE994600-8151-4835-86EB-3757C8D2B6E1}.Release|x86.ActiveCfg = Release|Win32
		{CE994600-8151-4835-86EB-3757C8D2B6E1}.Release|x86.Build.0 = Release|Win32
		{4A6BD93C-FD93-4AB1-9F52-7C2005D00139}.Debug|x64.ActiveCfg = Debug|x64
		{4A6BD93C-FD93-4AB1-9F52-7C2005D00139}.Debug|x64.Build.0 = Debug|x64
		{4A6BD93C-FD93-4AB1-9F52-7C2005D00139}.Debug|x86.ActiveCfg = Debug|Win32
		{4A6BD93C-FD93-4AB1-9F52-7C2005D00139}.Debug|x86.Build.0 = Debug|Win32
		{4A6BD93C-FD93-4AB1-9F52-7C2005D00139}.Release|x64.ActiveCfg = Release|x64
		{4A6BD93C-FD93-4AB1-9F52-7C2005D00139}.Release|x64.Build.0 = Release|x64
		{4A6BD93C-FD93-4AB1-9F52-7C2005D00139}.Release|x86.ActiveCfg = Release|Win32
		{4A6BD93C-FD93-4AB1-9F52-7C2005D00139}.Release|x86.Build.0 = Release|Win32
		{79378108-584D-40E1-BD52-BE10A463286B}.Debug|x64.ActiveCfg = Debug|x64
		{79378108-584D-40E1-BD52-BE10A463286B}.Debug|x64.Build.0 = Debug|x64
		{79378108-584D-40E1-BD52-BE10A463286B}.Debug|x86.ActiveCfg = Debug|Win32
		{79378108-584D-40E1-BD52-BE10A463286B}.Debug|x86.Build.0 = Debug|Win32
		{79378108-584D-40E1-BD52-BE10A463286B}.Release|x64.ActiveCfg = Release|x64
		{79378108-584D-40E1-BD52-BE10A463286B}.Release|x64.Build.0 = Release|x64
		{79378108-584D-40E1-BD52-BE10A463286B}.Release|x86.ActiveCfg = Release|Win32
		{79378108-584D-40E1-BD52-BE10A463286B}.Release|x86.Build.0 = Release|Win32
		{B93F210D-F537-401B-893D-2269C196EE64}.Debug|x64.ActiveCfg = Debug|x64
		{B93F210D-F537-401B-893D-2269C196EE64}.Debug|x64.Build.0 = Debug|x64
		{B93F210D-F537-401B-893D-2269C196EE64}.Debug|x86.ActiveCfg = Debug|Win32
		{B93F210D-F537-401B-893D-2269C196EE64}.Debug|x86.Build.0 = Debug|Win32
		{B93F210D-F537-401B-893D-2269C196EE64}.Release|x64.ActiveCfg = Release|x64
		{B93F210D-F537-401B-893D-2269C196EE64}.Release|x64.Build.0 = Release|x64
		{B93F210D-F537-401B-893D-2269C196EE64}.Release|x86.ActiveCfg = Release|Win32
		{B93F210D-F537-401B-893D-2269C196EE64}.Release|x86.Build.0 = Release|Win32
		{9001A5DC-BF59-4AA0-980D-B4ED67678850}.Debug|x64.ActiveCfg = Debug|x64
		{9001A5DC-BF59-4AA0-980D-B4ED67678850}.Debug|x64.Build.0 = Debug|x64
		{9001A5DC-BF59-4AA0-980D-B4ED67678850}.Debug|x86.ActiveCfg = Debug|Win32
		{9001A5DC-BF59-4AA0-980D-B4ED67678850}.Debug|x86.Build.0 = Debug|Win32
		{9001A5DC-BF59-4AA0-980D-B4ED67678850}.Release|x64.ActiveCfg = Release|x64
		{9001A5DC-BF59-4AA0-980D-B4ED67678850}.Release|x64.Build.0 = Release|x64
		{9001A5DC-BF59-4AA0-980D-B4ED67678850}.Release|x86.ActiveCfg = Release|Win32
		{9001A5DC-BF59-4AA0-980D-B4ED67678850}.Release|x86.Build.0 = Release|Win32
		{2CFA2D96-A854-4991-BB3C-9899D271B353}.Debug|x64.ActiveCfg = Debug|x64
		{2CFA2D96-A854-4991-BB3C-9899D271B353}.Debug|x64.Build.0 = Debug|x64
		{2CFA2D96-A854-4991-BB3C-9899D271B353}.Debug|x86.ActiveCfg = Debug|Win32
		{2CFA2D96-A854-4991-BB3C-9899D271B353}.Debug|x86.Build.0 = Debug|Win32
		{2CFA2D96-A854-4991-BB3C-9899D271B353}.Release|x64.ActiveCfg = Release|x64
		{2CFA2D96-A854-4991-BB3C-9899D271B353}.Release|x64.Build.0 = Release|x64
		{2CFA2D96-A854-4991-BB3C-9899D271B353}.Release|x86.ActiveCfg = Release|Win32
		{2CFA2D96-A854-4991-BB3C-9899D271B353}.Release|x86.Build.0 = Release|Win32
		{4D1C212A-9445-4ABE-8019-FE4CF87DC013}.Debug|x64.ActiveCfg = Debug|x64
		{4D1C212A-9445-4ABE-8019-FE4CF87DC013}.Debug|x64.Build.0 = Debug|x64
		{4D1C212A-9445-4ABE-8019-FE4CF87DC013}.Debug|x86.ActiveCfg = Debug|Win32
		{4D1C212A-9445-4ABE-8019-FE4CF87DC013}.Debug|x86.Build.0 = Debug|Win32
		{4D1C212A-9445-4ABE-8019-FE4CF87DC013}.Release|x64.ActiveCfg = Release|x64
		{4D1C212A-9445-4ABE-8019-FE4CF87DC013}.Release|x64.Build.0 = Release|x64
		{4D1C212A-9445-4ABE-8019-FE4CF87DC013}.Release|x86.ActiveCfg = Release|Win32
		{4D1C212A-9445-4ABE-8019-FE4CF87DC013}.Release|x86.Build.0 = Release|Win32
		{C23D7DB8-59F1-4B6F-95CC-3DA08E0EBA8A}.Debug|x64.ActiveCfg = Debug|x64
		{C23D7DB8-59F1-4B6F-95CC-3DA08E0EBA8A}.Debug|x64.Build.0 = Debug|x64
		{C23D7DB8-59F1-4B6F-95CC-3DA08E0EBA8A}.Debug|x86.ActiveCfg = Debug|Win32
		{C23D7DB8-59F1-4B6F-95CC-3DA08E0EBA8A}.Debug|x86.Build.0 = Debug|Win32
		{C23D7DB8-59F1-4B6F-95CC-3DA08E0EBA8A}.Release|x64.ActiveCfg = Release|x64
		{C23D7DB8-59F1-4B6F-95CC-3DA08E0EBA8A}.Release|x64.Build.0 = Release|x64
		{C23D7DB8-59F1-4B6F-95CC-3DA08E0EBA8A}.Release|x86.ActiveCfg = Release|Win32
		{C23D7DB8-59F1-4B6F-95CC-3DA08E0EBA8A}.Release|x86.Build.0 = Release|Win32
		{B2B45C83-1E8E-42A9-A562-8D18F28F30EA}.Debug|x64.ActiveCfg = Debug|x64
		{B2B45C83-1E8E-42A9-A562-8D18F28F30EA}.Debug|x64.Build.0 = Debug|x64
		{B2B45C83-1E8E-42A9-A562-8D18F28F30EA}.Debug|x86.ActiveCfg = Debug|Win32
		{B2B45C83-1E8E-42A9-A562-8D18F28F30EA}.Debug|x86.Build.0 = Debug|Win32
		{B2B45C83-1E8E-42A9-A562-8D18F28F30EA}.Release|x64.ActiveCfg = Release|x64
		{B2B45C83-1E8E-42A9-A562-8D18F28F30EA}.Release|x64.Build.0 = Release|x64
		{B2B45C83-1E8E-42A9-A562-8D18F28F30EA}.Release|x86.ActiveCfg = Release|Win32
		{B2B45C83-1E8E-42A9-A562-8D18F28F30EA}.Release|x86.Build.0 = Release|Win32
		{2D2BF28C-8D81-4BDC-8BA1-E93C85A88C91}.Debug|x64.ActiveCfg = Debug|x64
		{2D2BF28C-8D81-4BDC-8BA1-E93C85A88C91}.Debug|x64.Build.0 = Debug|x64
		{2D2BF28C-8D81-4BDC-8BA1-E93C85A88C91}.Debug|x86.ActiveCfg = Debug|Win32
		{2D2BF28C-8D81-4BDC-8BA1-E93C85A88C91}.Debug|x86.Build.0 = Debug|Win32
		{2D2BF28C-8D81-4BDC-8BA1-E93C85A88C91}.Release|x64.ActiveCfg = Release|x64
		{2D2BF28C-8D81-4BDC-8BA1-E93C85A88C91}.Release|x64.Build.0 = Release|x64
		{2D2BF28C-8D81-4BDC-8BA1-E93C85A88C91}.Release|x86.ActiveCfg = Release|Win32
		{2D2BF28C-8D81-4BDC-8BA1-E93C85A88C91}.Release|x86.Build.0 = Release|Win32
		{FFCDFADC-E8D0-4A6D-8069-09D6ECB79161}.Debug|x64.ActiveCfg = Debug|x64
		{FFCDFADC-E8D0-4A6D-8069-09D6ECB79161}.Debug|x64.Build.0 = Debug|x64
		{FFCDFADC-E8D0-4A6D-8069-09D6ECB79161}.Debug|x86.ActiveCfg = Debug|Win32
		{FFCDFADC-E8D0-4A6D-8069-09D6ECB79161}.Debug|x86.Build.0 = Debug|Win32
		{FFCDFADC-E8D0-4A6D-8069-09D6ECB79161}.Release|x64.ActiveCfg = Release|x64
		{FFCDFADC-E8D0-4A6D-8069-09D6ECB79161}.Release|x64.Build.0 = Release|x64
		{FFCDFADC-E8D0-4A6D-8069-09D6ECB79161}.Release|x86.ActiveCfg = Release|Win32
		{FFCDFADC-E8D0-4A6D-8069-09D6ECB79161}.Release|x86.Build.0 = Release|Win32
		{BB3F2365-8538-49FA-BB23-8FF724CF8FF9}.Debug|x64.ActiveCfg = Debug|x64
		{BB3F2365-8538-49FA-BB23-8FF724CF8FF9}.Debug|x64.Build.0 = Debug|x64
		{BB3F2365-8538-49FA-BB23-8FF724CF8FF9}.Debug|x86.ActiveCfg = Debug|Win32
		{BB3F2365-8538-49FA-BB23-8FF724CF8FF9}.Debug|x86.Build.0 = Debug|Win32
		{BB3F2365-8538-49FA-BB23-8FF724CF8FF9}.Release|x64.ActiveCfg = Release|x64
		{BB3F2365-8538-49FA-BB23-8FF724CF8FF9}.Release|x64.Build.0 = Release|x64
		{BB3F2365-8538-49FA-BB23-8FF724CF8FF9}.Release|x86.ActiveCfg = Release|Win32
		{BB3F2365-8538-49FA-BB23-8FF724CF8FF9}.Release|x86.Build.0 = Release|Win32
		{E09BB9FB-E972-451E-8A2D-30D9BCA6C5F6}.Debug|x64.ActiveCfg = Debug|x64
		{E09BB9FB-E972-451E-8A2D-30D9BCA6C5F6}.Debug|x64.Build.0 = Debug|x64
		{E09BB9FB-E972-451E-8A2D-30D9BCA6C5F6}.Debug|x86.ActiveCfg = Debug|Win32
		{E09BB9FB-E972-451E-8A2D-30D9BCA6C5F6}.Debug|x86.Build.0 = Debug|Win32
		{E09BB9FB-E972-451E-8A2D-30D9BCA6C5F6}.Release|x64.ActiveCfg = Release|x64
		{E09BB9FB-E972-451E-8A2D-30D9BCA6C5F6}.Release|x64.Build.0 = Release|x64
		{E09BB9FB-E972-451E-8A2D-30D9BCA6C5F6}.Release|x86.ActiveCfg = Release|Win32
		{E09BB9FB-E972-451E-8A2D-30D9BCA6C5F6}.Release|x86.Build.0 = Release|Win32
		{0410FFFC-0C48-401B-BC29-050DEEEAEF4C}.Debug|x64.ActiveCfg = Debug|x64
		{0410FFFC-0C48-401B-BC29-050DEEEAEF4C}.Debug|x64.Build.0 = Debug|x64
		{0410FFFC-0C48-401B-BC29-050DEEEAEF4C}.Debug|x86.ActiveCfg = Debug|Win32
		{0410FFFC-0C48-401B-BC29-050DEEEAEF4C}.Debug|x86.Build.0 = Debug|Win32
		{0410FFFC-0C48-401B-BC29-050DEEEAEF4C}.Release|x64.ActiveCfg = Release|x64
		{0410FFFC-0C48-401B-BC29-050DEEEAEF4C}.Release|x64.Build.0 = Release|x64
		{0410FFFC-0C48-401B-BC29-050DEEEAEF4C}.Release|x86.ActiveCfg = Release|Win32
		{0410FFFC-0C48-401B-BC29-050DEEEAEF4C}.Release|x86.Build.0 = Release|Win32
		{098C52A2-C194-40FD-B99C-2198F1F40ABE}.Debug|x64.ActiveCfg = Debug|x64
		{098C52A2-C194-40FD-B99C-2198F1F40ABE}.Debug|x64.Build.0 = Debug|x64
		{098C52A2-C194-40FD-B99C-2198F1F40ABE}.Debug|x86.ActiveCfg = Debug|Win32
		{098C52A2-C194-40FD-B99C-2198F1F40ABE}.Debug|x86.Build.0 = Debug|Win32
		{098C52A2-C194-40FD-B99C-2198F1F40ABE}.Release|x64.ActiveCfg = Release|x64
		{098C52A2-C194-40FD-B99C-2198F1F40ABE}.Release|x64.Build.0 = Release|x64
		{098C52A2-C194-40FD-B99C-2198F1F40ABE}.Release|x86.ActiveCfg = Release|Win32
		{098C52A2-C194-40FD-B99C-2198F1F40ABE}.Release|x86.Build.0 = Release|Win32
		{101F3029-5D39-4FCF-9A6B-4345282D0854}.Debug|x64.ActiveCfg = Debug|x64
		{101F3029-5D39-4FCF-9A6B-4345282D0854}.Debug|x64.Build.0 = Debug|x64
		{101F3029-5D39-4FCF-9A6B-4345282D0854}.Debug|x86.ActiveCfg = Debug|Win32
		{101F3029-5D39-4FCF-9A6B-4345282D0854}.Debug|x86.Build.0 = Debug|Win32
		{101F3029-5D39-4FCF-9A6B-4345282D0854}.Release|x64.ActiveCfg = Release|x64
		{101F3029-5D39-4FCF-9A6B-4345282D0854}.Release|x64.Build.0 = Release|x64
		{101F3029-5D39-4FCF-9A6B-4345282D0854}.Release|x86.ActiveCfg = Release|Win32
		{101F3029-5D39-4FCF-9A6B-4345282D0854}.Release|x86.Build.0 = Release|Win32
		{AE3D89DA-6CDE-4BEF-8EDA-8ADAC65C8E83}.Debug|x64.ActiveCfg = Debug|x64
		{AE3D89DA-6CDE-4BEF-8EDA-8ADAC65C8E83}.Debug|x64.Build.0 = Debug|x64
		{AE3D89DA-6CDE-4BEF-8EDA-8ADAC65C8E83}.Debug|x86.ActiveCfg = Debug|Win32
		{AE3D89DA-6CDE-4BEF-8EDA-8ADAC65C8E83}.Debug|x86.Build.0 = Debug|Win32
		{AE3D89DA-6CDE-4BEF-8EDA-8ADAC65C8E83}.Release|x64.ActiveCfg = Release|x64
		{AE3D89DA-6CDE-4BEF-8EDA-8ADAC65C8E83}.Release|x64.Build.0 = Release|x64
		{AE3D89DA-6CDE-4BEF-8EDA-8ADAC65C8E83}.Release|x86.ActiveCfg = Release|Win32
		{AE3D89DA-6CDE-4BEF-8EDA-8ADAC65C8E83}.Release|x86.Build.0 = Release|Win32
		{0C937D9E-7F81-49EC-A9CC-CF0BD6D13203}.Debug|x64.ActiveCfg = Debug|x64
		{0C937D9E-7F81-49EC-A9CC-CF0BD6D13203}.Debug|x64.Build.0 = Debug|x64
		{0C937D9E-7F81-49EC-A9CC-CF0BD6D13203}.Debug|x86.ActiveCfg = Debug|Win32
		{0C937D9E-7F81-49EC-A9CC-CF0BD6D13203}.Debug|x86.Build.0 = Debug|Win32
		{0C937D9E-7F81-49EC-A9CC-CF0BD6D13203}.Release|x64.ActiveCfg = Release|x64
		{0C937D9E-7F81-49EC-A9CC-CF0BD6D13203}.Release|x64.Build.0 = Release|x64
		{0C937D9E-7F81-49EC-A9CC-CF0BD6D13203}.Release|x86.ActiveCfg = Release|Win32
		{0C937D9E-7F81-49EC-A9CC-CF0BD6D13203}.Release|x86.Build.0 = Release|Win32
		{284E8F6A-6834-4927-B29B-1B2A1CF2827F}.Debug|x64.ActiveCfg = Debug|x64
		{284E8F6A-6834-4927-B29B-1B2A1CF2827F}.Debug|x64.Build.0 = Debug|x64
		{284E8F6A-6834-4927-B29B-1B2A1CF2827F}.Debug|x86.ActiveCfg = Debug|Win32
		{284E8F6A-6834-4927-B29B-1B2A1CF2827F}.Debug|x86.Build.0 = Debug|Win32
		{284E8F6A-6834-4927-B29B-1B2A1CF2827F}.Release|x64.ActiveCfg = Release|x64
		{284E8F6A-6834-4927-B29B-1B2A1CF2827F}.Release|x64.Build.0 = Release|x64
		{284E8F6A-6834-4927-B29B-1B2A1CF2827F}.Release|x86.ActiveCfg = Release|Win32
		{284E8F6A-6834-4927-B29B-1B2A1CF2827F}.Release|x86.Build.0 = Release|Win32
		{694533D1-0F9A-48D5-88F4-FF0148984C9A}.Debug|x64.ActiveCfg = Debug|x64
		{694533D1-0F9A-48D5-88F4-FF0148984C9A}.Debug|x64.Build.0 = Debug|x64
		{694533D1-0F9A-48D5-88F4-FF0148984C9A}.Debug|x86.ActiveCfg = Debug|Win32
		{694533D1-0F9A-48D5-88F4-FF0148984C9A}.Debug|x86.Build.0 = Debug|Win32
		{694533D1-0F9A-48D5-88F4-FF0148984C9A}.Release|x64.ActiveCfg = Release|x64
		{694533D1-0F9A-48D5-88F4-FF0148984C9A}.Release|x64.Build.0 = Release|x64
		{694533D1-0F9A-48D5-88F4-FF0148984C9A}.Release|x86.ActiveCfg = Release|Win32
		{694533D1-0F9A-48D5-88F4-FF0148984C9A}.Release|x86.Build.0 = Release|Win32
		{848625B7-A93F-4A0D-A5F7-AEA51AB44E6E}.Debug|x64.ActiveCfg = Debug|x64
		{848625B7-A93F-4A0D-A5F7-AEA51AB44E6E}.Debug|x64.Build.0 = Debug|x64
		{848625B7-A93F-4A0D-A5F7-AEA51AB44E6E}.Debug|x86.ActiveCfg = Debug|Win32
		{848625B7-A93F-4A0D-A5F7-AEA51AB44E6E}.Debug|x86.Build.0 = Debug|Win32
		{848625B7-A93F-4A0D-A5F7-AEA51AB44E6E}.Release|x64.ActiveCfg = Release|x64
		{848625B7-A93F-4A0D-A5F7-AEA51AB44E6E}.Release|x64.Build.0 = Release|x64
		{848625B7-A93F-4A0D-A5F7-AEA51AB44E6E}.Release|x86.ActiveCfg = Release|Win32
		{848625B7-A93F-4A0D-A5F7-AEA51AB44E6E}.Release|x86.Build.0 = Release|Win32
		{BAB40432-7897-4858-BED8-8B35ACA73FB3}.Debug|x64.ActiveCfg = Debug|x64
		{BAB40432-7897-4858-BED8-8B35ACA73FB3}.Debug|x64.Build.0 = Debug|x64
		{BAB40432-7897-4858-BED8-8B35ACA73FB3}.Debug|x86.ActiveCfg = Debug|Win32
		{BAB40432-7897-4858-BED8-8B35ACA73FB3}.Debug|x86.Build.0 = Debug|Win32
		{BAB40432-7897-4858-BED8-8B35ACA73FB3}.Release|x64.ActiveCfg = Release|x64
		{BAB40432-7897-4858-BED8-8B35ACA73FB3}.Release|x64.Build.0 = Release|x64
		{BAB40432-7897-4858-BED8-8B35ACA73FB3}.Release|x86.ActiveCfg = Release|Win32
		{BAB40432-7897-4858-BED8-8B35ACA73FB3}.Release|x86.Build.0 = Release|Win32
		{CFDF339F-C870-434B-8D5E-9A49D4232267}.Debug|x64.ActiveCfg = Debug|x64
		{CFDF339F-C870-434B-8D5E-9A49D4232267}.Debug|x64.Build.0 = Debug|x64
		{CFDF339F-C870-434B-8D5E-9A49D4232267}.Debug|x86.ActiveCfg = Debug|Win32
		{CFDF339F-C870-434B-8D5E-9A49D4232267}.Debug|x86.Build.0 = Debug|Win32
		{CFDF339F-C870-434B-8D5E-9A49D4232267}.Release|x64.ActiveCfg = Release|x64
		{CFDF339F-C870-434B-8D5E-9A49D4232267}.Release|x64.Build.0 = Release|x64
		{CFDF339F-C870-434B-8D5E-9A49D4232267}.Release|x86.ActiveCfg = Release|Win32
		{CFDF339F-C870-434B-8D5E-9A49D4232267}.Release|x86.Build.0 = Release|Win32
		{5678FB8C-28C6-400B-91BB-86EF2F6CDC3A}.Debug|x64.ActiveCfg = Debug|x64
		{5678FB8C-28C6-400B-91BB-86EF2F6CDC3A}.Debug|x64.Build.0 = Debug|x64
		{5678FB8C-28C6-400B-91BB-86EF2F6CDC3A}.Debug|x86.ActiveCfg = Debug|Win32
		{5678FB8C-28C6-400B-91BB-86EF2F6CDC3A}.Debug|x86.Build.0 = Debug|Win32
		{5678FB8C-28C6-400B-91BB-86EF2F6CDC3A}.Release|x64.ActiveCfg = Release|x64
		{5678FB8C-28C6-400B-91BB-86EF2F6CDC3A}.Release|x64.Build.0 = Release|x64
		{5678FB8C-28C6-400B-91BB-86EF2F6CDC3A}.Release|x86.ActiveCfg = Release|Win32
		{5678FB8C-28C6-400B-91BB-86EF2F6CDC3A}.Release|x86.Build.0 = Release|Win32
		{35EC911A-DEA3-4C80-BC5E-5D92942C46B2}.Debug|x64.ActiveCfg = Debug|x64
		{35EC911A-DEA3-4C80-BC5E-5D92942C46B2}.Debug|x64.Build.0 = Debug|x64
		{35EC911A-DEA3-4C80-BC5E-5D92942C46B2}.Debug|x86.ActiveCfg = Debug|Win32
		{35EC911A-DEA3-4C80-BC5E-5D92942C46B2}.Debug|x86.Build.0 = Debug|Win32
		{35EC911A-DEA3-4C80-BC5E-5D92942C46B2}.Release|x64.ActiveCfg = Release|x64
		{35EC911A-DEA3-4C80-BC5E-5D92942C46B2}.Release|x64.Build.0 = Release|x64
		{35EC911A-DEA3-4C80-BC5E-5D92942C46B2}.Release|x86.ActiveCfg = Release|Win32
		{35EC911A-DEA3-4C80-BC5E-5D92942C46B2}.Release|x86.Build.0 = Release|Win32
	EndGlobalSection
	GlobalSection(SolutionProperties) = preSolution
		HideSolutionNode = FALSE
	EndGlobalSection
	GlobalSection(ExtensibilityGlobals) = postSolution
		SolutionGuid = {56337E55-A1B4-4036-8896-873E2526A9AC}
	EndGlobalSection
EndGlobal
