
Microsoft Visual Studio Solution File, Format Version 12.00
# Visual Studio Version 16
VisualStudioVersion = 16.0.30104.148
MinimumVisualStudioVersion = 10.0.40219.1
Project("{8BC9CEB8-8B4A-11D0-8D11-00A0C91BC942}") = "Day007", "Day007\Day007.vcxproj", "{27A0CE5B-87F0-4E23-A25E-24BC7537B2B6}"
EndProject
Project("{8BC9CEB8-8B4A-11D0-8D11-00A0C91BC942}") = "Project1", "Project1\Project1.vcxproj", "{49F12C3A-F57E-4039-8806-C8EC0833234B}"
EndProject
Project("{8BC9CEB8-8B4A-11D0-8D11-00A0C91BC942}") = "Project2", "Project2\Project2.vcxproj", "{D21851C0-F337-44EE-81FA-E995D4375D2C}"
EndProject
Project("{8BC9CEB8-8B4A-11D0-8D11-00A0C91BC942}") = "Project3", "Project3\Project3.vcxproj", "{0172A54F-5799-44F5-9C5B-4458F531BF01}"
EndProject
Project("{8BC9CEB8-8B4A-11D0-8D11-00A0C91BC942}") = "Project4", "Project4\Project4.vcxproj", "{617D9575-A5A5-4251-A464-69441E8E5416}"
EndProject
Project("{8BC9CEB8-8B4A-11D0-8D11-00A0C91BC942}") = "Project5", "Project5\Project5.vcxproj", "{084D2C50-3D63-4F02-A7B5-718B851E3D99}"
EndProject
Project("{8BC9CEB8-8B4A-11D0-8D11-00A0C91BC942}") = "Project6", "Project6\Project6.vcxproj", "{8B16C311-B39E-41AB-AF62-AC98F828045F}"
EndProject
Project("{8BC9CEB8-8B4A-11D0-8D11-00A0C91BC942}") = "Project7", "Project7\Project7.vcxproj", "{6300AEE6-99C1-4396-8CF3-6C526DB13053}"
EndProject
Project("{8BC9CEB8-8B4A-11D0-8D11-00A0C91BC942}") = "Project8", "Project8\Project8.vcxproj", "{265B28E2-7D8D-427E-A658-AB685A7A9A4C}"
EndProject
Project("{8BC9CEB8-8B4A-11D0-8D11-00A0C91BC942}") = "Project9", "Project9\Project9.vcxproj", "{CD1F9360-C6CA-43F0-B23A-B5E5CA2690C9}"
EndProject
Project("{8BC9CEB8-8B4A-11D0-8D11-00A0C91BC942}") = "Project10", "Project10\Project10.vcxproj", "{381CDB2C-C7CF-4216-B2A0-83A6D29AFA3F}"
EndProject
Project("{8BC9CEB8-8B4A-11D0-8D11-00A0C91BC942}") = "Project11", "Project11\Project11.vcxproj", "{34EFBE1B-77EE-4B4F-B922-A2F338E7E955}"
EndProject
Project("{8BC9CEB8-8B4A-11D0-8D11-00A0C91BC942}") = "Project12", "Project12\Project12.vcxproj", "{37DCD86A-F6C5-41AC-82EA-78BBCFA91218}"
EndProject
Project("{8BC9CEB8-8B4A-11D0-8D11-00A0C91BC942}") = "Project13", "Project13\Project13.vcxproj", "{60D1C80C-A24A-4588-8FBA-832E2C18F62B}"
EndProject
Project("{8BC9CEB8-8B4A-11D0-8D11-00A0C91BC942}") = "Project14", "Project14\Project14.vcxproj", "{3AE1CF26-BAA2-4BAF-87FF-73000050BFF1}"
EndProject
Project("{8BC9CEB8-8B4A-11D0-8D11-00A0C91BC942}") = "Project15", "Project15\Project15.vcxproj", "{99E5905A-2E3E-439C-A3C7-F99613B3C5B1}"
EndProject
Project("{8BC9CEB8-8B4A-11D0-8D11-00A0C91BC942}") = "Project16", "Project16\Project16.vcxproj", "{07B16223-2BF7-41D4-B2E7-52BAB4E46E7C}"
EndProject
Project("{8BC9CEB8-8B4A-11D0-8D11-00A0C91BC942}") = "Project17", "Project17\Project17.vcxproj", "{68191756-7570-4447-ACB4-E23B417A0B6B}"
EndProject
Project("{8BC9CEB8-8B4A-11D0-8D11-00A0C91BC942}") = "Project18", "Project18\Project18.vcxproj", "{42948969-7070-462B-8B8C-A750DB999D40}"
EndProject
Project("{8BC9CEB8-8B4A-11D0-8D11-00A0C91BC942}") = "Project19", "Project19\Project19.vcxproj", "{F741A14B-C67D-4FB8-AAAB-8A8CA23FF190}"
EndProject
Project("{8BC9CEB8-8B4A-11D0-8D11-00A0C91BC942}") = "Project20", "Project20\Project20.vcxproj", "{38C1E73F-25B2-4D48-B747-9B2373A8B592}"
EndProject
Project("{8BC9CEB8-8B4A-11D0-8D11-00A0C91BC942}") = "Project21", "Project21\Project21.vcxproj", "{E6779EAA-73B8-4965-8BC2-42B1B45AAC13}"
EndProject
Project("{8BC9CEB8-8B4A-11D0-8D11-00A0C91BC942}") = "Project22", "Project22\Project22.vcxproj", "{A5E3CF13-8B92-4439-B440-F05B615E51D9}"
EndProject
Project("{8BC9CEB8-8B4A-11D0-8D11-00A0C91BC942}") = "Project23", "Project23\Project23.vcxproj", "{9FD2211B-3B3D-43C5-9DEF-F4D69A2A03BE}"
EndProject
Project("{8BC9CEB8-8B4A-11D0-8D11-00A0C91BC942}") = "Array_1", "Array_1\Array_1.vcxproj", "{72A4A116-CD28-4111-A429-6B771DA17FB8}"
EndProject
Project("{8BC9CEB8-8B4A-11D0-8D11-00A0C91BC942}") = "Array_2", "Project24\Project24.vcxproj", "{E4F7DD49-77F4-4F21-9D52-C051E37A7466}"
EndProject
Project("{8BC9CEB8-8B4A-11D0-8D11-00A0C91BC942}") = "Array_3", "Project25\Project25.vcxproj", "{5ED4EC80-C637-4B19-8982-0A61BA9A13A3}"
EndProject
Project("{8BC9CEB8-8B4A-11D0-8D11-00A0C91BC942}") = "Array_4", "Array_4\Array_4.vcxproj", "{934D2737-3B7D-4B02-BAF5-E5847880B21A}"
EndProject
Project("{8BC9CEB8-8B4A-11D0-8D11-00A0C91BC942}") = "Array_5", "Array_5\Array_5.vcxproj", "{DB9F9082-09FC-4D0B-A779-268E170D1F47}"
EndProject
Project("{8BC9CEB8-8B4A-11D0-8D11-00A0C91BC942}") = "Array_6", "Array_6\Array_6.vcxproj", "{DD42A6FF-5985-496C-9F63-A007BACBFE7C}"
EndProject
Project("{8BC9CEB8-8B4A-11D0-8D11-00A0C91BC942}") = "teacherSol", "Project26\Project26.vcxproj", "{63F4BEDA-A115-4D4F-A56A-C25D1B386476}"
EndProject
Global
	GlobalSection(SolutionConfigurationPlatforms) = preSolution
		Debug|x64 = Debug|x64
		Debug|x86 = Debug|x86
		Release|x64 = Release|x64
		Release|x86 = Release|x86
	EndGlobalSection
	GlobalSection(ProjectConfigurationPlatforms) = postSolution
		{27A0CE5B-87F0-4E23-A25E-24BC7537B2B6}.Debug|x64.ActiveCfg = Debug|x64
		{27A0CE5B-87F0-4E23-A25E-24BC7537B2B6}.Debug|x64.Build.0 = Debug|x64
		{27A0CE5B-87F0-4E23-A25E-24BC7537B2B6}.Debug|x86.ActiveCfg = Debug|Win32
		{27A0CE5B-87F0-4E23-A25E-24BC7537B2B6}.Debug|x86.Build.0 = Debug|Win32
		{27A0CE5B-87F0-4E23-A25E-24BC7537B2B6}.Release|x64.ActiveCfg = Release|x64
		{27A0CE5B-87F0-4E23-A25E-24BC7537B2B6}.Release|x64.Build.0 = Release|x64
		{27A0CE5B-87F0-4E23-A25E-24BC7537B2B6}.Release|x86.ActiveCfg = Release|Win32
		{27A0CE5B-87F0-4E23-A25E-24BC7537B2B6}.Release|x86.Build.0 = Release|Win32
		{49F12C3A-F57E-4039-8806-C8EC0833234B}.Debug|x64.ActiveCfg = Debug|x64
		{49F12C3A-F57E-4039-8806-C8EC0833234B}.Debug|x64.Build.0 = Debug|x64
		{49F12C3A-F57E-4039-8806-C8EC0833234B}.Debug|x86.ActiveCfg = Debug|Win32
		{49F12C3A-F57E-4039-8806-C8EC0833234B}.Debug|x86.Build.0 = Debug|Win32
		{49F12C3A-F57E-4039-8806-C8EC0833234B}.Release|x64.ActiveCfg = Release|x64
		{49F12C3A-F57E-4039-8806-C8EC0833234B}.Release|x64.Build.0 = Release|x64
		{49F12C3A-F57E-4039-8806-C8EC0833234B}.Release|x86.ActiveCfg = Release|Win32
		{49F12C3A-F57E-4039-8806-C8EC0833234B}.Release|x86.Build.0 = Release|Win32
		{D21851C0-F337-44EE-81FA-E995D4375D2C}.Debug|x64.ActiveCfg = Debug|x64
		{D21851C0-F337-44EE-81FA-E995D4375D2C}.Debug|x64.Build.0 = Debug|x64
		{D21851C0-F337-44EE-81FA-E995D4375D2C}.Debug|x86.ActiveCfg = Debug|Win32
		{D21851C0-F337-44EE-81FA-E995D4375D2C}.Debug|x86.Build.0 = Debug|Win32
		{D21851C0-F337-44EE-81FA-E995D4375D2C}.Release|x64.ActiveCfg = Release|x64
		{D21851C0-F337-44EE-81FA-E995D4375D2C}.Release|x64.Build.0 = Release|x64
		{D21851C0-F337-44EE-81FA-E995D4375D2C}.Release|x86.ActiveCfg = Release|Win32
		{D21851C0-F337-44EE-81FA-E995D4375D2C}.Release|x86.Build.0 = Release|Win32
		{0172A54F-5799-44F5-9C5B-4458F531BF01}.Debug|x64.ActiveCfg = Debug|x64
		{0172A54F-5799-44F5-9C5B-4458F531BF01}.Debug|x64.Build.0 = Debug|x64
		{0172A54F-5799-44F5-9C5B-4458F531BF01}.Debug|x86.ActiveCfg = Debug|Win32
		{0172A54F-5799-44F5-9C5B-4458F531BF01}.Debug|x86.Build.0 = Debug|Win32
		{0172A54F-5799-44F5-9C5B-4458F531BF01}.Release|x64.ActiveCfg = Release|x64
		{0172A54F-5799-44F5-9C5B-4458F531BF01}.Release|x64.Build.0 = Release|x64
		{0172A54F-5799-44F5-9C5B-4458F531BF01}.Release|x86.ActiveCfg = Release|Win32
		{0172A54F-5799-44F5-9C5B-4458F531BF01}.Release|x86.Build.0 = Release|Win32
		{617D9575-A5A5-4251-A464-69441E8E5416}.Debug|x64.ActiveCfg = Debug|x64
		{617D9575-A5A5-4251-A464-69441E8E5416}.Debug|x64.Build.0 = Debug|x64
		{617D9575-A5A5-4251-A464-69441E8E5416}.Debug|x86.ActiveCfg = Debug|Win32
		{617D9575-A5A5-4251-A464-69441E8E5416}.Debug|x86.Build.0 = Debug|Win32
		{617D9575-A5A5-4251-A464-69441E8E5416}.Release|x64.ActiveCfg = Release|x64
		{617D9575-A5A5-4251-A464-69441E8E5416}.Release|x64.Build.0 = Release|x64
		{617D9575-A5A5-4251-A464-69441E8E5416}.Release|x86.ActiveCfg = Release|Win32
		{617D9575-A5A5-4251-A464-69441E8E5416}.Release|x86.Build.0 = Release|Win32
		{084D2C50-3D63-4F02-A7B5-718B851E3D99}.Debug|x64.ActiveCfg = Debug|x64
		{084D2C50-3D63-4F02-A7B5-718B851E3D99}.Debug|x64.Build.0 = Debug|x64
		{084D2C50-3D63-4F02-A7B5-718B851E3D99}.Debug|x86.ActiveCfg = Debug|Win32
		{084D2C50-3D63-4F02-A7B5-718B851E3D99}.Debug|x86.Build.0 = Debug|Win32
		{084D2C50-3D63-4F02-A7B5-718B851E3D99}.Release|x64.ActiveCfg = Release|x64
		{084D2C50-3D63-4F02-A7B5-718B851E3D99}.Release|x64.Build.0 = Release|x64
		{084D2C50-3D63-4F02-A7B5-718B851E3D99}.Release|x86.ActiveCfg = Release|Win32
		{084D2C50-3D63-4F02-A7B5-718B851E3D99}.Release|x86.Build.0 = Release|Win32
		{8B16C311-B39E-41AB-AF62-AC98F828045F}.Debug|x64.ActiveCfg = Debug|x64
		{8B16C311-B39E-41AB-AF62-AC98F828045F}.Debug|x64.Build.0 = Debug|x64
		{8B16C311-B39E-41AB-AF62-AC98F828045F}.Debug|x86.ActiveCfg = Debug|Win32
		{8B16C311-B39E-41AB-AF62-AC98F828045F}.Debug|x86.Build.0 = Debug|Win32
		{8B16C311-B39E-41AB-AF62-AC98F828045F}.Release|x64.ActiveCfg = Release|x64
		{8B16C311-B39E-41AB-AF62-AC98F828045F}.Release|x64.Build.0 = Release|x64
		{8B16C311-B39E-41AB-AF62-AC98F828045F}.Release|x86.ActiveCfg = Release|Win32
		{8B16C311-B39E-41AB-AF62-AC98F828045F}.Release|x86.Build.0 = Release|Win32
		{6300AEE6-99C1-4396-8CF3-6C526DB13053}.Debug|x64.ActiveCfg = Debug|x64
		{6300AEE6-99C1-4396-8CF3-6C526DB13053}.Debug|x64.Build.0 = Debug|x64
		{6300AEE6-99C1-4396-8CF3-6C526DB13053}.Debug|x86.ActiveCfg = Debug|Win32
		{6300AEE6-99C1-4396-8CF3-6C526DB13053}.Debug|x86.Build.0 = Debug|Win32
		{6300AEE6-99C1-4396-8CF3-6C526DB13053}.Release|x64.ActiveCfg = Release|x64
		{6300AEE6-99C1-4396-8CF3-6C526DB13053}.Release|x64.Build.0 = Release|x64
		{6300AEE6-99C1-4396-8CF3-6C526DB13053}.Release|x86.ActiveCfg = Release|Win32
		{6300AEE6-99C1-4396-8CF3-6C526DB13053}.Release|x86.Build.0 = Release|Win32
		{265B28E2-7D8D-427E-A658-AB685A7A9A4C}.Debug|x64.ActiveCfg = Debug|x64
		{265B28E2-7D8D-427E-A658-AB685A7A9A4C}.Debug|x64.Build.0 = Debug|x64
		{265B28E2-7D8D-427E-A658-AB685A7A9A4C}.Debug|x86.ActiveCfg = Debug|Win32
		{265B28E2-7D8D-427E-A658-AB685A7A9A4C}.Debug|x86.Build.0 = Debug|Win32
		{265B28E2-7D8D-427E-A658-AB685A7A9A4C}.Release|x64.ActiveCfg = Release|x64
		{265B28E2-7D8D-427E-A658-AB685A7A9A4C}.Release|x64.Build.0 = Release|x64
		{265B28E2-7D8D-427E-A658-AB685A7A9A4C}.Release|x86.ActiveCfg = Release|Win32
		{265B28E2-7D8D-427E-A658-AB685A7A9A4C}.Release|x86.Build.0 = Release|Win32
		{CD1F9360-C6CA-43F0-B23A-B5E5CA2690C9}.Debug|x64.ActiveCfg = Debug|x64
		{CD1F9360-C6CA-43F0-B23A-B5E5CA2690C9}.Debug|x64.Build.0 = Debug|x64
		{CD1F9360-C6CA-43F0-B23A-B5E5CA2690C9}.Debug|x86.ActiveCfg = Debug|Win32
		{CD1F9360-C6CA-43F0-B23A-B5E5CA2690C9}.Debug|x86.Build.0 = Debug|Win32
		{CD1F9360-C6CA-43F0-B23A-B5E5CA2690C9}.Release|x64.ActiveCfg = Release|x64
		{CD1F9360-C6CA-43F0-B23A-B5E5CA2690C9}.Release|x64.Build.0 = Release|x64
		{CD1F9360-C6CA-43F0-B23A-B5E5CA2690C9}.Release|x86.ActiveCfg = Release|Win32
		{CD1F9360-C6CA-43F0-B23A-B5E5CA2690C9}.Release|x86.Build.0 = Release|Win32
		{381CDB2C-C7CF-4216-B2A0-83A6D29AFA3F}.Debug|x64.ActiveCfg = Debug|x64
		{381CDB2C-C7CF-4216-B2A0-83A6D29AFA3F}.Debug|x64.Build.0 = Debug|x64
		{381CDB2C-C7CF-4216-B2A0-83A6D29AFA3F}.Debug|x86.ActiveCfg = Debug|Win32
		{381CDB2C-C7CF-4216-B2A0-83A6D29AFA3F}.Debug|x86.Build.0 = Debug|Win32
		{381CDB2C-C7CF-4216-B2A0-83A6D29AFA3F}.Release|x64.ActiveCfg = Release|x64
		{381CDB2C-C7CF-4216-B2A0-83A6D29AFA3F}.Release|x64.Build.0 = Release|x64
		{381CDB2C-C7CF-4216-B2A0-83A6D29AFA3F}.Release|x86.ActiveCfg = Release|Win32
		{381CDB2C-C7CF-4216-B2A0-83A6D29AFA3F}.Release|x86.Build.0 = Release|Win32
		{34EFBE1B-77EE-4B4F-B922-A2F338E7E955}.Debug|x64.ActiveCfg = Debug|x64
		{34EFBE1B-77EE-4B4F-B922-A2F338E7E955}.Debug|x64.Build.0 = Debug|x64
		{34EFBE1B-77EE-4B4F-B922-A2F338E7E955}.Debug|x86.ActiveCfg = Debug|Win32
		{34EFBE1B-77EE-4B4F-B922-A2F338E7E955}.Debug|x86.Build.0 = Debug|Win32
		{34EFBE1B-77EE-4B4F-B922-A2F338E7E955}.Release|x64.ActiveCfg = Release|x64
		{34EFBE1B-77EE-4B4F-B922-A2F338E7E955}.Release|x64.Build.0 = Release|x64
		{34EFBE1B-77EE-4B4F-B922-A2F338E7E955}.Release|x86.ActiveCfg = Release|Win32
		{34EFBE1B-77EE-4B4F-B922-A2F338E7E955}.Release|x86.Build.0 = Release|Win32
		{37DCD86A-F6C5-41AC-82EA-78BBCFA91218}.Debug|x64.ActiveCfg = Debug|x64
		{37DCD86A-F6C5-41AC-82EA-78BBCFA91218}.Debug|x64.Build.0 = Debug|x64
		{37DCD86A-F6C5-41AC-82EA-78BBCFA91218}.Debug|x86.ActiveCfg = Debug|Win32
		{37DCD86A-F6C5-41AC-82EA-78BBCFA91218}.Debug|x86.Build.0 = Debug|Win32
		{37DCD86A-F6C5-41AC-82EA-78BBCFA91218}.Release|x64.ActiveCfg = Release|x64
		{37DCD86A-F6C5-41AC-82EA-78BBCFA91218}.Release|x64.Build.0 = Release|x64
		{37DCD86A-F6C5-41AC-82EA-78BBCFA91218}.Release|x86.ActiveCfg = Release|Win32
		{37DCD86A-F6C5-41AC-82EA-78BBCFA91218}.Release|x86.Build.0 = Release|Win32
		{60D1C80C-A24A-4588-8FBA-832E2C18F62B}.Debug|x64.ActiveCfg = Debug|x64
		{60D1C80C-A24A-4588-8FBA-832E2C18F62B}.Debug|x64.Build.0 = Debug|x64
		{60D1C80C-A24A-4588-8FBA-832E2C18F62B}.Debug|x86.ActiveCfg = Debug|Win32
		{60D1C80C-A24A-4588-8FBA-832E2C18F62B}.Debug|x86.Build.0 = Debug|Win32
		{60D1C80C-A24A-4588-8FBA-832E2C18F62B}.Release|x64.ActiveCfg = Release|x64
		{60D1C80C-A24A-4588-8FBA-832E2C18F62B}.Release|x64.Build.0 = Release|x64
		{60D1C80C-A24A-4588-8FBA-832E2C18F62B}.Release|x86.ActiveCfg = Release|Win32
		{60D1C80C-A24A-4588-8FBA-832E2C18F62B}.Release|x86.Build.0 = Release|Win32
		{3AE1CF26-BAA2-4BAF-87FF-73000050BFF1}.Debug|x64.ActiveCfg = Debug|x64
		{3AE1CF26-BAA2-4BAF-87FF-73000050BFF1}.Debug|x64.Build.0 = Debug|x64
		{3AE1CF26-BAA2-4BAF-87FF-73000050BFF1}.Debug|x86.ActiveCfg = Debug|Win32
		{3AE1CF26-BAA2-4BAF-87FF-73000050BFF1}.Debug|x86.Build.0 = Debug|Win32
		{3AE1CF26-BAA2-4BAF-87FF-73000050BFF1}.Release|x64.ActiveCfg = Release|x64
		{3AE1CF26-BAA2-4BAF-87FF-73000050BFF1}.Release|x64.Build.0 = Release|x64
		{3AE1CF26-BAA2-4BAF-87FF-73000050BFF1}.Release|x86.ActiveCfg = Release|Win32
		{3AE1CF26-BAA2-4BAF-87FF-73000050BFF1}.Release|x86.Build.0 = Release|Win32
		{99E5905A-2E3E-439C-A3C7-F99613B3C5B1}.Debug|x64.ActiveCfg = Debug|x64
		{99E5905A-2E3E-439C-A3C7-F99613B3C5B1}.Debug|x64.Build.0 = Debug|x64
		{99E5905A-2E3E-439C-A3C7-F99613B3C5B1}.Debug|x86.ActiveCfg = Debug|Win32
		{99E5905A-2E3E-439C-A3C7-F99613B3C5B1}.Debug|x86.Build.0 = Debug|Win32
		{99E5905A-2E3E-439C-A3C7-F99613B3C5B1}.Release|x64.ActiveCfg = Release|x64
		{99E5905A-2E3E-439C-A3C7-F99613B3C5B1}.Release|x64.Build.0 = Release|x64
		{99E5905A-2E3E-439C-A3C7-F99613B3C5B1}.Release|x86.ActiveCfg = Release|Win32
		{99E5905A-2E3E-439C-A3C7-F99613B3C5B1}.Release|x86.Build.0 = Release|Win32
		{07B16223-2BF7-41D4-B2E7-52BAB4E46E7C}.Debug|x64.ActiveCfg = Debug|x64
		{07B16223-2BF7-41D4-B2E7-52BAB4E46E7C}.Debug|x64.Build.0 = Debug|x64
		{07B16223-2BF7-41D4-B2E7-52BAB4E46E7C}.Debug|x86.ActiveCfg = Debug|Win32
		{07B16223-2BF7-41D4-B2E7-52BAB4E46E7C}.Debug|x86.Build.0 = Debug|Win32
		{07B16223-2BF7-41D4-B2E7-52BAB4E46E7C}.Release|x64.ActiveCfg = Release|x64
		{07B16223-2BF7-41D4-B2E7-52BAB4E46E7C}.Release|x64.Build.0 = Release|x64
		{07B16223-2BF7-41D4-B2E7-52BAB4E46E7C}.Release|x86.ActiveCfg = Release|Win32
		{07B16223-2BF7-41D4-B2E7-52BAB4E46E7C}.Release|x86.Build.0 = Release|Win32
		{68191756-7570-4447-ACB4-E23B417A0B6B}.Debug|x64.ActiveCfg = Debug|x64
		{68191756-7570-4447-ACB4-E23B417A0B6B}.Debug|x64.Build.0 = Debug|x64
		{68191756-7570-4447-ACB4-E23B417A0B6B}.Debug|x86.ActiveCfg = Debug|Win32
		{68191756-7570-4447-ACB4-E23B417A0B6B}.Debug|x86.Build.0 = Debug|Win32
		{68191756-7570-4447-ACB4-E23B417A0B6B}.Release|x64.ActiveCfg = Release|x64
		{68191756-7570-4447-ACB4-E23B417A0B6B}.Release|x64.Build.0 = Release|x64
		{68191756-7570-4447-ACB4-E23B417A0B6B}.Release|x86.ActiveCfg = Release|Win32
		{68191756-7570-4447-ACB4-E23B417A0B6B}.Release|x86.Build.0 = Release|Win32
		{42948969-7070-462B-8B8C-A750DB999D40}.Debug|x64.ActiveCfg = Debug|x64
		{42948969-7070-462B-8B8C-A750DB999D40}.Debug|x64.Build.0 = Debug|x64
		{42948969-7070-462B-8B8C-A750DB999D40}.Debug|x86.ActiveCfg = Debug|Win32
		{42948969-7070-462B-8B8C-A750DB999D40}.Debug|x86.Build.0 = Debug|Win32
		{42948969-7070-462B-8B8C-A750DB999D40}.Release|x64.ActiveCfg = Release|x64
		{42948969-7070-462B-8B8C-A750DB999D40}.Release|x64.Build.0 = Release|x64
		{42948969-7070-462B-8B8C-A750DB999D40}.Release|x86.ActiveCfg = Release|Win32
		{42948969-7070-462B-8B8C-A750DB999D40}.Release|x86.Build.0 = Release|Win32
		{F741A14B-C67D-4FB8-AAAB-8A8CA23FF190}.Debug|x64.ActiveCfg = Debug|x64
		{F741A14B-C67D-4FB8-AAAB-8A8CA23FF190}.Debug|x64.Build.0 = Debug|x64
		{F741A14B-C67D-4FB8-AAAB-8A8CA23FF190}.Debug|x86.ActiveCfg = Debug|Win32
		{F741A14B-C67D-4FB8-AAAB-8A8CA23FF190}.Debug|x86.Build.0 = Debug|Win32
		{F741A14B-C67D-4FB8-AAAB-8A8CA23FF190}.Release|x64.ActiveCfg = Release|x64
		{F741A14B-C67D-4FB8-AAAB-8A8CA23FF190}.Release|x64.Build.0 = Release|x64
		{F741A14B-C67D-4FB8-AAAB-8A8CA23FF190}.Release|x86.ActiveCfg = Release|Win32
		{F741A14B-C67D-4FB8-AAAB-8A8CA23FF190}.Release|x86.Build.0 = Release|Win32
		{38C1E73F-25B2-4D48-B747-9B2373A8B592}.Debug|x64.ActiveCfg = Debug|x64
		{38C1E73F-25B2-4D48-B747-9B2373A8B592}.Debug|x64.Build.0 = Debug|x64
		{38C1E73F-25B2-4D48-B747-9B2373A8B592}.Debug|x86.ActiveCfg = Debug|Win32
		{38C1E73F-25B2-4D48-B747-9B2373A8B592}.Debug|x86.Build.0 = Debug|Win32
		{38C1E73F-25B2-4D48-B747-9B2373A8B592}.Release|x64.ActiveCfg = Release|x64
		{38C1E73F-25B2-4D48-B747-9B2373A8B592}.Release|x64.Build.0 = Release|x64
		{38C1E73F-25B2-4D48-B747-9B2373A8B592}.Release|x86.ActiveCfg = Release|Win32
		{38C1E73F-25B2-4D48-B747-9B2373A8B592}.Release|x86.Build.0 = Release|Win32
		{E6779EAA-73B8-4965-8BC2-42B1B45AAC13}.Debug|x64.ActiveCfg = Debug|x64
		{E6779EAA-73B8-4965-8BC2-42B1B45AAC13}.Debug|x64.Build.0 = Debug|x64
		{E6779EAA-73B8-4965-8BC2-42B1B45AAC13}.Debug|x86.ActiveCfg = Debug|Win32
		{E6779EAA-73B8-4965-8BC2-42B1B45AAC13}.Debug|x86.Build.0 = Debug|Win32
		{E6779EAA-73B8-4965-8BC2-42B1B45AAC13}.Release|x64.ActiveCfg = Release|x64
		{E6779EAA-73B8-4965-8BC2-42B1B45AAC13}.Release|x64.Build.0 = Release|x64
		{E6779EAA-73B8-4965-8BC2-42B1B45AAC13}.Release|x86.ActiveCfg = Release|Win32
		{E6779EAA-73B8-4965-8BC2-42B1B45AAC13}.Release|x86.Build.0 = Release|Win32
		{A5E3CF13-8B92-4439-B440-F05B615E51D9}.Debug|x64.ActiveCfg = Debug|x64
		{A5E3CF13-8B92-4439-B440-F05B615E51D9}.Debug|x64.Build.0 = Debug|x64
		{A5E3CF13-8B92-4439-B440-F05B615E51D9}.Debug|x86.ActiveCfg = Debug|Win32
		{A5E3CF13-8B92-4439-B440-F05B615E51D9}.Debug|x86.Build.0 = Debug|Win32
		{A5E3CF13-8B92-4439-B440-F05B615E51D9}.Release|x64.ActiveCfg = Release|x64
		{A5E3CF13-8B92-4439-B440-F05B615E51D9}.Release|x64.Build.0 = Release|x64
		{A5E3CF13-8B92-4439-B440-F05B615E51D9}.Release|x86.ActiveCfg = Release|Win32
		{A5E3CF13-8B92-4439-B440-F05B615E51D9}.Release|x86.Build.0 = Release|Win32
		{9FD2211B-3B3D-43C5-9DEF-F4D69A2A03BE}.Debug|x64.ActiveCfg = Debug|x64
		{9FD2211B-3B3D-43C5-9DEF-F4D69A2A03BE}.Debug|x64.Build.0 = Debug|x64
		{9FD2211B-3B3D-43C5-9DEF-F4D69A2A03BE}.Debug|x86.ActiveCfg = Debug|Win32
		{9FD2211B-3B3D-43C5-9DEF-F4D69A2A03BE}.Debug|x86.Build.0 = Debug|Win32
		{9FD2211B-3B3D-43C5-9DEF-F4D69A2A03BE}.Release|x64.ActiveCfg = Release|x64
		{9FD2211B-3B3D-43C5-9DEF-F4D69A2A03BE}.Release|x64.Build.0 = Release|x64
		{9FD2211B-3B3D-43C5-9DEF-F4D69A2A03BE}.Release|x86.ActiveCfg = Release|Win32
		{9FD2211B-3B3D-43C5-9DEF-F4D69A2A03BE}.Release|x86.Build.0 = Release|Win32
		{72A4A116-CD28-4111-A429-6B771DA17FB8}.Debug|x64.ActiveCfg = Debug|x64
		{72A4A116-CD28-4111-A429-6B771DA17FB8}.Debug|x64.Build.0 = Debug|x64
		{72A4A116-CD28-4111-A429-6B771DA17FB8}.Debug|x86.ActiveCfg = Debug|Win32
		{72A4A116-CD28-4111-A429-6B771DA17FB8}.Debug|x86.Build.0 = Debug|Win32
		{72A4A116-CD28-4111-A429-6B771DA17FB8}.Release|x64.ActiveCfg = Release|x64
		{72A4A116-CD28-4111-A429-6B771DA17FB8}.Release|x64.Build.0 = Release|x64
		{72A4A116-CD28-4111-A429-6B771DA17FB8}.Release|x86.ActiveCfg = Release|Win32
		{72A4A116-CD28-4111-A429-6B771DA17FB8}.Release|x86.Build.0 = Release|Win32
		{E4F7DD49-77F4-4F21-9D52-C051E37A7466}.Debug|x64.ActiveCfg = Debug|x64
		{E4F7DD49-77F4-4F21-9D52-C051E37A7466}.Debug|x64.Build.0 = Debug|x64
		{E4F7DD49-77F4-4F21-9D52-C051E37A7466}.Debug|x86.ActiveCfg = Debug|Win32
		{E4F7DD49-77F4-4F21-9D52-C051E37A7466}.Debug|x86.Build.0 = Debug|Win32
		{E4F7DD49-77F4-4F21-9D52-C051E37A7466}.Release|x64.ActiveCfg = Release|x64
		{E4F7DD49-77F4-4F21-9D52-C051E37A7466}.Release|x64.Build.0 = Release|x64
		{E4F7DD49-77F4-4F21-9D52-C051E37A7466}.Release|x86.ActiveCfg = Release|Win32
		{E4F7DD49-77F4-4F21-9D52-C051E37A7466}.Release|x86.Build.0 = Release|Win32
		{5ED4EC80-C637-4B19-8982-0A61BA9A13A3}.Debug|x64.ActiveCfg = Debug|x64
		{5ED4EC80-C637-4B19-8982-0A61BA9A13A3}.Debug|x64.Build.0 = Debug|x64
		{5ED4EC80-C637-4B19-8982-0A61BA9A13A3}.Debug|x86.ActiveCfg = Debug|Win32
		{5ED4EC80-C637-4B19-8982-0A61BA9A13A3}.Debug|x86.Build.0 = Debug|Win32
		{5ED4EC80-C637-4B19-8982-0A61BA9A13A3}.Release|x64.ActiveCfg = Release|x64
		{5ED4EC80-C637-4B19-8982-0A61BA9A13A3}.Release|x64.Build.0 = Release|x64
		{5ED4EC80-C637-4B19-8982-0A61BA9A13A3}.Release|x86.ActiveCfg = Release|Win32
		{5ED4EC80-C637-4B19-8982-0A61BA9A13A3}.Release|x86.Build.0 = Release|Win32
		{934D2737-3B7D-4B02-BAF5-E5847880B21A}.Debug|x64.ActiveCfg = Debug|x64
		{934D2737-3B7D-4B02-BAF5-E5847880B21A}.Debug|x64.Build.0 = Debug|x64
		{934D2737-3B7D-4B02-BAF5-E5847880B21A}.Debug|x86.ActiveCfg = Debug|Win32
		{934D2737-3B7D-4B02-BAF5-E5847880B21A}.Debug|x86.Build.0 = Debug|Win32
		{934D2737-3B7D-4B02-BAF5-E5847880B21A}.Release|x64.ActiveCfg = Release|x64
		{934D2737-3B7D-4B02-BAF5-E5847880B21A}.Release|x64.Build.0 = Release|x64
		{934D2737-3B7D-4B02-BAF5-E5847880B21A}.Release|x86.ActiveCfg = Release|Win32
		{934D2737-3B7D-4B02-BAF5-E5847880B21A}.Release|x86.Build.0 = Release|Win32
		{DB9F9082-09FC-4D0B-A779-268E170D1F47}.Debug|x64.ActiveCfg = Debug|x64
		{DB9F9082-09FC-4D0B-A779-268E170D1F47}.Debug|x64.Build.0 = Debug|x64
		{DB9F9082-09FC-4D0B-A779-268E170D1F47}.Debug|x86.ActiveCfg = Debug|Win32
		{DB9F9082-09FC-4D0B-A779-268E170D1F47}.Debug|x86.Build.0 = Debug|Win32
		{DB9F9082-09FC-4D0B-A779-268E170D1F47}.Release|x64.ActiveCfg = Release|x64
		{DB9F9082-09FC-4D0B-A779-268E170D1F47}.Release|x64.Build.0 = Release|x64
		{DB9F9082-09FC-4D0B-A779-268E170D1F47}.Release|x86.ActiveCfg = Release|Win32
		{DB9F9082-09FC-4D0B-A779-268E170D1F47}.Release|x86.Build.0 = Release|Win32
		{DD42A6FF-5985-496C-9F63-A007BACBFE7C}.Debug|x64.ActiveCfg = Debug|x64
		{DD42A6FF-5985-496C-9F63-A007BACBFE7C}.Debug|x64.Build.0 = Debug|x64
		{DD42A6FF-5985-496C-9F63-A007BACBFE7C}.Debug|x86.ActiveCfg = Debug|Win32
		{DD42A6FF-5985-496C-9F63-A007BACBFE7C}.Debug|x86.Build.0 = Debug|Win32
		{DD42A6FF-5985-496C-9F63-A007BACBFE7C}.Release|x64.ActiveCfg = Release|x64
		{DD42A6FF-5985-496C-9F63-A007BACBFE7C}.Release|x64.Build.0 = Release|x64
		{DD42A6FF-5985-496C-9F63-A007BACBFE7C}.Release|x86.ActiveCfg = Release|Win32
		{DD42A6FF-5985-496C-9F63-A007BACBFE7C}.Release|x86.Build.0 = Release|Win32
		{63F4BEDA-A115-4D4F-A56A-C25D1B386476}.Debug|x64.ActiveCfg = Debug|x64
		{63F4BEDA-A115-4D4F-A56A-C25D1B386476}.Debug|x64.Build.0 = Debug|x64
		{63F4BEDA-A115-4D4F-A56A-C25D1B386476}.Debug|x86.ActiveCfg = Debug|Win32
		{63F4BEDA-A115-4D4F-A56A-C25D1B386476}.Debug|x86.Build.0 = Debug|Win32
		{63F4BEDA-A115-4D4F-A56A-C25D1B386476}.Release|x64.ActiveCfg = Release|x64
		{63F4BEDA-A115-4D4F-A56A-C25D1B386476}.Release|x64.Build.0 = Release|x64
		{63F4BEDA-A115-4D4F-A56A-C25D1B386476}.Release|x86.ActiveCfg = Release|Win32
		{63F4BEDA-A115-4D4F-A56A-C25D1B386476}.Release|x86.Build.0 = Release|Win32
	EndGlobalSection
	GlobalSection(SolutionProperties) = preSolution
		HideSolutionNode = FALSE
	EndGlobalSection
	GlobalSection(ExtensibilityGlobals) = postSolution
		SolutionGuid = {208EE7A6-49A4-4CE0-9B47-711B7E6D1CF0}
	EndGlobalSection
EndGlobal
