
Microsoft Visual Studio Solution File, Format Version 12.00
# Visual Studio Version 16
VisualStudioVersion = 16.0.30104.148
MinimumVisualStudioVersion = 10.0.40219.1
Project("{8BC9CEB8-8B4A-11D0-8D11-00A0C91BC942}") = "Exam_01", "Exam_01\Exam_01.vcxproj", "{098DBD99-0830-43B9-9859-5B92817324DD}"
EndProject
Project("{8BC9CEB8-8B4A-11D0-8D11-00A0C91BC942}") = "Exam_02", "Exam_02\Exam_02.vcxproj", "{B3833F90-96DB-4130-A4A6-9B606CEB9680}"
EndProject
Project("{8BC9CEB8-8B4A-11D0-8D11-00A0C91BC942}") = "Exam_03", "Exam_03\Exam_03.vcxproj", "{C2592607-1F20-4B74-8932-862DE47B949B}"
EndProject
Project("{8BC9CEB8-8B4A-11D0-8D11-00A0C91BC942}") = "Exam_04", "Exam_04\Exam_04.vcxproj", "{CB03FB32-791C-4B1C-BEC4-4ADF16604F1A}"
EndProject
Project("{8BC9CEB8-8B4A-11D0-8D11-00A0C91BC942}") = "Exam_05", "Exam_05\Exam_05.vcxproj", "{14312778-8A40-424E-B6D1-0EF176DC6D8F}"
EndProject
Project("{8BC9CEB8-8B4A-11D0-8D11-00A0C91BC942}") = "Exam_06", "Exam_06\Exam_06.vcxproj", "{191AD68F-752F-4404-9B37-37BB59AE5DA0}"
EndProject
Project("{8BC9CEB8-8B4A-11D0-8D11-00A0C91BC942}") = "Exam_07", "Exam_07\Exam_07.vcxproj", "{C2627CBD-B467-47A1-9832-E22E4237F194}"
EndProject
Project("{8BC9CEB8-8B4A-11D0-8D11-00A0C91BC942}") = "Exam_08", "Exam_08\Exam_08.vcxproj", "{C7F3185B-AC7D-4F65-8C71-EAE4057C3625}"
EndProject
Project("{8BC9CEB8-8B4A-11D0-8D11-00A0C91BC942}") = "Exam_09", "Exam_09\Exam_09.vcxproj", "{AEAF55F9-C4EA-47C4-9B5A-100E5EE7894E}"
EndProject
Project("{8BC9CEB8-8B4A-11D0-8D11-00A0C91BC942}") = "Exam_10", "Exam_10\Exam_10.vcxproj", "{C5AC82C0-BFC1-4CAF-8AD4-6549ABDF2DA1}"
EndProject
Project("{8BC9CEB8-8B4A-11D0-8D11-00A0C91BC942}") = "Exam_11", "Exam_11\Exam_11.vcxproj", "{381B995D-58A8-44AC-8D6B-3514EBD80BA4}"
EndProject
Project("{8BC9CEB8-8B4A-11D0-8D11-00A0C91BC942}") = "Exam_12", "Exam_12\Exam_12.vcxproj", "{D77D2B19-C864-4CD9-88E8-8FAD7EE52382}"
EndProject
Project("{8BC9CEB8-8B4A-11D0-8D11-00A0C91BC942}") = "Exam_13", "Exam_13\Exam_13.vcxproj", "{9876D5AD-BCA2-48FC-A9F5-3121464C1571}"
EndProject
Project("{8BC9CEB8-8B4A-11D0-8D11-00A0C91BC942}") = "Exam_14", "Exam_14\Exam_14.vcxproj", "{B88AB3A6-B156-481A-A2DB-D852719A29C4}"
EndProject
Project("{8BC9CEB8-8B4A-11D0-8D11-00A0C91BC942}") = "Exam_15", "Exam_15\Exam_15.vcxproj", "{F439524C-F2D4-467B-861E-9574E75A4EB1}"
EndProject
Project("{8BC9CEB8-8B4A-11D0-8D11-00A0C91BC942}") = "Exam_16", "Exam_16\Exam_16.vcxproj", "{75F1E4F0-B1B4-4FCE-BAEB-E9FC93AA9DDD}"
EndProject
Project("{8BC9CEB8-8B4A-11D0-8D11-00A0C91BC942}") = "Control_1", "Control_1\Control_1.vcxproj", "{A7934851-DD66-429F-82FD-36AEB9461FBA}"
EndProject
Project("{8BC9CEB8-8B4A-11D0-8D11-00A0C91BC942}") = "Control_2", "Control_2\Control_2.vcxproj", "{F4E58B84-2A2A-4617-ABE4-2E0E58931987}"
EndProject
Project("{8BC9CEB8-8B4A-11D0-8D11-00A0C91BC942}") = "Control_3", "Control_3\Control_3.vcxproj", "{E4946F3E-A2DA-44D9-8A4B-3F1D942FBB39}"
EndProject
Project("{8BC9CEB8-8B4A-11D0-8D11-00A0C91BC942}") = "Control_4", "Control_4\Control_4.vcxproj", "{7B779FBF-B6E2-4B69-9C38-21A7B4F83B47}"
EndProject
Project("{8BC9CEB8-8B4A-11D0-8D11-00A0C91BC942}") = "Score", "Score\Score.vcxproj", "{BD8F06EB-F8AB-4F1F-8E4E-EBFBCF50EC7D}"
EndProject
Project("{8BC9CEB8-8B4A-11D0-8D11-00A0C91BC942}") = "Control_5", "Control_5\Control_5.vcxproj", "{BD28F8B3-EF70-443F-8CF7-4A84CC068DC6}"
EndProject
Project("{8BC9CEB8-8B4A-11D0-8D11-00A0C91BC942}") = "Control_6", "Control_6\Control_6.vcxproj", "{84212547-4560-4C2D-A3D3-02DB8580C461}"
EndProject
Global
	GlobalSection(SolutionConfigurationPlatforms) = preSolution
		Debug|x64 = Debug|x64
		Debug|x86 = Debug|x86
		Release|x64 = Release|x64
		Release|x86 = Release|x86
	EndGlobalSection
	GlobalSection(ProjectConfigurationPlatforms) = postSolution
		{098DBD99-0830-43B9-9859-5B92817324DD}.Debug|x64.ActiveCfg = Debug|x64
		{098DBD99-0830-43B9-9859-5B92817324DD}.Debug|x64.Build.0 = Debug|x64
		{098DBD99-0830-43B9-9859-5B92817324DD}.Debug|x86.ActiveCfg = Debug|Win32
		{098DBD99-0830-43B9-9859-5B92817324DD}.Debug|x86.Build.0 = Debug|Win32
		{098DBD99-0830-43B9-9859-5B92817324DD}.Release|x64.ActiveCfg = Release|x64
		{098DBD99-0830-43B9-9859-5B92817324DD}.Release|x64.Build.0 = Release|x64
		{098DBD99-0830-43B9-9859-5B92817324DD}.Release|x86.ActiveCfg = Release|Win32
		{098DBD99-0830-43B9-9859-5B92817324DD}.Release|x86.Build.0 = Release|Win32
		{B3833F90-96DB-4130-A4A6-9B606CEB9680}.Debug|x64.ActiveCfg = Debug|x64
		{B3833F90-96DB-4130-A4A6-9B606CEB9680}.Debug|x64.Build.0 = Debug|x64
		{B3833F90-96DB-4130-A4A6-9B606CEB9680}.Debug|x86.ActiveCfg = Debug|Win32
		{B3833F90-96DB-4130-A4A6-9B606CEB9680}.Debug|x86.Build.0 = Debug|Win32
		{B3833F90-96DB-4130-A4A6-9B606CEB9680}.Release|x64.ActiveCfg = Release|x64
		{B3833F90-96DB-4130-A4A6-9B606CEB9680}.Release|x64.Build.0 = Release|x64
		{B3833F90-96DB-4130-A4A6-9B606CEB9680}.Release|x86.ActiveCfg = Release|Win32
		{B3833F90-96DB-4130-A4A6-9B606CEB9680}.Release|x86.Build.0 = Release|Win32
		{C2592607-1F20-4B74-8932-862DE47B949B}.Debug|x64.ActiveCfg = Debug|x64
		{C2592607-1F20-4B74-8932-862DE47B949B}.Debug|x64.Build.0 = Debug|x64
		{C2592607-1F20-4B74-8932-862DE47B949B}.Debug|x86.ActiveCfg = Debug|Win32
		{C2592607-1F20-4B74-8932-862DE47B949B}.Debug|x86.Build.0 = Debug|Win32
		{C2592607-1F20-4B74-8932-862DE47B949B}.Release|x64.ActiveCfg = Release|x64
		{C2592607-1F20-4B74-8932-862DE47B949B}.Release|x64.Build.0 = Release|x64
		{C2592607-1F20-4B74-8932-862DE47B949B}.Release|x86.ActiveCfg = Release|Win32
		{C2592607-1F20-4B74-8932-862DE47B949B}.Release|x86.Build.0 = Release|Win32
		{CB03FB32-791C-4B1C-BEC4-4ADF16604F1A}.Debug|x64.ActiveCfg = Debug|x64
		{CB03FB32-791C-4B1C-BEC4-4ADF16604F1A}.Debug|x64.Build.0 = Debug|x64
		{CB03FB32-791C-4B1C-BEC4-4ADF16604F1A}.Debug|x86.ActiveCfg = Debug|Win32
		{CB03FB32-791C-4B1C-BEC4-4ADF16604F1A}.Debug|x86.Build.0 = Debug|Win32
		{CB03FB32-791C-4B1C-BEC4-4ADF16604F1A}.Release|x64.ActiveCfg = Release|x64
		{CB03FB32-791C-4B1C-BEC4-4ADF16604F1A}.Release|x64.Build.0 = Release|x64
		{CB03FB32-791C-4B1C-BEC4-4ADF16604F1A}.Release|x86.ActiveCfg = Release|Win32
		{CB03FB32-791C-4B1C-BEC4-4ADF16604F1A}.Release|x86.Build.0 = Release|Win32
		{14312778-8A40-424E-B6D1-0EF176DC6D8F}.Debug|x64.ActiveCfg = Debug|x64
		{14312778-8A40-424E-B6D1-0EF176DC6D8F}.Debug|x64.Build.0 = Debug|x64
		{14312778-8A40-424E-B6D1-0EF176DC6D8F}.Debug|x86.ActiveCfg = Debug|Win32
		{14312778-8A40-424E-B6D1-0EF176DC6D8F}.Debug|x86.Build.0 = Debug|Win32
		{14312778-8A40-424E-B6D1-0EF176DC6D8F}.Release|x64.ActiveCfg = Release|x64
		{14312778-8A40-424E-B6D1-0EF176DC6D8F}.Release|x64.Build.0 = Release|x64
		{14312778-8A40-424E-B6D1-0EF176DC6D8F}.Release|x86.ActiveCfg = Release|Win32
		{14312778-8A40-424E-B6D1-0EF176DC6D8F}.Release|x86.Build.0 = Release|Win32
		{191AD68F-752F-4404-9B37-37BB59AE5DA0}.Debug|x64.ActiveCfg = Debug|x64
		{191AD68F-752F-4404-9B37-37BB59AE5DA0}.Debug|x64.Build.0 = Debug|x64
		{191AD68F-752F-4404-9B37-37BB59AE5DA0}.Debug|x86.ActiveCfg = Debug|Win32
		{191AD68F-752F-4404-9B37-37BB59AE5DA0}.Debug|x86.Build.0 = Debug|Win32
		{191AD68F-752F-4404-9B37-37BB59AE5DA0}.Release|x64.ActiveCfg = Release|x64
		{191AD68F-752F-4404-9B37-37BB59AE5DA0}.Release|x64.Build.0 = Release|x64
		{191AD68F-752F-4404-9B37-37BB59AE5DA0}.Release|x86.ActiveCfg = Release|Win32
		{191AD68F-752F-4404-9B37-37BB59AE5DA0}.Release|x86.Build.0 = Release|Win32
		{C2627CBD-B467-47A1-9832-E22E4237F194}.Debug|x64.ActiveCfg = Debug|x64
		{C2627CBD-B467-47A1-9832-E22E4237F194}.Debug|x64.Build.0 = Debug|x64
		{C2627CBD-B467-47A1-9832-E22E4237F194}.Debug|x86.ActiveCfg = Debug|Win32
		{C2627CBD-B467-47A1-9832-E22E4237F194}.Debug|x86.Build.0 = Debug|Win32
		{C2627CBD-B467-47A1-9832-E22E4237F194}.Release|x64.ActiveCfg = Release|x64
		{C2627CBD-B467-47A1-9832-E22E4237F194}.Release|x64.Build.0 = Release|x64
		{C2627CBD-B467-47A1-9832-E22E4237F194}.Release|x86.ActiveCfg = Release|Win32
		{C2627CBD-B467-47A1-9832-E22E4237F194}.Release|x86.Build.0 = Release|Win32
		{C7F3185B-AC7D-4F65-8C71-EAE4057C3625}.Debug|x64.ActiveCfg = Debug|x64
		{C7F3185B-AC7D-4F65-8C71-EAE4057C3625}.Debug|x64.Build.0 = Debug|x64
		{C7F3185B-AC7D-4F65-8C71-EAE4057C3625}.Debug|x86.ActiveCfg = Debug|Win32
		{C7F3185B-AC7D-4F65-8C71-EAE4057C3625}.Debug|x86.Build.0 = Debug|Win32
		{C7F3185B-AC7D-4F65-8C71-EAE4057C3625}.Release|x64.ActiveCfg = Release|x64
		{C7F3185B-AC7D-4F65-8C71-EAE4057C3625}.Release|x64.Build.0 = Release|x64
		{C7F3185B-AC7D-4F65-8C71-EAE4057C3625}.Release|x86.ActiveCfg = Release|Win32
		{C7F3185B-AC7D-4F65-8C71-EAE4057C3625}.Release|x86.Build.0 = Release|Win32
		{AEAF55F9-C4EA-47C4-9B5A-100E5EE7894E}.Debug|x64.ActiveCfg = Debug|x64
		{AEAF55F9-C4EA-47C4-9B5A-100E5EE7894E}.Debug|x64.Build.0 = Debug|x64
		{AEAF55F9-C4EA-47C4-9B5A-100E5EE7894E}.Debug|x86.ActiveCfg = Debug|Win32
		{AEAF55F9-C4EA-47C4-9B5A-100E5EE7894E}.Debug|x86.Build.0 = Debug|Win32
		{AEAF55F9-C4EA-47C4-9B5A-100E5EE7894E}.Release|x64.ActiveCfg = Release|x64
		{AEAF55F9-C4EA-47C4-9B5A-100E5EE7894E}.Release|x64.Build.0 = Release|x64
		{AEAF55F9-C4EA-47C4-9B5A-100E5EE7894E}.Release|x86.ActiveCfg = Release|Win32
		{AEAF55F9-C4EA-47C4-9B5A-100E5EE7894E}.Release|x86.Build.0 = Release|Win32
		{C5AC82C0-BFC1-4CAF-8AD4-6549ABDF2DA1}.Debug|x64.ActiveCfg = Debug|x64
		{C5AC82C0-BFC1-4CAF-8AD4-6549ABDF2DA1}.Debug|x64.Build.0 = Debug|x64
		{C5AC82C0-BFC1-4CAF-8AD4-6549ABDF2DA1}.Debug|x86.ActiveCfg = Debug|Win32
		{C5AC82C0-BFC1-4CAF-8AD4-6549ABDF2DA1}.Debug|x86.Build.0 = Debug|Win32
		{C5AC82C0-BFC1-4CAF-8AD4-6549ABDF2DA1}.Release|x64.ActiveCfg = Release|x64
		{C5AC82C0-BFC1-4CAF-8AD4-6549ABDF2DA1}.Release|x64.Build.0 = Release|x64
		{C5AC82C0-BFC1-4CAF-8AD4-6549ABDF2DA1}.Release|x86.ActiveCfg = Release|Win32
		{C5AC82C0-BFC1-4CAF-8AD4-6549ABDF2DA1}.Release|x86.Build.0 = Release|Win32
		{381B995D-58A8-44AC-8D6B-3514EBD80BA4}.Debug|x64.ActiveCfg = Debug|x64
		{381B995D-58A8-44AC-8D6B-3514EBD80BA4}.Debug|x64.Build.0 = Debug|x64
		{381B995D-58A8-44AC-8D6B-3514EBD80BA4}.Debug|x86.ActiveCfg = Debug|Win32
		{381B995D-58A8-44AC-8D6B-3514EBD80BA4}.Debug|x86.Build.0 = Debug|Win32
		{381B995D-58A8-44AC-8D6B-3514EBD80BA4}.Release|x64.ActiveCfg = Release|x64
		{381B995D-58A8-44AC-8D6B-3514EBD80BA4}.Release|x64.Build.0 = Release|x64
		{381B995D-58A8-44AC-8D6B-3514EBD80BA4}.Release|x86.ActiveCfg = Release|Win32
		{381B995D-58A8-44AC-8D6B-3514EBD80BA4}.Release|x86.Build.0 = Release|Win32
		{D77D2B19-C864-4CD9-88E8-8FAD7EE52382}.Debug|x64.ActiveCfg = Debug|x64
		{D77D2B19-C864-4CD9-88E8-8FAD7EE52382}.Debug|x64.Build.0 = Debug|x64
		{D77D2B19-C864-4CD9-88E8-8FAD7EE52382}.Debug|x86.ActiveCfg = Debug|Win32
		{D77D2B19-C864-4CD9-88E8-8FAD7EE52382}.Debug|x86.Build.0 = Debug|Win32
		{D77D2B19-C864-4CD9-88E8-8FAD7EE52382}.Release|x64.ActiveCfg = Release|x64
		{D77D2B19-C864-4CD9-88E8-8FAD7EE52382}.Release|x64.Build.0 = Release|x64
		{D77D2B19-C864-4CD9-88E8-8FAD7EE52382}.Release|x86.ActiveCfg = Release|Win32
		{D77D2B19-C864-4CD9-88E8-8FAD7EE52382}.Release|x86.Build.0 = Release|Win32
		{9876D5AD-BCA2-48FC-A9F5-3121464C1571}.Debug|x64.ActiveCfg = Debug|x64
		{9876D5AD-BCA2-48FC-A9F5-3121464C1571}.Debug|x64.Build.0 = Debug|x64
		{9876D5AD-BCA2-48FC-A9F5-3121464C1571}.Debug|x86.ActiveCfg = Debug|Win32
		{9876D5AD-BCA2-48FC-A9F5-3121464C1571}.Debug|x86.Build.0 = Debug|Win32
		{9876D5AD-BCA2-48FC-A9F5-3121464C1571}.Release|x64.ActiveCfg = Release|x64
		{9876D5AD-BCA2-48FC-A9F5-3121464C1571}.Release|x64.Build.0 = Release|x64
		{9876D5AD-BCA2-48FC-A9F5-3121464C1571}.Release|x86.ActiveCfg = Release|Win32
		{9876D5AD-BCA2-48FC-A9F5-3121464C1571}.Release|x86.Build.0 = Release|Win32
		{B88AB3A6-B156-481A-A2DB-D852719A29C4}.Debug|x64.ActiveCfg = Debug|x64
		{B88AB3A6-B156-481A-A2DB-D852719A29C4}.Debug|x64.Build.0 = Debug|x64
		{B88AB3A6-B156-481A-A2DB-D852719A29C4}.Debug|x86.ActiveCfg = Debug|Win32
		{B88AB3A6-B156-481A-A2DB-D852719A29C4}.Debug|x86.Build.0 = Debug|Win32
		{B88AB3A6-B156-481A-A2DB-D852719A29C4}.Release|x64.ActiveCfg = Release|x64
		{B88AB3A6-B156-481A-A2DB-D852719A29C4}.Release|x64.Build.0 = Release|x64
		{B88AB3A6-B156-481A-A2DB-D852719A29C4}.Release|x86.ActiveCfg = Release|Win32
		{B88AB3A6-B156-481A-A2DB-D852719A29C4}.Release|x86.Build.0 = Release|Win32
		{F439524C-F2D4-467B-861E-9574E75A4EB1}.Debug|x64.ActiveCfg = Debug|x64
		{F439524C-F2D4-467B-861E-9574E75A4EB1}.Debug|x64.Build.0 = Debug|x64
		{F439524C-F2D4-467B-861E-9574E75A4EB1}.Debug|x86.ActiveCfg = Debug|Win32
		{F439524C-F2D4-467B-861E-9574E75A4EB1}.Debug|x86.Build.0 = Debug|Win32
		{F439524C-F2D4-467B-861E-9574E75A4EB1}.Release|x64.ActiveCfg = Release|x64
		{F439524C-F2D4-467B-861E-9574E75A4EB1}.Release|x64.Build.0 = Release|x64
		{F439524C-F2D4-467B-861E-9574E75A4EB1}.Release|x86.ActiveCfg = Release|Win32
		{F439524C-F2D4-467B-861E-9574E75A4EB1}.Release|x86.Build.0 = Release|Win32
		{75F1E4F0-B1B4-4FCE-BAEB-E9FC93AA9DDD}.Debug|x64.ActiveCfg = Debug|x64
		{75F1E4F0-B1B4-4FCE-BAEB-E9FC93AA9DDD}.Debug|x64.Build.0 = Debug|x64
		{75F1E4F0-B1B4-4FCE-BAEB-E9FC93AA9DDD}.Debug|x86.ActiveCfg = Debug|Win32
		{75F1E4F0-B1B4-4FCE-BAEB-E9FC93AA9DDD}.Debug|x86.Build.0 = Debug|Win32
		{75F1E4F0-B1B4-4FCE-BAEB-E9FC93AA9DDD}.Release|x64.ActiveCfg = Release|x64
		{75F1E4F0-B1B4-4FCE-BAEB-E9FC93AA9DDD}.Release|x64.Build.0 = Release|x64
		{75F1E4F0-B1B4-4FCE-BAEB-E9FC93AA9DDD}.Release|x86.ActiveCfg = Release|Win32
		{75F1E4F0-B1B4-4FCE-BAEB-E9FC93AA9DDD}.Release|x86.Build.0 = Release|Win32
		{A7934851-DD66-429F-82FD-36AEB9461FBA}.Debug|x64.ActiveCfg = Debug|x64
		{A7934851-DD66-429F-82FD-36AEB9461FBA}.Debug|x64.Build.0 = Debug|x64
		{A7934851-DD66-429F-82FD-36AEB9461FBA}.Debug|x86.ActiveCfg = Debug|Win32
		{A7934851-DD66-429F-82FD-36AEB9461FBA}.Debug|x86.Build.0 = Debug|Win32
		{A7934851-DD66-429F-82FD-36AEB9461FBA}.Release|x64.ActiveCfg = Release|x64
		{A7934851-DD66-429F-82FD-36AEB9461FBA}.Release|x64.Build.0 = Release|x64
		{A7934851-DD66-429F-82FD-36AEB9461FBA}.Release|x86.ActiveCfg = Release|Win32
		{A7934851-DD66-429F-82FD-36AEB9461FBA}.Release|x86.Build.0 = Release|Win32
		{F4E58B84-2A2A-4617-ABE4-2E0E58931987}.Debug|x64.ActiveCfg = Debug|x64
		{F4E58B84-2A2A-4617-ABE4-2E0E58931987}.Debug|x64.Build.0 = Debug|x64
		{F4E58B84-2A2A-4617-ABE4-2E0E58931987}.Debug|x86.ActiveCfg = Debug|Win32
		{F4E58B84-2A2A-4617-ABE4-2E0E58931987}.Debug|x86.Build.0 = Debug|Win32
		{F4E58B84-2A2A-4617-ABE4-2E0E58931987}.Release|x64.ActiveCfg = Release|x64
		{F4E58B84-2A2A-4617-ABE4-2E0E58931987}.Release|x64.Build.0 = Release|x64
		{F4E58B84-2A2A-4617-ABE4-2E0E58931987}.Release|x86.ActiveCfg = Release|Win32
		{F4E58B84-2A2A-4617-ABE4-2E0E58931987}.Release|x86.Build.0 = Release|Win32
		{E4946F3E-A2DA-44D9-8A4B-3F1D942FBB39}.Debug|x64.ActiveCfg = Debug|x64
		{E4946F3E-A2DA-44D9-8A4B-3F1D942FBB39}.Debug|x64.Build.0 = Debug|x64
		{E4946F3E-A2DA-44D9-8A4B-3F1D942FBB39}.Debug|x86.ActiveCfg = Debug|Win32
		{E4946F3E-A2DA-44D9-8A4B-3F1D942FBB39}.Debug|x86.Build.0 = Debug|Win32
		{E4946F3E-A2DA-44D9-8A4B-3F1D942FBB39}.Release|x64.ActiveCfg = Release|x64
		{E4946F3E-A2DA-44D9-8A4B-3F1D942FBB39}.Release|x64.Build.0 = Release|x64
		{E4946F3E-A2DA-44D9-8A4B-3F1D942FBB39}.Release|x86.ActiveCfg = Release|Win32
		{E4946F3E-A2DA-44D9-8A4B-3F1D942FBB39}.Release|x86.Build.0 = Release|Win32
		{7B779FBF-B6E2-4B69-9C38-21A7B4F83B47}.Debug|x64.ActiveCfg = Debug|x64
		{7B779FBF-B6E2-4B69-9C38-21A7B4F83B47}.Debug|x64.Build.0 = Debug|x64
		{7B779FBF-B6E2-4B69-9C38-21A7B4F83B47}.Debug|x86.ActiveCfg = Debug|Win32
		{7B779FBF-B6E2-4B69-9C38-21A7B4F83B47}.Debug|x86.Build.0 = Debug|Win32
		{7B779FBF-B6E2-4B69-9C38-21A7B4F83B47}.Release|x64.ActiveCfg = Release|x64
		{7B779FBF-B6E2-4B69-9C38-21A7B4F83B47}.Release|x64.Build.0 = Release|x64
		{7B779FBF-B6E2-4B69-9C38-21A7B4F83B47}.Release|x86.ActiveCfg = Release|Win32
		{7B779FBF-B6E2-4B69-9C38-21A7B4F83B47}.Release|x86.Build.0 = Release|Win32
		{BD8F06EB-F8AB-4F1F-8E4E-EBFBCF50EC7D}.Debug|x64.ActiveCfg = Debug|x64
		{BD8F06EB-F8AB-4F1F-8E4E-EBFBCF50EC7D}.Debug|x64.Build.0 = Debug|x64
		{BD8F06EB-F8AB-4F1F-8E4E-EBFBCF50EC7D}.Debug|x86.ActiveCfg = Debug|Win32
		{BD8F06EB-F8AB-4F1F-8E4E-EBFBCF50EC7D}.Debug|x86.Build.0 = Debug|Win32
		{BD8F06EB-F8AB-4F1F-8E4E-EBFBCF50EC7D}.Release|x64.ActiveCfg = Release|x64
		{BD8F06EB-F8AB-4F1F-8E4E-EBFBCF50EC7D}.Release|x64.Build.0 = Release|x64
		{BD8F06EB-F8AB-4F1F-8E4E-EBFBCF50EC7D}.Release|x86.ActiveCfg = Release|Win32
		{BD8F06EB-F8AB-4F1F-8E4E-EBFBCF50EC7D}.Release|x86.Build.0 = Release|Win32
		{BD28F8B3-EF70-443F-8CF7-4A84CC068DC6}.Debug|x64.ActiveCfg = Debug|x64
		{BD28F8B3-EF70-443F-8CF7-4A84CC068DC6}.Debug|x64.Build.0 = Debug|x64
		{BD28F8B3-EF70-443F-8CF7-4A84CC068DC6}.Debug|x86.ActiveCfg = Debug|Win32
		{BD28F8B3-EF70-443F-8CF7-4A84CC068DC6}.Debug|x86.Build.0 = Debug|Win32
		{BD28F8B3-EF70-443F-8CF7-4A84CC068DC6}.Release|x64.ActiveCfg = Release|x64
		{BD28F8B3-EF70-443F-8CF7-4A84CC068DC6}.Release|x64.Build.0 = Release|x64
		{BD28F8B3-EF70-443F-8CF7-4A84CC068DC6}.Release|x86.ActiveCfg = Release|Win32
		{BD28F8B3-EF70-443F-8CF7-4A84CC068DC6}.Release|x86.Build.0 = Release|Win32
		{84212547-4560-4C2D-A3D3-02DB8580C461}.Debug|x64.ActiveCfg = Debug|x64
		{84212547-4560-4C2D-A3D3-02DB8580C461}.Debug|x64.Build.0 = Debug|x64
		{84212547-4560-4C2D-A3D3-02DB8580C461}.Debug|x86.ActiveCfg = Debug|Win32
		{84212547-4560-4C2D-A3D3-02DB8580C461}.Debug|x86.Build.0 = Debug|Win32
		{84212547-4560-4C2D-A3D3-02DB8580C461}.Release|x64.ActiveCfg = Release|x64
		{84212547-4560-4C2D-A3D3-02DB8580C461}.Release|x64.Build.0 = Release|x64
		{84212547-4560-4C2D-A3D3-02DB8580C461}.Release|x86.ActiveCfg = Release|Win32
		{84212547-4560-4C2D-A3D3-02DB8580C461}.Release|x86.Build.0 = Release|Win32
	EndGlobalSection
	GlobalSection(SolutionProperties) = preSolution
		HideSolutionNode = FALSE
	EndGlobalSection
	GlobalSection(ExtensibilityGlobals) = postSolution
		SolutionGuid = {4C7F386F-EF94-41C5-84FD-A5B26BF49650}
	EndGlobalSection
EndGlobal
