
Microsoft Visual Studio Solution File, Format Version 12.00
# Visual Studio Version 16
VisualStudioVersion = 16.0.30104.148
MinimumVisualStudioVersion = 10.0.40219.1
Project("{8BC9CEB8-8B4A-11D0-8D11-00A0C91BC942}") = "Day_005", "Day_005\Day_005.vcxproj", "{A0587BFF-39AD-4C4B-93A7-4742DC01D0A0}"
EndProject
Project("{8BC9CEB8-8B4A-11D0-8D11-00A0C91BC942}") = "Variable_1", "Variable_1\Variable_1.vcxproj", "{5517CE60-86E6-4A58-B622-5869D5B3D6C8}"
EndProject
Project("{8BC9CEB8-8B4A-11D0-8D11-00A0C91BC942}") = "Variable_2", "Variable_2\Variable_2.vcxproj", "{200C5056-9B6B-40F6-89E8-36AEA43951AA}"
EndProject
Project("{8BC9CEB8-8B4A-11D0-8D11-00A0C91BC942}") = "Variable_3", "Variable_3\Variable_3.vcxproj", "{2A5927D4-4E65-40E2-BC85-B336D851641B}"
EndProject
Project("{8BC9CEB8-8B4A-11D0-8D11-00A0C91BC942}") = "Variable_4", "Variable_4\Variable_4.vcxproj", "{7F27A1DC-D84A-4DFC-AE8A-539BF0528F34}"
EndProject
Project("{8BC9CEB8-8B4A-11D0-8D11-00A0C91BC942}") = "Variable_5", "Variable_5\Variable_5.vcxproj", "{03C0E4F7-EC03-4AA1-84C9-05F1CF4E122F}"
EndProject
Project("{8BC9CEB8-8B4A-11D0-8D11-00A0C91BC942}") = "Variable_6", "Variable_6\Variable_6.vcxproj", "{3A47B54C-33BF-4164-831D-E490B2A56623}"
EndProject
Project("{8BC9CEB8-8B4A-11D0-8D11-00A0C91BC942}") = "Coffee_1", "Coffee_1\Coffee_1.vcxproj", "{827E9081-85F2-4552-9B06-991425531320}"
EndProject
Project("{8BC9CEB8-8B4A-11D0-8D11-00A0C91BC942}") = "Coffee_2", "Coffee_2\Coffee_2.vcxproj", "{E3CA17AE-CBF4-44C4-9764-E01F1FB8B6B4}"
EndProject
Project("{8BC9CEB8-8B4A-11D0-8D11-00A0C91BC942}") = "Exam_01", "Exam_01\Exam_01.vcxproj", "{0699B418-322C-4B48-91AA-CBBE9ECF0741}"
EndProject
Project("{8BC9CEB8-8B4A-11D0-8D11-00A0C91BC942}") = "Bank", "Bank\Bank.vcxproj", "{27A18D08-EA92-46F5-A18C-F64EBFED62C3}"
EndProject
Project("{8BC9CEB8-8B4A-11D0-8D11-00A0C91BC942}") = "Bank_2", "Bank_2\Bank_2.vcxproj", "{863A679F-AFB5-4A47-A7AB-62FEB81D38D7}"
EndProject
Project("{8BC9CEB8-8B4A-11D0-8D11-00A0C91BC942}") = "Hotel", "Hotel\Hotel.vcxproj", "{278D7B84-DB48-427A-BC91-9C8067122E28}"
EndProject
Project("{8BC9CEB8-8B4A-11D0-8D11-00A0C91BC942}") = "Project1", "Project1\Project1.vcxproj", "{96FCA2F8-3444-4392-BC94-20C8ED61EA62}"
EndProject
Project("{8BC9CEB8-8B4A-11D0-8D11-00A0C91BC942}") = "Project2", "Project2\Project2.vcxproj", "{9A02E88E-1C36-4E14-B3B6-BB3BF85DD79C}"
EndProject
Project("{8BC9CEB8-8B4A-11D0-8D11-00A0C91BC942}") = "Project3", "Project3\Project3.vcxproj", "{A7B85AA4-F3FE-419D-97D9-C3704E8469FF}"
EndProject
Project("{8BC9CEB8-8B4A-11D0-8D11-00A0C91BC942}") = "Project4", "Project4\Project4.vcxproj", "{411B42D6-E1D0-4B33-BCA8-D1A7BEA6B4EE}"
EndProject
Project("{8BC9CEB8-8B4A-11D0-8D11-00A0C91BC942}") = "Project5", "Project5\Project5.vcxproj", "{C0E3750B-0FBF-43B4-81D1-70BF85AEA157}"
EndProject
Project("{8BC9CEB8-8B4A-11D0-8D11-00A0C91BC942}") = "Project6", "Project6\Project6.vcxproj", "{2624D731-6168-460A-807D-26E0F233D6E1}"
EndProject
Project("{8BC9CEB8-8B4A-11D0-8D11-00A0C91BC942}") = "Project7", "Project7\Project7.vcxproj", "{25A1A57D-6510-41D0-8BEE-2CAB5FC59876}"
EndProject
Project("{8BC9CEB8-8B4A-11D0-8D11-00A0C91BC942}") = "Project7_1", "Project7_1\Project7_1.vcxproj", "{826909CB-3C31-467A-B709-0FE8D0A87CEA}"
EndProject
Global
	GlobalSection(SolutionConfigurationPlatforms) = preSolution
		Debug|x64 = Debug|x64
		Debug|x86 = Debug|x86
		Release|x64 = Release|x64
		Release|x86 = Release|x86
	EndGlobalSection
	GlobalSection(ProjectConfigurationPlatforms) = postSolution
		{A0587BFF-39AD-4C4B-93A7-4742DC01D0A0}.Debug|x64.ActiveCfg = Debug|x64
		{A0587BFF-39AD-4C4B-93A7-4742DC01D0A0}.Debug|x64.Build.0 = Debug|x64
		{A0587BFF-39AD-4C4B-93A7-4742DC01D0A0}.Debug|x86.ActiveCfg = Debug|Win32
		{A0587BFF-39AD-4C4B-93A7-4742DC01D0A0}.Debug|x86.Build.0 = Debug|Win32
		{A0587BFF-39AD-4C4B-93A7-4742DC01D0A0}.Release|x64.ActiveCfg = Release|x64
		{A0587BFF-39AD-4C4B-93A7-4742DC01D0A0}.Release|x64.Build.0 = Release|x64
		{A0587BFF-39AD-4C4B-93A7-4742DC01D0A0}.Release|x86.ActiveCfg = Release|Win32
		{A0587BFF-39AD-4C4B-93A7-4742DC01D0A0}.Release|x86.Build.0 = Release|Win32
		{5517CE60-86E6-4A58-B622-5869D5B3D6C8}.Debug|x64.ActiveCfg = Debug|x64
		{5517CE60-86E6-4A58-B622-5869D5B3D6C8}.Debug|x64.Build.0 = Debug|x64
		{5517CE60-86E6-4A58-B622-5869D5B3D6C8}.Debug|x86.ActiveCfg = Debug|Win32
		{5517CE60-86E6-4A58-B622-5869D5B3D6C8}.Debug|x86.Build.0 = Debug|Win32
		{5517CE60-86E6-4A58-B622-5869D5B3D6C8}.Release|x64.ActiveCfg = Release|x64
		{5517CE60-86E6-4A58-B622-5869D5B3D6C8}.Release|x64.Build.0 = Release|x64
		{5517CE60-86E6-4A58-B622-5869D5B3D6C8}.Release|x86.ActiveCfg = Release|Win32
		{5517CE60-86E6-4A58-B622-5869D5B3D6C8}.Release|x86.Build.0 = Release|Win32
		{200C5056-9B6B-40F6-89E8-36AEA43951AA}.Debug|x64.ActiveCfg = Debug|x64
		{200C5056-9B6B-40F6-89E8-36AEA43951AA}.Debug|x64.Build.0 = Debug|x64
		{200C5056-9B6B-40F6-89E8-36AEA43951AA}.Debug|x86.ActiveCfg = Debug|Win32
		{200C5056-9B6B-40F6-89E8-36AEA43951AA}.Debug|x86.Build.0 = Debug|Win32
		{200C5056-9B6B-40F6-89E8-36AEA43951AA}.Release|x64.ActiveCfg = Release|x64
		{200C5056-9B6B-40F6-89E8-36AEA43951AA}.Release|x64.Build.0 = Release|x64
		{200C5056-9B6B-40F6-89E8-36AEA43951AA}.Release|x86.ActiveCfg = Release|Win32
		{200C5056-9B6B-40F6-89E8-36AEA43951AA}.Release|x86.Build.0 = Release|Win32
		{2A5927D4-4E65-40E2-BC85-B336D851641B}.Debug|x64.ActiveCfg = Debug|x64
		{2A5927D4-4E65-40E2-BC85-B336D851641B}.Debug|x64.Build.0 = Debug|x64
		{2A5927D4-4E65-40E2-BC85-B336D851641B}.Debug|x86.ActiveCfg = Debug|Win32
		{2A5927D4-4E65-40E2-BC85-B336D851641B}.Debug|x86.Build.0 = Debug|Win32
		{2A5927D4-4E65-40E2-BC85-B336D851641B}.Release|x64.ActiveCfg = Release|x64
		{2A5927D4-4E65-40E2-BC85-B336D851641B}.Release|x64.Build.0 = Release|x64
		{2A5927D4-4E65-40E2-BC85-B336D851641B}.Release|x86.ActiveCfg = Release|Win32
		{2A5927D4-4E65-40E2-BC85-B336D851641B}.Release|x86.Build.0 = Release|Win32
		{7F27A1DC-D84A-4DFC-AE8A-539BF0528F34}.Debug|x64.ActiveCfg = Debug|x64
		{7F27A1DC-D84A-4DFC-AE8A-539BF0528F34}.Debug|x64.Build.0 = Debug|x64
		{7F27A1DC-D84A-4DFC-AE8A-539BF0528F34}.Debug|x86.ActiveCfg = Debug|Win32
		{7F27A1DC-D84A-4DFC-AE8A-539BF0528F34}.Debug|x86.Build.0 = Debug|Win32
		{7F27A1DC-D84A-4DFC-AE8A-539BF0528F34}.Release|x64.ActiveCfg = Release|x64
		{7F27A1DC-D84A-4DFC-AE8A-539BF0528F34}.Release|x64.Build.0 = Release|x64
		{7F27A1DC-D84A-4DFC-AE8A-539BF0528F34}.Release|x86.ActiveCfg = Release|Win32
		{7F27A1DC-D84A-4DFC-AE8A-539BF0528F34}.Release|x86.Build.0 = Release|Win32
		{03C0E4F7-EC03-4AA1-84C9-05F1CF4E122F}.Debug|x64.ActiveCfg = Debug|x64
		{03C0E4F7-EC03-4AA1-84C9-05F1CF4E122F}.Debug|x64.Build.0 = Debug|x64
		{03C0E4F7-EC03-4AA1-84C9-05F1CF4E122F}.Debug|x86.ActiveCfg = Debug|Win32
		{03C0E4F7-EC03-4AA1-84C9-05F1CF4E122F}.Debug|x86.Build.0 = Debug|Win32
		{03C0E4F7-EC03-4AA1-84C9-05F1CF4E122F}.Release|x64.ActiveCfg = Release|x64
		{03C0E4F7-EC03-4AA1-84C9-05F1CF4E122F}.Release|x64.Build.0 = Release|x64
		{03C0E4F7-EC03-4AA1-84C9-05F1CF4E122F}.Release|x86.ActiveCfg = Release|Win32
		{03C0E4F7-EC03-4AA1-84C9-05F1CF4E122F}.Release|x86.Build.0 = Release|Win32
		{3A47B54C-33BF-4164-831D-E490B2A56623}.Debug|x64.ActiveCfg = Debug|x64
		{3A47B54C-33BF-4164-831D-E490B2A56623}.Debug|x64.Build.0 = Debug|x64
		{3A47B54C-33BF-4164-831D-E490B2A56623}.Debug|x86.ActiveCfg = Debug|Win32
		{3A47B54C-33BF-4164-831D-E490B2A56623}.Debug|x86.Build.0 = Debug|Win32
		{3A47B54C-33BF-4164-831D-E490B2A56623}.Release|x64.ActiveCfg = Release|x64
		{3A47B54C-33BF-4164-831D-E490B2A56623}.Release|x64.Build.0 = Release|x64
		{3A47B54C-33BF-4164-831D-E490B2A56623}.Release|x86.ActiveCfg = Release|Win32
		{3A47B54C-33BF-4164-831D-E490B2A56623}.Release|x86.Build.0 = Release|Win32
		{827E9081-85F2-4552-9B06-991425531320}.Debug|x64.ActiveCfg = Debug|x64
		{827E9081-85F2-4552-9B06-991425531320}.Debug|x64.Build.0 = Debug|x64
		{827E9081-85F2-4552-9B06-991425531320}.Debug|x86.ActiveCfg = Debug|Win32
		{827E9081-85F2-4552-9B06-991425531320}.Debug|x86.Build.0 = Debug|Win32
		{827E9081-85F2-4552-9B06-991425531320}.Release|x64.ActiveCfg = Release|x64
		{827E9081-85F2-4552-9B06-991425531320}.Release|x64.Build.0 = Release|x64
		{827E9081-85F2-4552-9B06-991425531320}.Release|x86.ActiveCfg = Release|Win32
		{827E9081-85F2-4552-9B06-991425531320}.Release|x86.Build.0 = Release|Win32
		{E3CA17AE-CBF4-44C4-9764-E01F1FB8B6B4}.Debug|x64.ActiveCfg = Debug|x64
		{E3CA17AE-CBF4-44C4-9764-E01F1FB8B6B4}.Debug|x64.Build.0 = Debug|x64
		{E3CA17AE-CBF4-44C4-9764-E01F1FB8B6B4}.Debug|x86.ActiveCfg = Debug|Win32
		{E3CA17AE-CBF4-44C4-9764-E01F1FB8B6B4}.Debug|x86.Build.0 = Debug|Win32
		{E3CA17AE-CBF4-44C4-9764-E01F1FB8B6B4}.Release|x64.ActiveCfg = Release|x64
		{E3CA17AE-CBF4-44C4-9764-E01F1FB8B6B4}.Release|x64.Build.0 = Release|x64
		{E3CA17AE-CBF4-44C4-9764-E01F1FB8B6B4}.Release|x86.ActiveCfg = Release|Win32
		{E3CA17AE-CBF4-44C4-9764-E01F1FB8B6B4}.Release|x86.Build.0 = Release|Win32
		{0699B418-322C-4B48-91AA-CBBE9ECF0741}.Debug|x64.ActiveCfg = Debug|x64
		{0699B418-322C-4B48-91AA-CBBE9ECF0741}.Debug|x64.Build.0 = Debug|x64
		{0699B418-322C-4B48-91AA-CBBE9ECF0741}.Debug|x86.ActiveCfg = Debug|Win32
		{0699B418-322C-4B48-91AA-CBBE9ECF0741}.Debug|x86.Build.0 = Debug|Win32
		{0699B418-322C-4B48-91AA-CBBE9ECF0741}.Release|x64.ActiveCfg = Release|x64
		{0699B418-322C-4B48-91AA-CBBE9ECF0741}.Release|x64.Build.0 = Release|x64
		{0699B418-322C-4B48-91AA-CBBE9ECF0741}.Release|x86.ActiveCfg = Release|Win32
		{0699B418-322C-4B48-91AA-CBBE9ECF0741}.Release|x86.Build.0 = Release|Win32
		{27A18D08-EA92-46F5-A18C-F64EBFED62C3}.Debug|x64.ActiveCfg = Debug|x64
		{27A18D08-EA92-46F5-A18C-F64EBFED62C3}.Debug|x64.Build.0 = Debug|x64
		{27A18D08-EA92-46F5-A18C-F64EBFED62C3}.Debug|x86.ActiveCfg = Debug|Win32
		{27A18D08-EA92-46F5-A18C-F64EBFED62C3}.Debug|x86.Build.0 = Debug|Win32
		{27A18D08-EA92-46F5-A18C-F64EBFED62C3}.Release|x64.ActiveCfg = Release|x64
		{27A18D08-EA92-46F5-A18C-F64EBFED62C3}.Release|x64.Build.0 = Release|x64
		{27A18D08-EA92-46F5-A18C-F64EBFED62C3}.Release|x86.ActiveCfg = Release|Win32
		{27A18D08-EA92-46F5-A18C-F64EBFED62C3}.Release|x86.Build.0 = Release|Win32
		{863A679F-AFB5-4A47-A7AB-62FEB81D38D7}.Debug|x64.ActiveCfg = Debug|x64
		{863A679F-AFB5-4A47-A7AB-62FEB81D38D7}.Debug|x64.Build.0 = Debug|x64
		{863A679F-AFB5-4A47-A7AB-62FEB81D38D7}.Debug|x86.ActiveCfg = Debug|Win32
		{863A679F-AFB5-4A47-A7AB-62FEB81D38D7}.Debug|x86.Build.0 = Debug|Win32
		{863A679F-AFB5-4A47-A7AB-62FEB81D38D7}.Release|x64.ActiveCfg = Release|x64
		{863A679F-AFB5-4A47-A7AB-62FEB81D38D7}.Release|x64.Build.0 = Release|x64
		{863A679F-AFB5-4A47-A7AB-62FEB81D38D7}.Release|x86.ActiveCfg = Release|Win32
		{863A679F-AFB5-4A47-A7AB-62FEB81D38D7}.Release|x86.Build.0 = Release|Win32
		{278D7B84-DB48-427A-BC91-9C8067122E28}.Debug|x64.ActiveCfg = Debug|x64
		{278D7B84-DB48-427A-BC91-9C8067122E28}.Debug|x64.Build.0 = Debug|x64
		{278D7B84-DB48-427A-BC91-9C8067122E28}.Debug|x86.ActiveCfg = Debug|Win32
		{278D7B84-DB48-427A-BC91-9C8067122E28}.Debug|x86.Build.0 = Debug|Win32
		{278D7B84-DB48-427A-BC91-9C8067122E28}.Release|x64.ActiveCfg = Release|x64
		{278D7B84-DB48-427A-BC91-9C8067122E28}.Release|x64.Build.0 = Release|x64
		{278D7B84-DB48-427A-BC91-9C8067122E28}.Release|x86.ActiveCfg = Release|Win32
		{278D7B84-DB48-427A-BC91-9C8067122E28}.Release|x86.Build.0 = Release|Win32
		{96FCA2F8-3444-4392-BC94-20C8ED61EA62}.Debug|x64.ActiveCfg = Debug|x64
		{96FCA2F8-3444-4392-BC94-20C8ED61EA62}.Debug|x64.Build.0 = Debug|x64
		{96FCA2F8-3444-4392-BC94-20C8ED61EA62}.Debug|x86.ActiveCfg = Debug|Win32
		{96FCA2F8-3444-4392-BC94-20C8ED61EA62}.Debug|x86.Build.0 = Debug|Win32
		{96FCA2F8-3444-4392-BC94-20C8ED61EA62}.Release|x64.ActiveCfg = Release|x64
		{96FCA2F8-3444-4392-BC94-20C8ED61EA62}.Release|x64.Build.0 = Release|x64
		{96FCA2F8-3444-4392-BC94-20C8ED61EA62}.Release|x86.ActiveCfg = Release|Win32
		{96FCA2F8-3444-4392-BC94-20C8ED61EA62}.Release|x86.Build.0 = Release|Win32
		{9A02E88E-1C36-4E14-B3B6-BB3BF85DD79C}.Debug|x64.ActiveCfg = Debug|x64
		{9A02E88E-1C36-4E14-B3B6-BB3BF85DD79C}.Debug|x64.Build.0 = Debug|x64
		{9A02E88E-1C36-4E14-B3B6-BB3BF85DD79C}.Debug|x86.ActiveCfg = Debug|Win32
		{9A02E88E-1C36-4E14-B3B6-BB3BF85DD79C}.Debug|x86.Build.0 = Debug|Win32
		{9A02E88E-1C36-4E14-B3B6-BB3BF85DD79C}.Release|x64.ActiveCfg = Release|x64
		{9A02E88E-1C36-4E14-B3B6-BB3BF85DD79C}.Release|x64.Build.0 = Release|x64
		{9A02E88E-1C36-4E14-B3B6-BB3BF85DD79C}.Release|x86.ActiveCfg = Release|Win32
		{9A02E88E-1C36-4E14-B3B6-BB3BF85DD79C}.Release|x86.Build.0 = Release|Win32
		{A7B85AA4-F3FE-419D-97D9-C3704E8469FF}.Debug|x64.ActiveCfg = Debug|x64
		{A7B85AA4-F3FE-419D-97D9-C3704E8469FF}.Debug|x64.Build.0 = Debug|x64
		{A7B85AA4-F3FE-419D-97D9-C3704E8469FF}.Debug|x86.ActiveCfg = Debug|Win32
		{A7B85AA4-F3FE-419D-97D9-C3704E8469FF}.Debug|x86.Build.0 = Debug|Win32
		{A7B85AA4-F3FE-419D-97D9-C3704E8469FF}.Release|x64.ActiveCfg = Release|x64
		{A7B85AA4-F3FE-419D-97D9-C3704E8469FF}.Release|x64.Build.0 = Release|x64
		{A7B85AA4-F3FE-419D-97D9-C3704E8469FF}.Release|x86.ActiveCfg = Release|Win32
		{A7B85AA4-F3FE-419D-97D9-C3704E8469FF}.Release|x86.Build.0 = Release|Win32
		{411B42D6-E1D0-4B33-BCA8-D1A7BEA6B4EE}.Debug|x64.ActiveCfg = Debug|x64
		{411B42D6-E1D0-4B33-BCA8-D1A7BEA6B4EE}.Debug|x64.Build.0 = Debug|x64
		{411B42D6-E1D0-4B33-BCA8-D1A7BEA6B4EE}.Debug|x86.ActiveCfg = Debug|Win32
		{411B42D6-E1D0-4B33-BCA8-D1A7BEA6B4EE}.Debug|x86.Build.0 = Debug|Win32
		{411B42D6-E1D0-4B33-BCA8-D1A7BEA6B4EE}.Release|x64.ActiveCfg = Release|x64
		{411B42D6-E1D0-4B33-BCA8-D1A7BEA6B4EE}.Release|x64.Build.0 = Release|x64
		{411B42D6-E1D0-4B33-BCA8-D1A7BEA6B4EE}.Release|x86.ActiveCfg = Release|Win32
		{411B42D6-E1D0-4B33-BCA8-D1A7BEA6B4EE}.Release|x86.Build.0 = Release|Win32
		{C0E3750B-0FBF-43B4-81D1-70BF85AEA157}.Debug|x64.ActiveCfg = Debug|x64
		{C0E3750B-0FBF-43B4-81D1-70BF85AEA157}.Debug|x64.Build.0 = Debug|x64
		{C0E3750B-0FBF-43B4-81D1-70BF85AEA157}.Debug|x86.ActiveCfg = Debug|Win32
		{C0E3750B-0FBF-43B4-81D1-70BF85AEA157}.Debug|x86.Build.0 = Debug|Win32
		{C0E3750B-0FBF-43B4-81D1-70BF85AEA157}.Release|x64.ActiveCfg = Release|x64
		{C0E3750B-0FBF-43B4-81D1-70BF85AEA157}.Release|x64.Build.0 = Release|x64
		{C0E3750B-0FBF-43B4-81D1-70BF85AEA157}.Release|x86.ActiveCfg = Release|Win32
		{C0E3750B-0FBF-43B4-81D1-70BF85AEA157}.Release|x86.Build.0 = Release|Win32
		{2624D731-6168-460A-807D-26E0F233D6E1}.Debug|x64.ActiveCfg = Debug|x64
		{2624D731-6168-460A-807D-26E0F233D6E1}.Debug|x64.Build.0 = Debug|x64
		{2624D731-6168-460A-807D-26E0F233D6E1}.Debug|x86.ActiveCfg = Debug|Win32
		{2624D731-6168-460A-807D-26E0F233D6E1}.Debug|x86.Build.0 = Debug|Win32
		{2624D731-6168-460A-807D-26E0F233D6E1}.Release|x64.ActiveCfg = Release|x64
		{2624D731-6168-460A-807D-26E0F233D6E1}.Release|x64.Build.0 = Release|x64
		{2624D731-6168-460A-807D-26E0F233D6E1}.Release|x86.ActiveCfg = Release|Win32
		{2624D731-6168-460A-807D-26E0F233D6E1}.Release|x86.Build.0 = Release|Win32
		{25A1A57D-6510-41D0-8BEE-2CAB5FC59876}.Debug|x64.ActiveCfg = Debug|x64
		{25A1A57D-6510-41D0-8BEE-2CAB5FC59876}.Debug|x64.Build.0 = Debug|x64
		{25A1A57D-6510-41D0-8BEE-2CAB5FC59876}.Debug|x86.ActiveCfg = Debug|Win32
		{25A1A57D-6510-41D0-8BEE-2CAB5FC59876}.Debug|x86.Build.0 = Debug|Win32
		{25A1A57D-6510-41D0-8BEE-2CAB5FC59876}.Release|x64.ActiveCfg = Release|x64
		{25A1A57D-6510-41D0-8BEE-2CAB5FC59876}.Release|x64.Build.0 = Release|x64
		{25A1A57D-6510-41D0-8BEE-2CAB5FC59876}.Release|x86.ActiveCfg = Release|Win32
		{25A1A57D-6510-41D0-8BEE-2CAB5FC59876}.Release|x86.Build.0 = Release|Win32
		{826909CB-3C31-467A-B709-0FE8D0A87CEA}.Debug|x64.ActiveCfg = Debug|x64
		{826909CB-3C31-467A-B709-0FE8D0A87CEA}.Debug|x64.Build.0 = Debug|x64
		{826909CB-3C31-467A-B709-0FE8D0A87CEA}.Debug|x86.ActiveCfg = Debug|Win32
		{826909CB-3C31-467A-B709-0FE8D0A87CEA}.Debug|x86.Build.0 = Debug|Win32
		{826909CB-3C31-467A-B709-0FE8D0A87CEA}.Release|x64.ActiveCfg = Release|x64
		{826909CB-3C31-467A-B709-0FE8D0A87CEA}.Release|x64.Build.0 = Release|x64
		{826909CB-3C31-467A-B709-0FE8D0A87CEA}.Release|x86.ActiveCfg = Release|Win32
		{826909CB-3C31-467A-B709-0FE8D0A87CEA}.Release|x86.Build.0 = Release|Win32
	EndGlobalSection
	GlobalSection(SolutionProperties) = preSolution
		HideSolutionNode = FALSE
	EndGlobalSection
	GlobalSection(ExtensibilityGlobals) = postSolution
		SolutionGuid = {339A6179-4F1C-4FBE-8016-22E2737A9AD0}
	EndGlobalSection
EndGlobal
